<?xml version="1.0" encoding="utf-8"?>
<Project ToolsVersion="4.0" xmlns="http://schemas.microsoft.com/developer/msbuild/2003">
  <ItemGroup>
    <ClInclude Include="actor\action_state\constants\actor_effect_state.h" />
    <ClInclude Include="actor\action_state\constants\actor_state.h" />
    <ClInclude Include="actor\action_state\system\actor_action_state.h" />
    <ClInclude Include="actor\attribute\comp\actor_attribute.h" />
    <ClInclude Include="actor\attribute\constants\actor_state_attribute_calculator_constants.h" />
    <ClInclude Include="actor\attribute\constants\actor_state_attribute_constants.h" />
    <ClInclude Include="actor\attribute\system\actor_attribute_calculator.h" />
    <ClInclude Include="actor\attribute\system\actor_state_attribute_sync.h" />
    <ClInclude Include="core\config\config.h" />
    <ClInclude Include="core\constants\fps.h" />
    <ClInclude Include="core\network\message_system.h" />
    <ClInclude Include="core\system\id_generator.h" />
    <ClInclude Include="core\system\redis.h" />
    <ClInclude Include="entity\system\entity.h" />
    <ClInclude Include="frame\manager\frame_time.h" />
    <ClInclude Include="kafka\system\kafka.h" />
    <ClInclude Include="mount\system\mount.h" />
    <ClInclude Include="npc\system\npc.h" />
    <ClInclude Include="player\constants\player.h" />
    <ClInclude Include="player\system\player_lifecycle.h" />
    <ClInclude Include="player\system\player_scene.h" />
    <ClInclude Include="player\system\player_skill.h" />
    <ClInclude Include="player\system\player_tip.h" />
    <ClInclude Include="scene\scene\comp\dt_crowd.h" />
    <ClInclude Include="scene\scene\comp\grid.h" />
    <ClInclude Include="scene\scene\comp\nav.h" />
    <ClInclude Include="scene\scene\comp\scene_node_scene.h" />
    <ClInclude Include="scene\scene\constants\dt_crowd.h" />
    <ClInclude Include="scene\scene\constants\nav.h" />
    <ClInclude Include="scene\scene\constants\view.h" />
    <ClInclude Include="scene\scene\mananger\scene_nav.h" />
    <ClInclude Include="scene\scene\system\aoi.h" />
    <ClInclude Include="scene\scene\system\game_node_scene.h" />
    <ClInclude Include="scene\scene\system\grid.h" />
    <ClInclude Include="scene\scene\system\interest.h" />
    <ClInclude Include="scene\scene\system\movement_acceleration.h" />
    <ClInclude Include="scene\scene\system\movement.h" />
    <ClInclude Include="scene\scene\system\navigation.h" />
    <ClInclude Include="scene\scene\system\recast.h" />
    <ClInclude Include="scene\scene\system\scene_crowd.h" />
    <ClInclude Include="scene\scene\system\view.h" />
    <ClInclude Include="team\system\game_team.h" />
    <ClInclude Include="type_alias\actor.h" />
    <ClInclude Include="type_alias\player_redis.h" />
    <ClInclude Include="world\world.h" />
    <ClInclude Include="scene\combat\buff\comp\buff.h" />
    <ClInclude Include="scene\combat\buff\constants\buff.h" />
    <ClInclude Include="scene\combat\buff\system\buff_impl.h" />
    <ClInclude Include="scene\combat\buff\system\buff.h" />
    <ClInclude Include="scene\combat\projectile\system\projectile.h" />
    <ClInclude Include="scene\combat\skill\comp\skill.h" />
    <ClInclude Include="scene\combat\skill\constants\skill.h" />
    <ClInclude Include="scene\combat\skill\system\skill.h" />
    <ClInclude Include="scene\combat_state\constants\combat_state.h" />
    <ClInclude Include="scene\combat_state\system\combat_state.h" />
    <ClInclude Include="scene\combat\buff\system\modifier_buff_impl.h" />
    <ClInclude Include="scene\combat\buff\system\motion_modifier_impl.h" />
    <ClInclude Include="player\system\player_data_loader.h" />
    <ClInclude Include="generated\attribute\actorbaseattributess2c_attribute_sync.h" />
    <ClInclude Include="generated\attribute\attributedelta2framess2c_attribute_sync.h" />
    <ClInclude Include="generated\attribute\attributedelta5framess2c_attribute_sync.h" />
    <ClInclude Include="generated\attribute\attributedelta10framess2c_attribute_sync.h" />
    <ClInclude Include="generated\attribute\attributedelta30framess2c_attribute_sync.h" />
    <ClInclude Include="generated\attribute\attributedelta60framess2c_attribute_sync.h" />
  </ItemGroup>
  <ItemGroup>
    <ClCompile Include="actor\action_state\system\actor_action_state.cpp" />
    <ClCompile Include="actor\attribute\comp\actor_attribute.cpp" />
    <ClCompile Include="actor\attribute\system\actor_attribute_calculator.cpp" />
    <ClCompile Include="actor\attribute\system\actor_state_attribute_sync.cpp" />
    <ClCompile Include="core\config\config.cpp" />
    <ClCompile Include="core\network\message_system.cpp" />
    <ClCompile Include="core\system\id_generator.cpp" />
    <ClCompile Include="core\system\redis.cpp" />
    <ClCompile Include="entity\system\entity.cpp" />
    <ClCompile Include="frame\manager\frame_time.cpp" />
    <ClCompile Include="kafka\system\kafka.cpp" />
    <ClCompile Include="mount\system\mount.cpp" />
    <ClCompile Include="npc\system\npc.cpp" />
    <ClCompile Include="player\system\player_lifecycle.cpp" />
    <ClCompile Include="player\system\player_scene.cpp" />
    <ClCompile Include="player\system\player_skill.cpp" />
    <ClCompile Include="player\system\player_tip.cpp" />
    <ClCompile Include="scene\scene\mananger\scene_nav.cpp" />
    <ClCompile Include="scene\scene\system\aoi.cpp" />
    <ClCompile Include="scene\scene\system\game_node_scene.cpp" />
    <ClCompile Include="scene\scene\system\grid.cpp" />
    <ClCompile Include="scene\scene\system\interest.cpp" />
    <ClCompile Include="scene\scene\system\movement_acceleration.cpp" />
    <ClCompile Include="scene\scene\system\movement.cpp" />
    <ClCompile Include="scene\scene\system\navigation.cpp" />
    <ClCompile Include="scene\scene\system\recast.cpp" />
    <ClCompile Include="scene\scene\system\scene_crowd.cpp" />
    <ClCompile Include="scene\scene\system\view.cpp" />
    <ClCompile Include="team\system\game_team.cpp" />
    <ClCompile Include="world\world.cpp" />
    <ClCompile Include="scene\combat\buff\system\buff_impl.cpp" />
    <ClCompile Include="scene\combat\buff\system\buff.cpp" />
    <ClCompile Include="scene\combat\skill\system\skill.cpp" />
    <ClCompile Include="scene\combat_state\system\combat_state.cpp" />
    <ClCompile Include="scene\combat\buff\system\modifier_buff_impl.cpp" />
    <ClCompile Include="scene\combat\buff\system\motion_modifier_impl.cpp" />
    <ClCompile Include="player\system\player_database_1_loader.cpp" />
    <ClCompile Include="player\system\player_database_loader.cpp" />
    <ClCompile Include="generated\attribute\actorbaseattributess2c_attribute_sync.cpp" />
    <ClCompile Include="generated\attribute\attributedelta2framess2c_attribute_sync.cpp" />
    <ClCompile Include="generated\attribute\attributedelta5framess2c_attribute_sync.cpp" />
    <ClCompile Include="generated\attribute\attributedelta10framess2c_attribute_sync.cpp" />
    <ClCompile Include="generated\attribute\attributedelta30framess2c_attribute_sync.cpp" />
    <ClCompile Include="generated\attribute\attributedelta60framess2c_attribute_sync.cpp" />
  </ItemGroup>
</Project>