
Microsoft Visual Studio Solution File, Format Version 12.00
# Visual Studio Version 17
VisualStudioVersion = 17.0.32014.148
MinimumVisualStudioVersion = 10.0.40219.1
Project("{8BC9CEB8-8B4A-11D0-8D11-00A0C91BC942}") = "third_party", "third_party\third_party.vcxproj", "{FC29015B-FD9B-4AC9-832D-F660D2D7169D}"
EndProject
Project("{2150E333-8FDC-42A3-9474-1A3956D46DE8}") = "third_party", "third_party", "{6C3103B8-E79F-4CFA-ABE2-7376213BF6A0}"
EndProject
Project("{2150E333-8FDC-42A3-9474-1A3956D46DE8}") = "test", "test", "{99B5DD1D-6789-47B9-A4A3-1555F1E39454}"
EndProject
Project("{8BC9CEB8-8B4A-11D0-8D11-00A0C91BC942}") = "bag_test", "test\bag_test\bag_test.vcxproj", "{25282015-32E5-471D-97A6-31ADDA31E797}"
EndProject
Project("{8BC9CEB8-8B4A-11D0-8D11-00A0C91BC942}") = "change_scene_test", "test\change_scene_test\change_scene.vcxproj", "{96C26F40-AE31-4E5B-8318-F6D183AD8185}"
	ProjectSection(ProjectDependencies) = postProject
		{BD4A463B-510A-44B5-88A0-BD81DD4E46B2} = {BD4A463B-510A-44B5-88A0-BD81DD4E46B2}
	EndProjectSection
EndProject
Project("{8BC9CEB8-8B4A-11D0-8D11-00A0C91BC942}") = "missions_test", "test\missions_test\missions.vcxproj", "{965317EA-E4F3-4258-9C8C-715DEAB96C58}"
	ProjectSection(ProjectDependencies) = postProject
		{FC29015B-FD9B-4AC9-832D-F660D2D7169D} = {FC29015B-FD9B-4AC9-832D-F660D2D7169D}
	EndProjectSection
EndProject
Project("{8BC9CEB8-8B4A-11D0-8D11-00A0C91BC942}") = "node_sequence_test", "test\node_sequence_test\server_sequence.vcxproj", "{8D72197C-E232-4C9E-A24A-0C31DA625D3F}"
	ProjectSection(ProjectDependencies) = postProject
		{BD4A463B-510A-44B5-88A0-BD81DD4E46B2} = {BD4A463B-510A-44B5-88A0-BD81DD4E46B2}
	EndProjectSection
EndProject
Project("{8BC9CEB8-8B4A-11D0-8D11-00A0C91BC942}") = "readfile2string_test", "test\readfile2string_test\readfile2string.vcxproj", "{7CBE473E-E7F7-46B4-8444-B6DB0AA147C6}"
	ProjectSection(ProjectDependencies) = postProject
		{BD4A463B-510A-44B5-88A0-BD81DD4E46B2} = {BD4A463B-510A-44B5-88A0-BD81DD4E46B2}
	EndProjectSection
EndProject
Project("{8BC9CEB8-8B4A-11D0-8D11-00A0C91BC942}") = "scene_test", "test\scene_test\game_server_load_balance.vcxproj", "{33AAE8BA-41BB-4F7E-834E-9E7DCEBFE350}"
EndProject
Project("{8BC9CEB8-8B4A-11D0-8D11-00A0C91BC942}") = "snow_flake_test", "test\snow_flake_test\snow_flake.vcxproj", "{220B73A2-D0BA-47FC-BC79-D7F283CA502D}"
	ProjectSection(ProjectDependencies) = postProject
		{BD4A463B-510A-44B5-88A0-BD81DD4E46B2} = {BD4A463B-510A-44B5-88A0-BD81DD4E46B2}
		{FC29015B-FD9B-4AC9-832D-F660D2D7169D} = {FC29015B-FD9B-4AC9-832D-F660D2D7169D}
	EndProjectSection
EndProject
Project("{8BC9CEB8-8B4A-11D0-8D11-00A0C91BC942}") = "consistent_hash_node_test", "test\consistent_hash_node_test\consistent_hash_node_test.vcxproj", "{EEC1C7C0-D92B-434D-A72D-6DE65DDF4B0E}"
	ProjectSection(ProjectDependencies) = postProject
		{FC29015B-FD9B-4AC9-832D-F660D2D7169D} = {FC29015B-FD9B-4AC9-832D-F660D2D7169D}
	EndProjectSection
EndProject
Project("{8BC9CEB8-8B4A-11D0-8D11-00A0C91BC942}") = "aoi_test", "test\aoi_test\aoi_test.vcxproj", "{31C984D0-9550-4B16-8CF3-C5030EB53E00}"
	ProjectSection(ProjectDependencies) = postProject
		{FC29015B-FD9B-4AC9-832D-F660D2D7169D} = {FC29015B-FD9B-4AC9-832D-F660D2D7169D}
	EndProjectSection
EndProject
Project("{8BC9CEB8-8B4A-11D0-8D11-00A0C91BC942}") = "time_meter_test", "test\time_meter_test\time_meter_test.vcxproj", "{3D625828-AA84-4840-B5D2-8CC7C8B179C7}"
EndProject
Project("{8BC9CEB8-8B4A-11D0-8D11-00A0C91BC942}") = "cool_down_time_test", "test\cool_down_time_test\cool_down_time_test.vcxproj", "{AEAF7FD5-AB63-49DF-883B-E3087DCE5763}"
	ProjectSection(ProjectDependencies) = postProject
		{FC29015B-FD9B-4AC9-832D-F660D2D7169D} = {FC29015B-FD9B-4AC9-832D-F660D2D7169D}
	EndProjectSection
EndProject
Project("{8BC9CEB8-8B4A-11D0-8D11-00A0C91BC942}") = "buff_test", "test\buff_test\buff_test.vcxproj", "{8BAC5861-85E7-4AE9-B178-B84EF907146C}"
	ProjectSection(ProjectDependencies) = postProject
		{17F4E9D4-2846-47ED-904F-48E055D8F19F} = {17F4E9D4-2846-47ED-904F-48E055D8F19F}
		{FC29015B-FD9B-4AC9-832D-F660D2D7169D} = {FC29015B-FD9B-4AC9-832D-F660D2D7169D}
	EndProjectSection
EndProject
Project("{8BC9CEB8-8B4A-11D0-8D11-00A0C91BC942}") = "configuration_table_test", "test\configuration_table_test\configuration_table_test.vcxproj", "{A0261F03-BBFD-4406-A62A-5F9CCCC67C0E}"
	ProjectSection(ProjectDependencies) = postProject
		{FC29015B-FD9B-4AC9-832D-F660D2D7169D} = {FC29015B-FD9B-4AC9-832D-F660D2D7169D}
	EndProjectSection
EndProject
Project("{8BC9CEB8-8B4A-11D0-8D11-00A0C91BC942}") = "skill_test", "test\skill_test\skill_test.vcxproj", "{17F4E9D4-2846-47ED-904F-48E055D8F19F}"
	ProjectSection(ProjectDependencies) = postProject
		{FC29015B-FD9B-4AC9-832D-F660D2D7169D} = {FC29015B-FD9B-4AC9-832D-F660D2D7169D}
	EndProjectSection
EndProject
Project("{8BC9CEB8-8B4A-11D0-8D11-00A0C91BC942}") = "time_util_test", "test\time_util_test\time_util_test.vcxproj", "{DD04C5C4-D701-472D-B82E-45DA1DA0337F}"
	ProjectSection(ProjectDependencies) = postProject
		{BD4A463B-510A-44B5-88A0-BD81DD4E46B2} = {BD4A463B-510A-44B5-88A0-BD81DD4E46B2}
	EndProjectSection
EndProject
Project("{8BC9CEB8-8B4A-11D0-8D11-00A0C91BC942}") = "timer_queue_uinttest", "test\timer_queue_uinttest_test\timer_queue_uinttest.vcxproj", "{92BDF89E-2160-4712-88F0-E39020A598EC}"
	ProjectSection(ProjectDependencies) = postProject
		{BD4A463B-510A-44B5-88A0-BD81DD4E46B2} = {BD4A463B-510A-44B5-88A0-BD81DD4E46B2}
	EndProjectSection
EndProject
Project("{8BC9CEB8-8B4A-11D0-8D11-00A0C91BC942}") = "timer_destroy_test", "test\timer_destroy_test\timer_destroy_test.vcxproj", "{C4F55277-1E23-4614-B88D-FDBF09CB86FD}"
	ProjectSection(ProjectDependencies) = postProject
		{BD4A463B-510A-44B5-88A0-BD81DD4E46B2} = {BD4A463B-510A-44B5-88A0-BD81DD4E46B2}
	EndProjectSection
EndProject
Project("{8BC9CEB8-8B4A-11D0-8D11-00A0C91BC942}") = "reward_test", "test\reward_test\reward.vcxproj", "{C24F0BAB-770D-4D64-97DB-F627E685E216}"
EndProject
Project("{8BC9CEB8-8B4A-11D0-8D11-00A0C91BC942}") = "message_limiter_test", "test\message_limiter\message_limiter.vcxproj", "{C0C06D7F-741F-4476-B56F-930B3799DD3D}"
EndProject
Project("{2150E333-8FDC-42A3-9474-1A3956D46DE8}") = "cpp", "cpp", "{C757BD0D-88DA-4A07-A389-AE7E3BC5360E}"
EndProject
Project("{8BC9CEB8-8B4A-11D0-8D11-00A0C91BC942}") = "proto_field_checker_test", "test\proto_field_checker_test\proto_field_checker_test.vcxproj", "{A00193B3-DDC6-4C43-9721-DC8554F8ADCF}"
	ProjectSection(ProjectDependencies) = postProject
		{FC29015B-FD9B-4AC9-832D-F660D2D7169D} = {FC29015B-FD9B-4AC9-832D-F660D2D7169D}
	EndProjectSection
EndProject
Project("{2150E333-8FDC-42A3-9474-1A3956D46DE8}") = "nodes", "nodes", "{02EA681E-C7D8-13C7-8484-4AC65E1B71E8}"
EndProject
Project("{2150E333-8FDC-42A3-9474-1A3956D46DE8}") = "libs", "libs", "{A0078B5C-7469-4E39-9099-0E42C62C6D2C}"
EndProject
Project("{2150E333-8FDC-42A3-9474-1A3956D46DE8}") = "base", "base", "{485DBD5C-8DDE-4D76-8B43-5C01A131FBEB}"
EndProject
Project("{2150E333-8FDC-42A3-9474-1A3956D46DE8}") = "game", "game", "{7AD08E7B-AB3C-46C3-A68E-05D1BCA30C86}"
EndProject
Project("{8BC9CEB8-8B4A-11D0-8D11-00A0C91BC942}") = "muduo", "cpp\libs\base\muduo_windows\muduo.vcxproj", "{BD4A463B-510A-44B5-88A0-BD81DD4E46B2}"
EndProject
Project("{8BC9CEB8-8B4A-11D0-8D11-00A0C91BC942}") = "common", "cpp\libs\base\common\common.vcxproj", "{7DFF59B9-6450-4359-962E-922BD5487C32}"
EndProject
Project("{8BC9CEB8-8B4A-11D0-8D11-00A0C91BC942}") = "config", "cpp\libs\base\config\config.vcxproj", "{963B97D8-5FE7-40C1-AC41-05441452F2D7}"
EndProject
Project("{8BC9CEB8-8B4A-11D0-8D11-00A0C91BC942}") = "infra", "cpp\libs\base\infra\infra.vcxproj", "{DCD4F63C-36D2-4639-83AC-DDB3FFC467C0}"
EndProject
Project("{8BC9CEB8-8B4A-11D0-8D11-00A0C91BC942}") = "logic", "cpp\libs\base\logic\logic.vcxproj", "{03F2DF47-F5B9-41E9-933B-903D317FEEB1}"
EndProject
Project("{8BC9CEB8-8B4A-11D0-8D11-00A0C91BC942}") = "modules", "cpp\libs\base\modules\modules.vcxproj", "{7581E55B-5BF0-4443-B28E-FFAC383F4C21}"
EndProject
Project("{2150E333-8FDC-42A3-9474-1A3956D46DE8}") = "generated", "generated", "{07890428-9607-49D9-B2E1-7ADAD185FE64}"
EndProject
Project("{2150E333-8FDC-42A3-9474-1A3956D46DE8}") = "proto", "proto", "{DBDDC4E5-C632-4F4C-A42F-B067715BBF5F}"
EndProject
Project("{2150E333-8FDC-42A3-9474-1A3956D46DE8}") = "config", "config", "{38085C54-EEAF-4C06-9460-7B56B100463D}"
EndProject
Project("{8BC9CEB8-8B4A-11D0-8D11-00A0C91BC942}") = "proto", "cpp\generated\proto\pbc.vcxproj", "{7D732139-58FD-4E6F-A12A-F6B3F8B13577}"
EndProject
Global
	GlobalSection(SolutionConfigurationPlatforms) = preSolution
		Debug|x64 = Debug|x64
		Debug|x86 = Debug|x86
		Release|x64 = Release|x64
		Release|x86 = Release|x86
	EndGlobalSection
	GlobalSection(ProjectConfigurationPlatforms) = postSolution
		{FC29015B-FD9B-4AC9-832D-F660D2D7169D}.Debug|x64.ActiveCfg = Debug|x64
		{FC29015B-FD9B-4AC9-832D-F660D2D7169D}.Debug|x64.Build.0 = Debug|x64
		{FC29015B-FD9B-4AC9-832D-F660D2D7169D}.Debug|x86.ActiveCfg = Debug|Win32
		{FC29015B-FD9B-4AC9-832D-F660D2D7169D}.Debug|x86.Build.0 = Debug|Win32
		{FC29015B-FD9B-4AC9-832D-F660D2D7169D}.Release|x64.ActiveCfg = Release|x64
		{FC29015B-FD9B-4AC9-832D-F660D2D7169D}.Release|x64.Build.0 = Release|x64
		{FC29015B-FD9B-4AC9-832D-F660D2D7169D}.Release|x86.ActiveCfg = Release|Win32
		{FC29015B-FD9B-4AC9-832D-F660D2D7169D}.Release|x86.Build.0 = Release|Win32
		{25282015-32E5-471D-97A6-31ADDA31E797}.Debug|x64.ActiveCfg = Debug|x64
		{25282015-32E5-471D-97A6-31ADDA31E797}.Debug|x64.Build.0 = Debug|x64
		{25282015-32E5-471D-97A6-31ADDA31E797}.Debug|x86.ActiveCfg = Debug|Win32
		{25282015-32E5-471D-97A6-31ADDA31E797}.Debug|x86.Build.0 = Debug|Win32
		{25282015-32E5-471D-97A6-31ADDA31E797}.Release|x64.ActiveCfg = Release|x64
		{25282015-32E5-471D-97A6-31ADDA31E797}.Release|x64.Build.0 = Release|x64
		{25282015-32E5-471D-97A6-31ADDA31E797}.Release|x86.ActiveCfg = Release|Win32
		{25282015-32E5-471D-97A6-31ADDA31E797}.Release|x86.Build.0 = Release|Win32
		{96C26F40-AE31-4E5B-8318-F6D183AD8185}.Debug|x64.ActiveCfg = Debug|x64
		{96C26F40-AE31-4E5B-8318-F6D183AD8185}.Debug|x64.Build.0 = Debug|x64
		{96C26F40-AE31-4E5B-8318-F6D183AD8185}.Debug|x86.ActiveCfg = Debug|Win32
		{96C26F40-AE31-4E5B-8318-F6D183AD8185}.Debug|x86.Build.0 = Debug|Win32
		{96C26F40-AE31-4E5B-8318-F6D183AD8185}.Release|x64.ActiveCfg = Release|x64
		{96C26F40-AE31-4E5B-8318-F6D183AD8185}.Release|x64.Build.0 = Release|x64
		{96C26F40-AE31-4E5B-8318-F6D183AD8185}.Release|x86.ActiveCfg = Release|Win32
		{96C26F40-AE31-4E5B-8318-F6D183AD8185}.Release|x86.Build.0 = Release|Win32
		{965317EA-E4F3-4258-9C8C-715DEAB96C58}.Debug|x64.ActiveCfg = Debug|x64
		{965317EA-E4F3-4258-9C8C-715DEAB96C58}.Debug|x64.Build.0 = Debug|x64
		{965317EA-E4F3-4258-9C8C-715DEAB96C58}.Debug|x86.ActiveCfg = Debug|Win32
		{965317EA-E4F3-4258-9C8C-715DEAB96C58}.Debug|x86.Build.0 = Debug|Win32
		{965317EA-E4F3-4258-9C8C-715DEAB96C58}.Release|x64.ActiveCfg = Release|x64
		{965317EA-E4F3-4258-9C8C-715DEAB96C58}.Release|x64.Build.0 = Release|x64
		{965317EA-E4F3-4258-9C8C-715DEAB96C58}.Release|x86.ActiveCfg = Release|Win32
		{965317EA-E4F3-4258-9C8C-715DEAB96C58}.Release|x86.Build.0 = Release|Win32
		{8D72197C-E232-4C9E-A24A-0C31DA625D3F}.Debug|x64.ActiveCfg = Debug|x64
		{8D72197C-E232-4C9E-A24A-0C31DA625D3F}.Debug|x64.Build.0 = Debug|x64
		{8D72197C-E232-4C9E-A24A-0C31DA625D3F}.Debug|x86.ActiveCfg = Debug|Win32
		{8D72197C-E232-4C9E-A24A-0C31DA625D3F}.Debug|x86.Build.0 = Debug|Win32
		{8D72197C-E232-4C9E-A24A-0C31DA625D3F}.Release|x64.ActiveCfg = Release|x64
		{8D72197C-E232-4C9E-A24A-0C31DA625D3F}.Release|x64.Build.0 = Release|x64
		{8D72197C-E232-4C9E-A24A-0C31DA625D3F}.Release|x86.ActiveCfg = Release|Win32
		{8D72197C-E232-4C9E-A24A-0C31DA625D3F}.Release|x86.Build.0 = Release|Win32
		{7CBE473E-E7F7-46B4-8444-B6DB0AA147C6}.Debug|x64.ActiveCfg = Debug|x64
		{7CBE473E-E7F7-46B4-8444-B6DB0AA147C6}.Debug|x64.Build.0 = Debug|x64
		{7CBE473E-E7F7-46B4-8444-B6DB0AA147C6}.Debug|x86.ActiveCfg = Debug|Win32
		{7CBE473E-E7F7-46B4-8444-B6DB0AA147C6}.Debug|x86.Build.0 = Debug|Win32
		{7CBE473E-E7F7-46B4-8444-B6DB0AA147C6}.Release|x64.ActiveCfg = Release|x64
		{7CBE473E-E7F7-46B4-8444-B6DB0AA147C6}.Release|x64.Build.0 = Release|x64
		{7CBE473E-E7F7-46B4-8444-B6DB0AA147C6}.Release|x86.ActiveCfg = Release|Win32
		{7CBE473E-E7F7-46B4-8444-B6DB0AA147C6}.Release|x86.Build.0 = Release|Win32
		{33AAE8BA-41BB-4F7E-834E-9E7DCEBFE350}.Debug|x64.ActiveCfg = Debug|x64
		{33AAE8BA-41BB-4F7E-834E-9E7DCEBFE350}.Debug|x64.Build.0 = Debug|x64
		{33AAE8BA-41BB-4F7E-834E-9E7DCEBFE350}.Debug|x86.ActiveCfg = Debug|Win32
		{33AAE8BA-41BB-4F7E-834E-9E7DCEBFE350}.Debug|x86.Build.0 = Debug|Win32
		{33AAE8BA-41BB-4F7E-834E-9E7DCEBFE350}.Release|x64.ActiveCfg = Release|x64
		{33AAE8BA-41BB-4F7E-834E-9E7DCEBFE350}.Release|x64.Build.0 = Release|x64
		{33AAE8BA-41BB-4F7E-834E-9E7DCEBFE350}.Release|x86.ActiveCfg = Release|Win32
		{33AAE8BA-41BB-4F7E-834E-9E7DCEBFE350}.Release|x86.Build.0 = Release|Win32
		{220B73A2-D0BA-47FC-BC79-D7F283CA502D}.Debug|x64.ActiveCfg = Debug|x64
		{220B73A2-D0BA-47FC-BC79-D7F283CA502D}.Debug|x64.Build.0 = Debug|x64
		{220B73A2-D0BA-47FC-BC79-D7F283CA502D}.Debug|x86.ActiveCfg = Debug|Win32
		{220B73A2-D0BA-47FC-BC79-D7F283CA502D}.Debug|x86.Build.0 = Debug|Win32
		{220B73A2-D0BA-47FC-BC79-D7F283CA502D}.Release|x64.ActiveCfg = Release|x64
		{220B73A2-D0BA-47FC-BC79-D7F283CA502D}.Release|x64.Build.0 = Release|x64
		{220B73A2-D0BA-47FC-BC79-D7F283CA502D}.Release|x86.ActiveCfg = Release|Win32
		{220B73A2-D0BA-47FC-BC79-D7F283CA502D}.Release|x86.Build.0 = Release|Win32
		{EEC1C7C0-D92B-434D-A72D-6DE65DDF4B0E}.Debug|x64.ActiveCfg = Debug|x64
		{EEC1C7C0-D92B-434D-A72D-6DE65DDF4B0E}.Debug|x64.Build.0 = Debug|x64
		{EEC1C7C0-D92B-434D-A72D-6DE65DDF4B0E}.Debug|x86.ActiveCfg = Debug|Win32
		{EEC1C7C0-D92B-434D-A72D-6DE65DDF4B0E}.Debug|x86.Build.0 = Debug|Win32
		{EEC1C7C0-D92B-434D-A72D-6DE65DDF4B0E}.Release|x64.ActiveCfg = Release|x64
		{EEC1C7C0-D92B-434D-A72D-6DE65DDF4B0E}.Release|x64.Build.0 = Release|x64
		{EEC1C7C0-D92B-434D-A72D-6DE65DDF4B0E}.Release|x86.ActiveCfg = Release|Win32
		{EEC1C7C0-D92B-434D-A72D-6DE65DDF4B0E}.Release|x86.Build.0 = Release|Win32
		{31C984D0-9550-4B16-8CF3-C5030EB53E00}.Debug|x64.ActiveCfg = Debug|x64
		{31C984D0-9550-4B16-8CF3-C5030EB53E00}.Debug|x64.Build.0 = Debug|x64
		{31C984D0-9550-4B16-8CF3-C5030EB53E00}.Debug|x86.ActiveCfg = Debug|Win32
		{31C984D0-9550-4B16-8CF3-C5030EB53E00}.Debug|x86.Build.0 = Debug|Win32
		{31C984D0-9550-4B16-8CF3-C5030EB53E00}.Release|x64.ActiveCfg = Release|x64
		{31C984D0-9550-4B16-8CF3-C5030EB53E00}.Release|x64.Build.0 = Release|x64
		{31C984D0-9550-4B16-8CF3-C5030EB53E00}.Release|x86.ActiveCfg = Release|Win32
		{31C984D0-9550-4B16-8CF3-C5030EB53E00}.Release|x86.Build.0 = Release|Win32
		{3D625828-AA84-4840-B5D2-8CC7C8B179C7}.Debug|x64.ActiveCfg = Debug|x64
		{3D625828-AA84-4840-B5D2-8CC7C8B179C7}.Debug|x64.Build.0 = Debug|x64
		{3D625828-AA84-4840-B5D2-8CC7C8B179C7}.Debug|x86.ActiveCfg = Debug|Win32
		{3D625828-AA84-4840-B5D2-8CC7C8B179C7}.Debug|x86.Build.0 = Debug|Win32
		{3D625828-AA84-4840-B5D2-8CC7C8B179C7}.Release|x64.ActiveCfg = Release|x64
		{3D625828-AA84-4840-B5D2-8CC7C8B179C7}.Release|x64.Build.0 = Release|x64
		{3D625828-AA84-4840-B5D2-8CC7C8B179C7}.Release|x86.ActiveCfg = Release|Win32
		{3D625828-AA84-4840-B5D2-8CC7C8B179C7}.Release|x86.Build.0 = Release|Win32
		{AEAF7FD5-AB63-49DF-883B-E3087DCE5763}.Debug|x64.ActiveCfg = Debug|x64
		{AEAF7FD5-AB63-49DF-883B-E3087DCE5763}.Debug|x64.Build.0 = Debug|x64
		{AEAF7FD5-AB63-49DF-883B-E3087DCE5763}.Debug|x86.ActiveCfg = Debug|Win32
		{AEAF7FD5-AB63-49DF-883B-E3087DCE5763}.Debug|x86.Build.0 = Debug|Win32
		{AEAF7FD5-AB63-49DF-883B-E3087DCE5763}.Release|x64.ActiveCfg = Release|x64
		{AEAF7FD5-AB63-49DF-883B-E3087DCE5763}.Release|x64.Build.0 = Release|x64
		{AEAF7FD5-AB63-49DF-883B-E3087DCE5763}.Release|x86.ActiveCfg = Release|Win32
		{AEAF7FD5-AB63-49DF-883B-E3087DCE5763}.Release|x86.Build.0 = Release|Win32
		{8BAC5861-85E7-4AE9-B178-B84EF907146C}.Debug|x64.ActiveCfg = Debug|x64
		{8BAC5861-85E7-4AE9-B178-B84EF907146C}.Debug|x64.Build.0 = Debug|x64
		{8BAC5861-85E7-4AE9-B178-B84EF907146C}.Debug|x86.ActiveCfg = Debug|Win32
		{8BAC5861-85E7-4AE9-B178-B84EF907146C}.Debug|x86.Build.0 = Debug|Win32
		{8BAC5861-85E7-4AE9-B178-B84EF907146C}.Release|x64.ActiveCfg = Release|x64
		{8BAC5861-85E7-4AE9-B178-B84EF907146C}.Release|x64.Build.0 = Release|x64
		{8BAC5861-85E7-4AE9-B178-B84EF907146C}.Release|x86.ActiveCfg = Release|Win32
		{8BAC5861-85E7-4AE9-B178-B84EF907146C}.Release|x86.Build.0 = Release|Win32
		{A0261F03-BBFD-4406-A62A-5F9CCCC67C0E}.Debug|x64.ActiveCfg = Debug|x64
		{A0261F03-BBFD-4406-A62A-5F9CCCC67C0E}.Debug|x64.Build.0 = Debug|x64
		{A0261F03-BBFD-4406-A62A-5F9CCCC67C0E}.Debug|x86.ActiveCfg = Debug|Win32
		{A0261F03-BBFD-4406-A62A-5F9CCCC67C0E}.Debug|x86.Build.0 = Debug|Win32
		{A0261F03-BBFD-4406-A62A-5F9CCCC67C0E}.Release|x64.ActiveCfg = Release|x64
		{A0261F03-BBFD-4406-A62A-5F9CCCC67C0E}.Release|x64.Build.0 = Release|x64
		{A0261F03-BBFD-4406-A62A-5F9CCCC67C0E}.Release|x86.ActiveCfg = Release|Win32
		{A0261F03-BBFD-4406-A62A-5F9CCCC67C0E}.Release|x86.Build.0 = Release|Win32
		{17F4E9D4-2846-47ED-904F-48E055D8F19F}.Debug|x64.ActiveCfg = Debug|x64
		{17F4E9D4-2846-47ED-904F-48E055D8F19F}.Debug|x64.Build.0 = Debug|x64
		{17F4E9D4-2846-47ED-904F-48E055D8F19F}.Debug|x86.ActiveCfg = Debug|Win32
		{17F4E9D4-2846-47ED-904F-48E055D8F19F}.Debug|x86.Build.0 = Debug|Win32
		{17F4E9D4-2846-47ED-904F-48E055D8F19F}.Release|x64.ActiveCfg = Release|x64
		{17F4E9D4-2846-47ED-904F-48E055D8F19F}.Release|x64.Build.0 = Release|x64
		{17F4E9D4-2846-47ED-904F-48E055D8F19F}.Release|x86.ActiveCfg = Release|Win32
		{17F4E9D4-2846-47ED-904F-48E055D8F19F}.Release|x86.Build.0 = Release|Win32
		{DD04C5C4-D701-472D-B82E-45DA1DA0337F}.Debug|x64.ActiveCfg = Debug|x64
		{DD04C5C4-D701-472D-B82E-45DA1DA0337F}.Debug|x64.Build.0 = Debug|x64
		{DD04C5C4-D701-472D-B82E-45DA1DA0337F}.Debug|x86.ActiveCfg = Debug|Win32
		{DD04C5C4-D701-472D-B82E-45DA1DA0337F}.Debug|x86.Build.0 = Debug|Win32
		{DD04C5C4-D701-472D-B82E-45DA1DA0337F}.Release|x64.ActiveCfg = Release|x64
		{DD04C5C4-D701-472D-B82E-45DA1DA0337F}.Release|x64.Build.0 = Release|x64
		{DD04C5C4-D701-472D-B82E-45DA1DA0337F}.Release|x86.ActiveCfg = Release|Win32
		{DD04C5C4-D701-472D-B82E-45DA1DA0337F}.Release|x86.Build.0 = Release|Win32
		{92BDF89E-2160-4712-88F0-E39020A598EC}.Debug|x64.ActiveCfg = Debug|x64
		{92BDF89E-2160-4712-88F0-E39020A598EC}.Debug|x64.Build.0 = Debug|x64
		{92BDF89E-2160-4712-88F0-E39020A598EC}.Debug|x86.ActiveCfg = Debug|Win32
		{92BDF89E-2160-4712-88F0-E39020A598EC}.Debug|x86.Build.0 = Debug|Win32
		{92BDF89E-2160-4712-88F0-E39020A598EC}.Release|x64.ActiveCfg = Release|Win32
		{92BDF89E-2160-4712-88F0-E39020A598EC}.Release|x64.Build.0 = Release|Win32
		{92BDF89E-2160-4712-88F0-E39020A598EC}.Release|x86.ActiveCfg = Release|Win32
		{92BDF89E-2160-4712-88F0-E39020A598EC}.Release|x86.Build.0 = Release|Win32
		{C4F55277-1E23-4614-B88D-FDBF09CB86FD}.Debug|x64.ActiveCfg = Debug|x64
		{C4F55277-1E23-4614-B88D-FDBF09CB86FD}.Debug|x64.Build.0 = Debug|x64
		{C4F55277-1E23-4614-B88D-FDBF09CB86FD}.Debug|x86.ActiveCfg = Debug|Win32
		{C4F55277-1E23-4614-B88D-FDBF09CB86FD}.Debug|x86.Build.0 = Debug|Win32
		{C4F55277-1E23-4614-B88D-FDBF09CB86FD}.Release|x64.ActiveCfg = Release|x64
		{C4F55277-1E23-4614-B88D-FDBF09CB86FD}.Release|x64.Build.0 = Release|x64
		{C4F55277-1E23-4614-B88D-FDBF09CB86FD}.Release|x86.ActiveCfg = Release|Win32
		{C4F55277-1E23-4614-B88D-FDBF09CB86FD}.Release|x86.Build.0 = Release|Win32
		{C24F0BAB-770D-4D64-97DB-F627E685E216}.Debug|x64.ActiveCfg = Debug|x64
		{C24F0BAB-770D-4D64-97DB-F627E685E216}.Debug|x64.Build.0 = Debug|x64
		{C24F0BAB-770D-4D64-97DB-F627E685E216}.Debug|x86.ActiveCfg = Debug|Win32
		{C24F0BAB-770D-4D64-97DB-F627E685E216}.Debug|x86.Build.0 = Debug|Win32
		{C24F0BAB-770D-4D64-97DB-F627E685E216}.Release|x64.ActiveCfg = Release|x64
		{C24F0BAB-770D-4D64-97DB-F627E685E216}.Release|x64.Build.0 = Release|x64
		{C24F0BAB-770D-4D64-97DB-F627E685E216}.Release|x86.ActiveCfg = Release|Win32
		{C24F0BAB-770D-4D64-97DB-F627E685E216}.Release|x86.Build.0 = Release|Win32
		{C0C06D7F-741F-4476-B56F-930B3799DD3D}.Debug|x64.ActiveCfg = Debug|x64
		{C0C06D7F-741F-4476-B56F-930B3799DD3D}.Debug|x64.Build.0 = Debug|x64
		{C0C06D7F-741F-4476-B56F-930B3799DD3D}.Debug|x86.ActiveCfg = Debug|Win32
		{C0C06D7F-741F-4476-B56F-930B3799DD3D}.Debug|x86.Build.0 = Debug|Win32
		{C0C06D7F-741F-4476-B56F-930B3799DD3D}.Release|x64.ActiveCfg = Release|x64
		{C0C06D7F-741F-4476-B56F-930B3799DD3D}.Release|x64.Build.0 = Release|x64
		{C0C06D7F-741F-4476-B56F-930B3799DD3D}.Release|x86.ActiveCfg = Release|Win32
		{C0C06D7F-741F-4476-B56F-930B3799DD3D}.Release|x86.Build.0 = Release|Win32
		{A00193B3-DDC6-4C43-9721-DC8554F8ADCF}.Debug|x64.ActiveCfg = Debug|x64
		{A00193B3-DDC6-4C43-9721-DC8554F8ADCF}.Debug|x64.Build.0 = Debug|x64
		{A00193B3-DDC6-4C43-9721-DC8554F8ADCF}.Debug|x86.ActiveCfg = Debug|Win32
		{A00193B3-DDC6-4C43-9721-DC8554F8ADCF}.Debug|x86.Build.0 = Debug|Win32
		{A00193B3-DDC6-4C43-9721-DC8554F8ADCF}.Release|x64.ActiveCfg = Release|x64
		{A00193B3-DDC6-4C43-9721-DC8554F8ADCF}.Release|x64.Build.0 = Release|x64
		{A00193B3-DDC6-4C43-9721-DC8554F8ADCF}.Release|x86.ActiveCfg = Release|Win32
		{A00193B3-DDC6-4C43-9721-DC8554F8ADCF}.Release|x86.Build.0 = Release|Win32
		{BD4A463B-510A-44B5-88A0-BD81DD4E46B2}.Debug|x64.ActiveCfg = Debug|x64
		{BD4A463B-510A-44B5-88A0-BD81DD4E46B2}.Debug|x64.Build.0 = Debug|x64
		{BD4A463B-510A-44B5-88A0-BD81DD4E46B2}.Debug|x86.ActiveCfg = Debug|Win32
		{BD4A463B-510A-44B5-88A0-BD81DD4E46B2}.Debug|x86.Build.0 = Debug|Win32
		{BD4A463B-510A-44B5-88A0-BD81DD4E46B2}.Release|x64.ActiveCfg = Release|x64
		{BD4A463B-510A-44B5-88A0-BD81DD4E46B2}.Release|x64.Build.0 = Release|x64
		{BD4A463B-510A-44B5-88A0-BD81DD4E46B2}.Release|x86.ActiveCfg = Release|Win32
		{BD4A463B-510A-44B5-88A0-BD81DD4E46B2}.Release|x86.Build.0 = Release|Win32
		{7DFF59B9-6450-4359-962E-922BD5487C32}.Debug|x64.ActiveCfg = Debug|x64
		{7DFF59B9-6450-4359-962E-922BD5487C32}.Debug|x64.Build.0 = Debug|x64
		{7DFF59B9-6450-4359-962E-922BD5487C32}.Debug|x86.ActiveCfg = Debug|Win32
		{7DFF59B9-6450-4359-962E-922BD5487C32}.Debug|x86.Build.0 = Debug|Win32
		{7DFF59B9-6450-4359-962E-922BD5487C32}.Release|x64.ActiveCfg = Release|x64
		{7DFF59B9-6450-4359-962E-922BD5487C32}.Release|x64.Build.0 = Release|x64
		{7DFF59B9-6450-4359-962E-922BD5487C32}.Release|x86.ActiveCfg = Release|Win32
		{7DFF59B9-6450-4359-962E-922BD5487C32}.Release|x86.Build.0 = Release|Win32
		{963B97D8-5FE7-40C1-AC41-05441452F2D7}.Debug|x64.ActiveCfg = Debug|x64
		{963B97D8-5FE7-40C1-AC41-05441452F2D7}.Debug|x64.Build.0 = Debug|x64
		{963B97D8-5FE7-40C1-AC41-05441452F2D7}.Debug|x86.ActiveCfg = Debug|Win32
		{963B97D8-5FE7-40C1-AC41-05441452F2D7}.Debug|x86.Build.0 = Debug|Win32
		{963B97D8-5FE7-40C1-AC41-05441452F2D7}.Release|x64.ActiveCfg = Release|x64
		{963B97D8-5FE7-40C1-AC41-05441452F2D7}.Release|x64.Build.0 = Release|x64
		{963B97D8-5FE7-40C1-AC41-05441452F2D7}.Release|x86.ActiveCfg = Release|Win32
		{963B97D8-5FE7-40C1-AC41-05441452F2D7}.Release|x86.Build.0 = Release|Win32
		{DCD4F63C-36D2-4639-83AC-DDB3FFC467C0}.Debug|x64.ActiveCfg = Debug|x64
		{DCD4F63C-36D2-4639-83AC-DDB3FFC467C0}.Debug|x64.Build.0 = Debug|x64
		{DCD4F63C-36D2-4639-83AC-DDB3FFC467C0}.Debug|x86.ActiveCfg = Debug|Win32
		{DCD4F63C-36D2-4639-83AC-DDB3FFC467C0}.Debug|x86.Build.0 = Debug|Win32
		{DCD4F63C-36D2-4639-83AC-DDB3FFC467C0}.Release|x64.ActiveCfg = Release|x64
		{DCD4F63C-36D2-4639-83AC-DDB3FFC467C0}.Release|x64.Build.0 = Release|x64
		{DCD4F63C-36D2-4639-83AC-DDB3FFC467C0}.Release|x86.ActiveCfg = Release|Win32
		{DCD4F63C-36D2-4639-83AC-DDB3FFC467C0}.Release|x86.Build.0 = Release|Win32
		{03F2DF47-F5B9-41E9-933B-903D317FEEB1}.Debug|x64.ActiveCfg = Debug|x64
		{03F2DF47-F5B9-41E9-933B-903D317FEEB1}.Debug|x64.Build.0 = Debug|x64
		{03F2DF47-F5B9-41E9-933B-903D317FEEB1}.Debug|x86.ActiveCfg = Debug|Win32
		{03F2DF47-F5B9-41E9-933B-903D317FEEB1}.Debug|x86.Build.0 = Debug|Win32
		{03F2DF47-F5B9-41E9-933B-903D317FEEB1}.Release|x64.ActiveCfg = Release|x64
		{03F2DF47-F5B9-41E9-933B-903D317FEEB1}.Release|x64.Build.0 = Release|x64
		{03F2DF47-F5B9-41E9-933B-903D317FEEB1}.Release|x86.ActiveCfg = Release|Win32
		{03F2DF47-F5B9-41E9-933B-903D317FEEB1}.Release|x86.Build.0 = Release|Win32
		{7581E55B-5BF0-4443-B28E-FFAC383F4C21}.Debug|x64.ActiveCfg = Debug|x64
		{7581E55B-5BF0-4443-B28E-FFAC383F4C21}.Debug|x64.Build.0 = Debug|x64
		{7581E55B-5BF0-4443-B28E-FFAC383F4C21}.Debug|x86.ActiveCfg = Debug|Win32
		{7581E55B-5BF0-4443-B28E-FFAC383F4C21}.Debug|x86.Build.0 = Debug|Win32
		{7581E55B-5BF0-4443-B28E-FFAC383F4C21}.Release|x64.ActiveCfg = Release|x64
		{7581E55B-5BF0-4443-B28E-FFAC383F4C21}.Release|x64.Build.0 = Release|x64
		{7581E55B-5BF0-4443-B28E-FFAC383F4C21}.Release|x86.ActiveCfg = Release|Win32
		{7581E55B-5BF0-4443-B28E-FFAC383F4C21}.Release|x86.Build.0 = Release|Win32
		{7D732139-58FD-4E6F-A12A-F6B3F8B13577}.Debug|x64.ActiveCfg = Debug|x64
		{7D732139-58FD-4E6F-A12A-F6B3F8B13577}.Debug|x64.Build.0 = Debug|x64
		{7D732139-58FD-4E6F-A12A-F6B3F8B13577}.Debug|x86.ActiveCfg = Debug|Win32
		{7D732139-58FD-4E6F-A12A-F6B3F8B13577}.Debug|x86.Build.0 = Debug|Win32
		{7D732139-58FD-4E6F-A12A-F6B3F8B13577}.Release|x64.ActiveCfg = Release|x64
		{7D732139-58FD-4E6F-A12A-F6B3F8B13577}.Release|x64.Build.0 = Release|x64
		{7D732139-58FD-4E6F-A12A-F6B3F8B13577}.Release|x86.ActiveCfg = Release|Win32
		{7D732139-58FD-4E6F-A12A-F6B3F8B13577}.Release|x86.Build.0 = Release|Win32
	EndGlobalSection
	GlobalSection(SolutionProperties) = preSolution
		HideSolutionNode = FALSE
	EndGlobalSection
	GlobalSection(NestedProjects) = preSolution
		{FC29015B-FD9B-4AC9-832D-F660D2D7169D} = {6C3103B8-E79F-4CFA-ABE2-7376213BF6A0}
		{25282015-32E5-471D-97A6-31ADDA31E797} = {99B5DD1D-6789-47B9-A4A3-1555F1E39454}
		{96C26F40-AE31-4E5B-8318-F6D183AD8185} = {99B5DD1D-6789-47B9-A4A3-1555F1E39454}
		{965317EA-E4F3-4258-9C8C-715DEAB96C58} = {99B5DD1D-6789-47B9-A4A3-1555F1E39454}
		{8D72197C-E232-4C9E-A24A-0C31DA625D3F} = {99B5DD1D-6789-47B9-A4A3-1555F1E39454}
		{7CBE473E-E7F7-46B4-8444-B6DB0AA147C6} = {99B5DD1D-6789-47B9-A4A3-1555F1E39454}
		{33AAE8BA-41BB-4F7E-834E-9E7DCEBFE350} = {99B5DD1D-6789-47B9-A4A3-1555F1E39454}
		{220B73A2-D0BA-47FC-BC79-D7F283CA502D} = {99B5DD1D-6789-47B9-A4A3-1555F1E39454}
		{EEC1C7C0-D92B-434D-A72D-6DE65DDF4B0E} = {99B5DD1D-6789-47B9-A4A3-1555F1E39454}
		{31C984D0-9550-4B16-8CF3-C5030EB53E00} = {99B5DD1D-6789-47B9-A4A3-1555F1E39454}
		{3D625828-AA84-4840-B5D2-8CC7C8B179C7} = {99B5DD1D-6789-47B9-A4A3-1555F1E39454}
		{AEAF7FD5-AB63-49DF-883B-E3087DCE5763} = {99B5DD1D-6789-47B9-A4A3-1555F1E39454}
		{8BAC5861-85E7-4AE9-B178-B84EF907146C} = {99B5DD1D-6789-47B9-A4A3-1555F1E39454}
		{A0261F03-BBFD-4406-A62A-5F9CCCC67C0E} = {99B5DD1D-6789-47B9-A4A3-1555F1E39454}
		{17F4E9D4-2846-47ED-904F-48E055D8F19F} = {99B5DD1D-6789-47B9-A4A3-1555F1E39454}
		{DD04C5C4-D701-472D-B82E-45DA1DA0337F} = {99B5DD1D-6789-47B9-A4A3-1555F1E39454}
		{92BDF89E-2160-4712-88F0-E39020A598EC} = {99B5DD1D-6789-47B9-A4A3-1555F1E39454}
		{C4F55277-1E23-4614-B88D-FDBF09CB86FD} = {99B5DD1D-6789-47B9-A4A3-1555F1E39454}
		{C24F0BAB-770D-4D64-97DB-F627E685E216} = {99B5DD1D-6789-47B9-A4A3-1555F1E39454}
		{C0C06D7F-741F-4476-B56F-930B3799DD3D} = {99B5DD1D-6789-47B9-A4A3-1555F1E39454}
		{A00193B3-DDC6-4C43-9721-DC8554F8ADCF} = {99B5DD1D-6789-47B9-A4A3-1555F1E39454}
		{02EA681E-C7D8-13C7-8484-4AC65E1B71E8} = {C757BD0D-88DA-4A07-A389-AE7E3BC5360E}
		{A0078B5C-7469-4E39-9099-0E42C62C6D2C} = {C757BD0D-88DA-4A07-A389-AE7E3BC5360E}
		{485DBD5C-8DDE-4D76-8B43-5C01A131FBEB} = {A0078B5C-7469-4E39-9099-0E42C62C6D2C}
		{7AD08E7B-AB3C-46C3-A68E-05D1BCA30C86} = {A0078B5C-7469-4E39-9099-0E42C62C6D2C}
		{BD4A463B-510A-44B5-88A0-BD81DD4E46B2} = {6C3103B8-E79F-4CFA-ABE2-7376213BF6A0}
		{7DFF59B9-6450-4359-962E-922BD5487C32} = {485DBD5C-8DDE-4D76-8B43-5C01A131FBEB}
		{963B97D8-5FE7-40C1-AC41-05441452F2D7} = {485DBD5C-8DDE-4D76-8B43-5C01A131FBEB}
		{DCD4F63C-36D2-4639-83AC-DDB3FFC467C0} = {485DBD5C-8DDE-4D76-8B43-5C01A131FBEB}
		{03F2DF47-F5B9-41E9-933B-903D317FEEB1} = {485DBD5C-8DDE-4D76-8B43-5C01A131FBEB}
		{7581E55B-5BF0-4443-B28E-FFAC383F4C21} = {485DBD5C-8DDE-4D76-8B43-5C01A131FBEB}
		{07890428-9607-49D9-B2E1-7ADAD185FE64} = {C757BD0D-88DA-4A07-A389-AE7E3BC5360E}
		{DBDDC4E5-C632-4F4C-A42F-B067715BBF5F} = {07890428-9607-49D9-B2E1-7ADAD185FE64}
		{38085C54-EEAF-4C06-9460-7B56B100463D} = {07890428-9607-49D9-B2E1-7ADAD185FE64}
		{7D732139-58FD-4E6F-A12A-F6B3F8B13577} = {DBDDC4E5-C632-4F4C-A42F-B067715BBF5F}
	EndGlobalSection
	GlobalSection(ExtensibilityGlobals) = postSolution
		SolutionGuid = {39DD7ACD-8F24-4314-9D3C-74F6B00572A2}
	EndGlobalSection
EndGlobal
