
Microsoft Visual Studio Solution File, Format Version 12.00
# Visual Studio Version 17
VisualStudioVersion = 17.0.32014.148
MinimumVisualStudioVersion = 10.0.40219.1
Project("{8BC9CEB8-8B4A-11D0-8D11-00A0C91BC942}") = "client", "client\client.vcxproj", "{384573A7-A7DB-4D04-B6E1-D22DB54BFF10}"
	ProjectSection(ProjectDependencies) = postProject
		{7DFF59B9-6450-4359-962E-922BD5487C32} = {7DFF59B9-6450-4359-962E-922BD5487C32}
		{FC29015B-FD9B-4AC9-832D-F660D2D7169D} = {FC29015B-FD9B-4AC9-832D-F660D2D7169D}
	EndProjectSection
EndProject
Project("{8BC9CEB8-8B4A-11D0-8D11-00A0C91BC942}") = "game_server", "game_server\game_server.vcxproj", "{6348AEF3-B5C7-43C9-AEAD-D707F104140F}"
	ProjectSection(ProjectDependencies) = postProject
		{7DFF59B9-6450-4359-962E-922BD5487C32} = {7DFF59B9-6450-4359-962E-922BD5487C32}
		{FC29015B-FD9B-4AC9-832D-F660D2D7169D} = {FC29015B-FD9B-4AC9-832D-F660D2D7169D}
	EndProjectSection
EndProject
Project("{8BC9CEB8-8B4A-11D0-8D11-00A0C91BC942}") = "third_party", "third_party\third_party.vcxproj", "{FC29015B-FD9B-4AC9-832D-F660D2D7169D}"
EndProject
Project("{8BC9CEB8-8B4A-11D0-8D11-00A0C91BC942}") = "common", "common\common.vcxproj", "{7DFF59B9-6450-4359-962E-922BD5487C32}"
	ProjectSection(ProjectDependencies) = postProject
		{FC29015B-FD9B-4AC9-832D-F660D2D7169D} = {FC29015B-FD9B-4AC9-832D-F660D2D7169D}
	EndProjectSection
EndProject
Project("{8BC9CEB8-8B4A-11D0-8D11-00A0C91BC942}") = "database_server", "database_server\database_server.vcxproj", "{C1B8500B-BC60-4D1B-B7A4-74BC07B083B9}"
	ProjectSection(ProjectDependencies) = postProject
		{7DFF59B9-6450-4359-962E-922BD5487C32} = {7DFF59B9-6450-4359-962E-922BD5487C32}
		{FC29015B-FD9B-4AC9-832D-F660D2D7169D} = {FC29015B-FD9B-4AC9-832D-F660D2D7169D}
	EndProjectSection
EndProject
Project("{8BC9CEB8-8B4A-11D0-8D11-00A0C91BC942}") = "login_server", "login_server\login_server.vcxproj", "{483B2848-150C-4443-8A83-D47962C95E25}"
	ProjectSection(ProjectDependencies) = postProject
		{7DFF59B9-6450-4359-962E-922BD5487C32} = {7DFF59B9-6450-4359-962E-922BD5487C32}
		{FC29015B-FD9B-4AC9-832D-F660D2D7169D} = {FC29015B-FD9B-4AC9-832D-F660D2D7169D}
	EndProjectSection
EndProject
Project("{8BC9CEB8-8B4A-11D0-8D11-00A0C91BC942}") = "deploy_server", "deploy_server\deploy_server.vcxproj", "{1BA5E9A8-1C36-4FF3-826C-68CA94C033CE}"
	ProjectSection(ProjectDependencies) = postProject
		{7DFF59B9-6450-4359-962E-922BD5487C32} = {7DFF59B9-6450-4359-962E-922BD5487C32}
		{FC29015B-FD9B-4AC9-832D-F660D2D7169D} = {FC29015B-FD9B-4AC9-832D-F660D2D7169D}
	EndProjectSection
EndProject
Project("{8BC9CEB8-8B4A-11D0-8D11-00A0C91BC942}") = "controller_server", "controller_server\controller_server.vcxproj", "{13118878-9993-4729-84B4-86C0197DAD06}"
	ProjectSection(ProjectDependencies) = postProject
		{7DFF59B9-6450-4359-962E-922BD5487C32} = {7DFF59B9-6450-4359-962E-922BD5487C32}
		{FC29015B-FD9B-4AC9-832D-F660D2D7169D} = {FC29015B-FD9B-4AC9-832D-F660D2D7169D}
	EndProjectSection
EndProject
Project("{8BC9CEB8-8B4A-11D0-8D11-00A0C91BC942}") = "lobby_server", "lobby_server\lobby_server.vcxproj", "{FDDC52CB-40A8-4CC2-9E6C-DC848001C298}"
	ProjectSection(ProjectDependencies) = postProject
		{7DFF59B9-6450-4359-962E-922BD5487C32} = {7DFF59B9-6450-4359-962E-922BD5487C32}
		{FC29015B-FD9B-4AC9-832D-F660D2D7169D} = {FC29015B-FD9B-4AC9-832D-F660D2D7169D}
	EndProjectSection
EndProject
Project("{8BC9CEB8-8B4A-11D0-8D11-00A0C91BC942}") = "gate_server", "gate_server\gate_server.vcxproj", "{30D7288B-8317-4FB0-80B5-2FCCAD2AE1FA}"
EndProject
Global
	GlobalSection(SolutionConfigurationPlatforms) = preSolution
		Debug|x64 = Debug|x64
		Debug|x86 = Debug|x86
		Release|x64 = Release|x64
		Release|x86 = Release|x86
	EndGlobalSection
	GlobalSection(ProjectConfigurationPlatforms) = postSolution
		{384573A7-A7DB-4D04-B6E1-D22DB54BFF10}.Debug|x64.ActiveCfg = Debug|x64
		{384573A7-A7DB-4D04-B6E1-D22DB54BFF10}.Debug|x64.Build.0 = Debug|x64
		{384573A7-A7DB-4D04-B6E1-D22DB54BFF10}.Debug|x86.ActiveCfg = Debug|Win32
		{384573A7-A7DB-4D04-B6E1-D22DB54BFF10}.Debug|x86.Build.0 = Debug|Win32
		{384573A7-A7DB-4D04-B6E1-D22DB54BFF10}.Release|x64.ActiveCfg = Release|x64
		{384573A7-A7DB-4D04-B6E1-D22DB54BFF10}.Release|x64.Build.0 = Release|x64
		{384573A7-A7DB-4D04-B6E1-D22DB54BFF10}.Release|x86.ActiveCfg = Release|Win32
		{384573A7-A7DB-4D04-B6E1-D22DB54BFF10}.Release|x86.Build.0 = Release|Win32
		{6348AEF3-B5C7-43C9-AEAD-D707F104140F}.Debug|x64.ActiveCfg = Debug|x64
		{6348AEF3-B5C7-43C9-AEAD-D707F104140F}.Debug|x64.Build.0 = Debug|x64
		{6348AEF3-B5C7-43C9-AEAD-D707F104140F}.Debug|x86.ActiveCfg = Debug|Win32
		{6348AEF3-B5C7-43C9-AEAD-D707F104140F}.Debug|x86.Build.0 = Debug|Win32
		{6348AEF3-B5C7-43C9-AEAD-D707F104140F}.Release|x64.ActiveCfg = Release|x64
		{6348AEF3-B5C7-43C9-AEAD-D707F104140F}.Release|x64.Build.0 = Release|x64
		{6348AEF3-B5C7-43C9-AEAD-D707F104140F}.Release|x86.ActiveCfg = Release|Win32
		{6348AEF3-B5C7-43C9-AEAD-D707F104140F}.Release|x86.Build.0 = Release|Win32
		{FC29015B-FD9B-4AC9-832D-F660D2D7169D}.Debug|x64.ActiveCfg = Debug|x64
		{FC29015B-FD9B-4AC9-832D-F660D2D7169D}.Debug|x64.Build.0 = Debug|x64
		{FC29015B-FD9B-4AC9-832D-F660D2D7169D}.Debug|x86.ActiveCfg = Debug|Win32
		{FC29015B-FD9B-4AC9-832D-F660D2D7169D}.Debug|x86.Build.0 = Debug|Win32
		{FC29015B-FD9B-4AC9-832D-F660D2D7169D}.Release|x64.ActiveCfg = Release|x64
		{FC29015B-FD9B-4AC9-832D-F660D2D7169D}.Release|x64.Build.0 = Release|x64
		{FC29015B-FD9B-4AC9-832D-F660D2D7169D}.Release|x86.ActiveCfg = Release|Win32
		{FC29015B-FD9B-4AC9-832D-F660D2D7169D}.Release|x86.Build.0 = Release|Win32
		{7DFF59B9-6450-4359-962E-922BD5487C32}.Debug|x64.ActiveCfg = Debug|x64
		{7DFF59B9-6450-4359-962E-922BD5487C32}.Debug|x64.Build.0 = Debug|x64
		{7DFF59B9-6450-4359-962E-922BD5487C32}.Debug|x86.ActiveCfg = Debug|Win32
		{7DFF59B9-6450-4359-962E-922BD5487C32}.Debug|x86.Build.0 = Debug|Win32
		{7DFF59B9-6450-4359-962E-922BD5487C32}.Release|x64.ActiveCfg = Release|x64
		{7DFF59B9-6450-4359-962E-922BD5487C32}.Release|x64.Build.0 = Release|x64
		{7DFF59B9-6450-4359-962E-922BD5487C32}.Release|x86.ActiveCfg = Release|Win32
		{7DFF59B9-6450-4359-962E-922BD5487C32}.Release|x86.Build.0 = Release|Win32
		{C1B8500B-BC60-4D1B-B7A4-74BC07B083B9}.Debug|x64.ActiveCfg = Debug|x64
		{C1B8500B-BC60-4D1B-B7A4-74BC07B083B9}.Debug|x64.Build.0 = Debug|x64
		{C1B8500B-BC60-4D1B-B7A4-74BC07B083B9}.Debug|x86.ActiveCfg = Debug|Win32
		{C1B8500B-BC60-4D1B-B7A4-74BC07B083B9}.Debug|x86.Build.0 = Debug|Win32
		{C1B8500B-BC60-4D1B-B7A4-74BC07B083B9}.Release|x64.ActiveCfg = Release|x64
		{C1B8500B-BC60-4D1B-B7A4-74BC07B083B9}.Release|x64.Build.0 = Release|x64
		{C1B8500B-BC60-4D1B-B7A4-74BC07B083B9}.Release|x86.ActiveCfg = Release|Win32
		{C1B8500B-BC60-4D1B-B7A4-74BC07B083B9}.Release|x86.Build.0 = Release|Win32
		{483B2848-150C-4443-8A83-D47962C95E25}.Debug|x64.ActiveCfg = Debug|x64
		{483B2848-150C-4443-8A83-D47962C95E25}.Debug|x64.Build.0 = Debug|x64
		{483B2848-150C-4443-8A83-D47962C95E25}.Debug|x86.ActiveCfg = Debug|Win32
		{483B2848-150C-4443-8A83-D47962C95E25}.Debug|x86.Build.0 = Debug|Win32
		{483B2848-150C-4443-8A83-D47962C95E25}.Release|x64.ActiveCfg = Release|x64
		{483B2848-150C-4443-8A83-D47962C95E25}.Release|x64.Build.0 = Release|x64
		{483B2848-150C-4443-8A83-D47962C95E25}.Release|x86.ActiveCfg = Release|Win32
		{483B2848-150C-4443-8A83-D47962C95E25}.Release|x86.Build.0 = Release|Win32
		{1BA5E9A8-1C36-4FF3-826C-68CA94C033CE}.Debug|x64.ActiveCfg = Debug|x64
		{1BA5E9A8-1C36-4FF3-826C-68CA94C033CE}.Debug|x64.Build.0 = Debug|x64
		{1BA5E9A8-1C36-4FF3-826C-68CA94C033CE}.Debug|x86.ActiveCfg = Debug|Win32
		{1BA5E9A8-1C36-4FF3-826C-68CA94C033CE}.Debug|x86.Build.0 = Debug|Win32
		{1BA5E9A8-1C36-4FF3-826C-68CA94C033CE}.Release|x64.ActiveCfg = Release|x64
		{1BA5E9A8-1C36-4FF3-826C-68CA94C033CE}.Release|x64.Build.0 = Release|x64
		{1BA5E9A8-1C36-4FF3-826C-68CA94C033CE}.Release|x86.ActiveCfg = Release|Win32
		{1BA5E9A8-1C36-4FF3-826C-68CA94C033CE}.Release|x86.Build.0 = Release|Win32
		{13118878-9993-4729-84B4-86C0197DAD06}.Debug|x64.ActiveCfg = Debug|x64
		{13118878-9993-4729-84B4-86C0197DAD06}.Debug|x64.Build.0 = Debug|x64
		{13118878-9993-4729-84B4-86C0197DAD06}.Debug|x86.ActiveCfg = Debug|Win32
		{13118878-9993-4729-84B4-86C0197DAD06}.Debug|x86.Build.0 = Debug|Win32
		{13118878-9993-4729-84B4-86C0197DAD06}.Release|x64.ActiveCfg = Release|x64
		{13118878-9993-4729-84B4-86C0197DAD06}.Release|x64.Build.0 = Release|x64
		{13118878-9993-4729-84B4-86C0197DAD06}.Release|x86.ActiveCfg = Release|Win32
		{13118878-9993-4729-84B4-86C0197DAD06}.Release|x86.Build.0 = Release|Win32
		{FDDC52CB-40A8-4CC2-9E6C-DC848001C298}.Debug|x64.ActiveCfg = Debug|x64
		{FDDC52CB-40A8-4CC2-9E6C-DC848001C298}.Debug|x64.Build.0 = Debug|x64
		{FDDC52CB-40A8-4CC2-9E6C-DC848001C298}.Debug|x86.ActiveCfg = Debug|Win32
		{FDDC52CB-40A8-4CC2-9E6C-DC848001C298}.Debug|x86.Build.0 = Debug|Win32
		{FDDC52CB-40A8-4CC2-9E6C-DC848001C298}.Release|x64.ActiveCfg = Release|x64
		{FDDC52CB-40A8-4CC2-9E6C-DC848001C298}.Release|x64.Build.0 = Release|x64
		{FDDC52CB-40A8-4CC2-9E6C-DC848001C298}.Release|x86.ActiveCfg = Release|Win32
		{FDDC52CB-40A8-4CC2-9E6C-DC848001C298}.Release|x86.Build.0 = Release|Win32
		{30D7288B-8317-4FB0-80B5-2FCCAD2AE1FA}.Debug|x64.ActiveCfg = Debug|x64
		{30D7288B-8317-4FB0-80B5-2FCCAD2AE1FA}.Debug|x64.Build.0 = Debug|x64
		{30D7288B-8317-4FB0-80B5-2FCCAD2AE1FA}.Debug|x86.ActiveCfg = Debug|Win32
		{30D7288B-8317-4FB0-80B5-2FCCAD2AE1FA}.Debug|x86.Build.0 = Debug|Win32
		{30D7288B-8317-4FB0-80B5-2FCCAD2AE1FA}.Release|x64.ActiveCfg = Release|x64
		{30D7288B-8317-4FB0-80B5-2FCCAD2AE1FA}.Release|x64.Build.0 = Release|x64
		{30D7288B-8317-4FB0-80B5-2FCCAD2AE1FA}.Release|x86.ActiveCfg = Release|Win32
		{30D7288B-8317-4FB0-80B5-2FCCAD2AE1FA}.Release|x86.Build.0 = Release|Win32
	EndGlobalSection
	GlobalSection(SolutionProperties) = preSolution
		HideSolutionNode = FALSE
	EndGlobalSection
	GlobalSection(ExtensibilityGlobals) = postSolution
		SolutionGuid = {39DD7ACD-8F24-4314-9D3C-74F6B00572A2}
	EndGlobalSection
EndGlobal
