
Microsoft Visual Studio Solution File, Format Version 12.00
# Visual Studio Version 17
VisualStudioVersion = 17.0.32014.148
MinimumVisualStudioVersion = 10.0.40219.1
Project("{8BC9CEB8-8B4A-11D0-8D11-00A0C91BC942}") = "third_party", "third_party\third_party.vcxproj", "{FC29015B-FD9B-4AC9-832D-F660D2D7169D}"
EndProject
Project("{2150E333-8FDC-42A3-9474-1A3956D46DE8}") = "third_party", "third_party", "{6C3103B8-E79F-4CFA-ABE2-7376213BF6A0}"
EndProject
Project("{2150E333-8FDC-42A3-9474-1A3956D46DE8}") = "cpp", "cpp", "{C757BD0D-88DA-4A07-A389-AE7E3BC5360E}"
EndProject
Project("{2150E333-8FDC-42A3-9474-1A3956D46DE8}") = "nodes", "nodes", "{02EA681E-C7D8-13C7-8484-4AC65E1B71E8}"
EndProject
Project("{2150E333-8FDC-42A3-9474-1A3956D46DE8}") = "libs", "libs", "{A0078B5C-7469-4E39-9099-0E42C62C6D2C}"
EndProject
Project("{2150E333-8FDC-42A3-9474-1A3956D46DE8}") = "base", "base", "{485DBD5C-8DDE-4D76-8B43-5C01A131FBEB}"
EndProject
Project("{2150E333-8FDC-42A3-9474-1A3956D46DE8}") = "game", "game", "{7AD08E7B-AB3C-46C3-A68E-05D1BCA30C86}"
EndProject
Project("{8BC9CEB8-8B4A-11D0-8D11-00A0C91BC942}") = "muduo", "cpp\libs\base\muduo_windows\muduo.vcxproj", "{BD4A463B-510A-44B5-88A0-BD81DD4E46B2}"
EndProject
Project("{8BC9CEB8-8B4A-11D0-8D11-00A0C91BC942}") = "common", "cpp\libs\base\common\common.vcxproj", "{7DFF59B9-6450-4359-962E-922BD5487C32}"
EndProject
Project("{8BC9CEB8-8B4A-11D0-8D11-00A0C91BC942}") = "infra", "cpp\libs\base\infra\infra.vcxproj", "{DCD4F63C-36D2-4639-83AC-DDB3FFC467C0}"
EndProject
Project("{8BC9CEB8-8B4A-11D0-8D11-00A0C91BC942}") = "modules", "cpp\libs\base\modules\modules.vcxproj", "{7581E55B-5BF0-4443-B28E-FFAC383F4C21}"
EndProject
Project("{2150E333-8FDC-42A3-9474-1A3956D46DE8}") = "generated", "generated", "{07890428-9607-49D9-B2E1-7ADAD185FE64}"
EndProject
Project("{8BC9CEB8-8B4A-11D0-8D11-00A0C91BC942}") = "proto", "cpp\generated\proto\proto.vcxproj", "{7D732139-58FD-4E6F-A12A-F6B3F8B13577}"
EndProject
Project("{8BC9CEB8-8B4A-11D0-8D11-00A0C91BC942}") = "core", "cpp\libs\base\core\core.vcxproj", "{03F2DF47-F5B9-41E9-933B-903D317FEEB1}"
EndProject
Project("{8BC9CEB8-8B4A-11D0-8D11-00A0C91BC942}") = "centre", "cpp\nodes\centre\centre.vcxproj", "{13118878-9993-4729-84B4-86C0197DAD06}"
	ProjectSection(ProjectDependencies) = postProject
		{03F2DF47-F5B9-41E9-933B-903D317FEEB1} = {03F2DF47-F5B9-41E9-933B-903D317FEEB1}
		{34DA1D56-8463-4D6D-9DC1-58D13A66F71C} = {34DA1D56-8463-4D6D-9DC1-58D13A66F71C}
		{551BF228-E717-4450-891B-20B1F2A097A1} = {551BF228-E717-4450-891B-20B1F2A097A1}
		{7581E55B-5BF0-4443-B28E-FFAC383F4C21} = {7581E55B-5BF0-4443-B28E-FFAC383F4C21}
		{7D732139-58FD-4E6F-A12A-F6B3F8B13577} = {7D732139-58FD-4E6F-A12A-F6B3F8B13577}
		{7DFF59B9-6450-4359-962E-922BD5487C32} = {7DFF59B9-6450-4359-962E-922BD5487C32}
		{8B95AB85-AA83-465D-8B10-19CCF03A3654} = {8B95AB85-AA83-465D-8B10-19CCF03A3654}
		{963B97D8-5FE7-40C1-AC41-05441452F2D7} = {963B97D8-5FE7-40C1-AC41-05441452F2D7}
		{B1CFC307-2AFD-4B53-BA3A-DE6226BFD494} = {B1CFC307-2AFD-4B53-BA3A-DE6226BFD494}
		{BD4A463B-510A-44B5-88A0-BD81DD4E46B2} = {BD4A463B-510A-44B5-88A0-BD81DD4E46B2}
		{DCD4F63C-36D2-4639-83AC-DDB3FFC467C0} = {DCD4F63C-36D2-4639-83AC-DDB3FFC467C0}
		{E1D627D3-0F8E-41DC-B07E-9C0117AF443B} = {E1D627D3-0F8E-41DC-B07E-9C0117AF443B}
		{FA8524DA-D5B6-4785-8B1C-F43E985E56AA} = {FA8524DA-D5B6-4785-8B1C-F43E985E56AA}
		{FC29015B-FD9B-4AC9-832D-F660D2D7169D} = {FC29015B-FD9B-4AC9-832D-F660D2D7169D}
	EndProjectSection
EndProject
Project("{8BC9CEB8-8B4A-11D0-8D11-00A0C91BC942}") = "gate", "cpp\nodes\gate\gate.vcxproj", "{30D7288B-8317-4FB0-80B5-2FCCAD2AE1FA}"
	ProjectSection(ProjectDependencies) = postProject
		{03F2DF47-F5B9-41E9-933B-903D317FEEB1} = {03F2DF47-F5B9-41E9-933B-903D317FEEB1}
		{34DA1D56-8463-4D6D-9DC1-58D13A66F71C} = {34DA1D56-8463-4D6D-9DC1-58D13A66F71C}
		{7581E55B-5BF0-4443-B28E-FFAC383F4C21} = {7581E55B-5BF0-4443-B28E-FFAC383F4C21}
		{7D172AE7-4B58-430F-A448-B7B6139384A2} = {7D172AE7-4B58-430F-A448-B7B6139384A2}
		{7D732139-58FD-4E6F-A12A-F6B3F8B13577} = {7D732139-58FD-4E6F-A12A-F6B3F8B13577}
		{7DFF59B9-6450-4359-962E-922BD5487C32} = {7DFF59B9-6450-4359-962E-922BD5487C32}
		{8B95AB85-AA83-465D-8B10-19CCF03A3654} = {8B95AB85-AA83-465D-8B10-19CCF03A3654}
		{963B97D8-5FE7-40C1-AC41-05441452F2D7} = {963B97D8-5FE7-40C1-AC41-05441452F2D7}
		{B1CFC307-2AFD-4B53-BA3A-DE6226BFD494} = {B1CFC307-2AFD-4B53-BA3A-DE6226BFD494}
		{BD4A463B-510A-44B5-88A0-BD81DD4E46B2} = {BD4A463B-510A-44B5-88A0-BD81DD4E46B2}
		{DCD4F63C-36D2-4639-83AC-DDB3FFC467C0} = {DCD4F63C-36D2-4639-83AC-DDB3FFC467C0}
		{E1D627D3-0F8E-41DC-B07E-9C0117AF443B} = {E1D627D3-0F8E-41DC-B07E-9C0117AF443B}
		{FA8524DA-D5B6-4785-8B1C-F43E985E56AA} = {FA8524DA-D5B6-4785-8B1C-F43E985E56AA}
		{FC29015B-FD9B-4AC9-832D-F660D2D7169D} = {FC29015B-FD9B-4AC9-832D-F660D2D7169D}
	EndProjectSection
EndProject
Project("{8BC9CEB8-8B4A-11D0-8D11-00A0C91BC942}") = "scene", "cpp\nodes\scene\scene.vcxproj", "{6348AEF3-B5C7-43C9-AEAD-D707F104140F}"
	ProjectSection(ProjectDependencies) = postProject
		{03F2DF47-F5B9-41E9-933B-903D317FEEB1} = {03F2DF47-F5B9-41E9-933B-903D317FEEB1}
		{34DA1D56-8463-4D6D-9DC1-58D13A66F71C} = {34DA1D56-8463-4D6D-9DC1-58D13A66F71C}
		{7581E55B-5BF0-4443-B28E-FFAC383F4C21} = {7581E55B-5BF0-4443-B28E-FFAC383F4C21}
		{7D732139-58FD-4E6F-A12A-F6B3F8B13577} = {7D732139-58FD-4E6F-A12A-F6B3F8B13577}
		{7DFF59B9-6450-4359-962E-922BD5487C32} = {7DFF59B9-6450-4359-962E-922BD5487C32}
		{8B95AB85-AA83-465D-8B10-19CCF03A3654} = {8B95AB85-AA83-465D-8B10-19CCF03A3654}
		{963B97D8-5FE7-40C1-AC41-05441452F2D7} = {963B97D8-5FE7-40C1-AC41-05441452F2D7}
		{B1CFC307-2AFD-4B53-BA3A-DE6226BFD494} = {B1CFC307-2AFD-4B53-BA3A-DE6226BFD494}
		{BD4A463B-510A-44B5-88A0-BD81DD4E46B2} = {BD4A463B-510A-44B5-88A0-BD81DD4E46B2}
		{DCD4F63C-36D2-4639-83AC-DDB3FFC467C0} = {DCD4F63C-36D2-4639-83AC-DDB3FFC467C0}
		{E1D627D3-0F8E-41DC-B07E-9C0117AF443B} = {E1D627D3-0F8E-41DC-B07E-9C0117AF443B}
		{FA8524DA-D5B6-4785-8B1C-F43E985E56AA} = {FA8524DA-D5B6-4785-8B1C-F43E985E56AA}
		{FC29015B-FD9B-4AC9-832D-F660D2D7169D} = {FC29015B-FD9B-4AC9-832D-F660D2D7169D}
	EndProjectSection
EndProject
Project("{8BC9CEB8-8B4A-11D0-8D11-00A0C91BC942}") = "centre", "cpp\libs\game\centre\centre.vcxproj", "{551BF228-E717-4450-891B-20B1F2A097A1}"
EndProject
Project("{8BC9CEB8-8B4A-11D0-8D11-00A0C91BC942}") = "gate", "cpp\libs\game\gate\gate.vcxproj", "{7D172AE7-4B58-430F-A448-B7B6139384A2}"
EndProject
Project("{8BC9CEB8-8B4A-11D0-8D11-00A0C91BC942}") = "scene", "cpp\libs\game\scene\scene.vcxproj", "{341399B9-CD77-43CA-B0BD-B4504A3EC82B}"
EndProject
Project("{8BC9CEB8-8B4A-11D0-8D11-00A0C91BC942}") = "configs", "cpp\libs\base\configs\configs.vcxproj", "{34DA1D56-8463-4D6D-9DC1-58D13A66F71C}"
EndProject
Project("{8BC9CEB8-8B4A-11D0-8D11-00A0C91BC942}") = "threading", "cpp\libs\base\threading\threading.vcxproj", "{8B95AB85-AA83-465D-8B10-19CCF03A3654}"
EndProject
Project("{8BC9CEB8-8B4A-11D0-8D11-00A0C91BC942}") = "session", "cpp\libs\base\session\session.vcxproj", "{FA8524DA-D5B6-4785-8B1C-F43E985E56AA}"
EndProject
Project("{8BC9CEB8-8B4A-11D0-8D11-00A0C91BC942}") = "table", "cpp\generated\table\table.vcxproj", "{963B97D8-5FE7-40C1-AC41-05441452F2D7}"
EndProject
Project("{8BC9CEB8-8B4A-11D0-8D11-00A0C91BC942}") = "grpc_client", "cpp\generated\grpc_client\grpc_client.vcxproj", "{B1CFC307-2AFD-4B53-BA3A-DE6226BFD494}"
EndProject
Project("{2150E333-8FDC-42A3-9474-1A3956D46DE8}") = "unit_test", "unit_test", "{BD08644C-5088-49D6-A48E-8D8B916D073B}"
EndProject
Project("{8BC9CEB8-8B4A-11D0-8D11-00A0C91BC942}") = "aoi_test", "cpp\unit_test\aoi_test\aoi_test.vcxproj", "{31C984D0-9550-4B16-8CF3-C5030EB53E00}"
	ProjectSection(ProjectDependencies) = postProject
		{6348AEF3-B5C7-43C9-AEAD-D707F104140F} = {6348AEF3-B5C7-43C9-AEAD-D707F104140F}
	EndProjectSection
EndProject
Project("{8BC9CEB8-8B4A-11D0-8D11-00A0C91BC942}") = "bag_test", "cpp\unit_test\bag_test\bag_test.vcxproj", "{25282015-32E5-471D-97A6-31ADDA31E797}"
	ProjectSection(ProjectDependencies) = postProject
		{6348AEF3-B5C7-43C9-AEAD-D707F104140F} = {6348AEF3-B5C7-43C9-AEAD-D707F104140F}
	EndProjectSection
EndProject
Project("{8BC9CEB8-8B4A-11D0-8D11-00A0C91BC942}") = "buff_test", "cpp\unit_test\buff_test\buff_test.vcxproj", "{8BAC5861-85E7-4AE9-B178-B84EF907146C}"
	ProjectSection(ProjectDependencies) = postProject
		{6348AEF3-B5C7-43C9-AEAD-D707F104140F} = {6348AEF3-B5C7-43C9-AEAD-D707F104140F}
	EndProjectSection
EndProject
Project("{8BC9CEB8-8B4A-11D0-8D11-00A0C91BC942}") = "change_scene_test", "cpp\unit_test\change_scene_test\change_scene.vcxproj", "{96C26F40-AE31-4E5B-8318-F6D183AD8185}"
	ProjectSection(ProjectDependencies) = postProject
		{6348AEF3-B5C7-43C9-AEAD-D707F104140F} = {6348AEF3-B5C7-43C9-AEAD-D707F104140F}
	EndProjectSection
EndProject
Project("{8BC9CEB8-8B4A-11D0-8D11-00A0C91BC942}") = "configuration_table_test", "cpp\unit_test\configuration_table_test\configuration_table_test.vcxproj", "{A0261F03-BBFD-4406-A62A-5F9CCCC67C0E}"
	ProjectSection(ProjectDependencies) = postProject
		{6348AEF3-B5C7-43C9-AEAD-D707F104140F} = {6348AEF3-B5C7-43C9-AEAD-D707F104140F}
	EndProjectSection
EndProject
Project("{8BC9CEB8-8B4A-11D0-8D11-00A0C91BC942}") = "consistent_hash_node_test", "cpp\unit_test\consistent_hash_node_test\consistent_hash_node_test.vcxproj", "{EEC1C7C0-D92B-434D-A72D-6DE65DDF4B0E}"
	ProjectSection(ProjectDependencies) = postProject
		{6348AEF3-B5C7-43C9-AEAD-D707F104140F} = {6348AEF3-B5C7-43C9-AEAD-D707F104140F}
	EndProjectSection
EndProject
Project("{8BC9CEB8-8B4A-11D0-8D11-00A0C91BC942}") = "cool_down_time_test", "cpp\unit_test\cool_down_time_test\cool_down_time_test.vcxproj", "{AEAF7FD5-AB63-49DF-883B-E3087DCE5763}"
	ProjectSection(ProjectDependencies) = postProject
		{6348AEF3-B5C7-43C9-AEAD-D707F104140F} = {6348AEF3-B5C7-43C9-AEAD-D707F104140F}
	EndProjectSection
EndProject
Project("{8BC9CEB8-8B4A-11D0-8D11-00A0C91BC942}") = "message_limiter_test", "cpp\unit_test\message_limiter\message_limiter.vcxproj", "{C0C06D7F-741F-4476-B56F-930B3799DD3D}"
	ProjectSection(ProjectDependencies) = postProject
		{6348AEF3-B5C7-43C9-AEAD-D707F104140F} = {6348AEF3-B5C7-43C9-AEAD-D707F104140F}
	EndProjectSection
EndProject
Project("{8BC9CEB8-8B4A-11D0-8D11-00A0C91BC942}") = "missions_test", "cpp\unit_test\missions_test\missions.vcxproj", "{965317EA-E4F3-4258-9C8C-715DEAB96C58}"
	ProjectSection(ProjectDependencies) = postProject
		{6348AEF3-B5C7-43C9-AEAD-D707F104140F} = {6348AEF3-B5C7-43C9-AEAD-D707F104140F}
	EndProjectSection
EndProject
Project("{8BC9CEB8-8B4A-11D0-8D11-00A0C91BC942}") = "node_sequence_test", "cpp\unit_test\node_sequence_test\server_sequence.vcxproj", "{8D72197C-E232-4C9E-A24A-0C31DA625D3F}"
	ProjectSection(ProjectDependencies) = postProject
		{6348AEF3-B5C7-43C9-AEAD-D707F104140F} = {6348AEF3-B5C7-43C9-AEAD-D707F104140F}
	EndProjectSection
EndProject
Project("{8BC9CEB8-8B4A-11D0-8D11-00A0C91BC942}") = "proto_field_checker_test", "cpp\unit_test\proto_field_checker_test\proto_field_checker_test.vcxproj", "{A00193B3-DDC6-4C43-9721-DC8554F8ADCF}"
	ProjectSection(ProjectDependencies) = postProject
		{6348AEF3-B5C7-43C9-AEAD-D707F104140F} = {6348AEF3-B5C7-43C9-AEAD-D707F104140F}
	EndProjectSection
EndProject
Project("{8BC9CEB8-8B4A-11D0-8D11-00A0C91BC942}") = "readfile2string_test", "cpp\unit_test\readfile2string_test\readfile2string.vcxproj", "{7CBE473E-E7F7-46B4-8444-B6DB0AA147C6}"
	ProjectSection(ProjectDependencies) = postProject
		{6348AEF3-B5C7-43C9-AEAD-D707F104140F} = {6348AEF3-B5C7-43C9-AEAD-D707F104140F}
	EndProjectSection
EndProject
Project("{8BC9CEB8-8B4A-11D0-8D11-00A0C91BC942}") = "reward_test", "cpp\unit_test\reward_test\reward.vcxproj", "{C24F0BAB-770D-4D64-97DB-F627E685E216}"
	ProjectSection(ProjectDependencies) = postProject
		{6348AEF3-B5C7-43C9-AEAD-D707F104140F} = {6348AEF3-B5C7-43C9-AEAD-D707F104140F}
	EndProjectSection
EndProject
Project("{8BC9CEB8-8B4A-11D0-8D11-00A0C91BC942}") = "scene_test", "cpp\unit_test\scene_test\game_server_load_balance.vcxproj", "{33AAE8BA-41BB-4F7E-834E-9E7DCEBFE350}"
	ProjectSection(ProjectDependencies) = postProject
		{6348AEF3-B5C7-43C9-AEAD-D707F104140F} = {6348AEF3-B5C7-43C9-AEAD-D707F104140F}
	EndProjectSection
EndProject
Project("{8BC9CEB8-8B4A-11D0-8D11-00A0C91BC942}") = "skill_test", "cpp\unit_test\skill_test\skill_test.vcxproj", "{17F4E9D4-2846-47ED-904F-48E055D8F19F}"
	ProjectSection(ProjectDependencies) = postProject
		{6348AEF3-B5C7-43C9-AEAD-D707F104140F} = {6348AEF3-B5C7-43C9-AEAD-D707F104140F}
	EndProjectSection
EndProject
Project("{8BC9CEB8-8B4A-11D0-8D11-00A0C91BC942}") = "snow_flake_test", "cpp\unit_test\snow_flake_test\snow_flake.vcxproj", "{220B73A2-D0BA-47FC-BC79-D7F283CA502D}"
	ProjectSection(ProjectDependencies) = postProject
		{6348AEF3-B5C7-43C9-AEAD-D707F104140F} = {6348AEF3-B5C7-43C9-AEAD-D707F104140F}
	EndProjectSection
EndProject
Project("{8BC9CEB8-8B4A-11D0-8D11-00A0C91BC942}") = "time_meter_test", "cpp\unit_test\time_meter_test\time_meter_test.vcxproj", "{3D625828-AA84-4840-B5D2-8CC7C8B179C7}"
	ProjectSection(ProjectDependencies) = postProject
		{6348AEF3-B5C7-43C9-AEAD-D707F104140F} = {6348AEF3-B5C7-43C9-AEAD-D707F104140F}
	EndProjectSection
EndProject
Project("{8BC9CEB8-8B4A-11D0-8D11-00A0C91BC942}") = "timer_destroy_test", "cpp\unit_test\timer_destroy_test\timer_destroy_test.vcxproj", "{C4F55277-1E23-4614-B88D-FDBF09CB86FD}"
	ProjectSection(ProjectDependencies) = postProject
		{6348AEF3-B5C7-43C9-AEAD-D707F104140F} = {6348AEF3-B5C7-43C9-AEAD-D707F104140F}
	EndProjectSection
EndProject
Project("{8BC9CEB8-8B4A-11D0-8D11-00A0C91BC942}") = "timer_queue_uinttest", "cpp\unit_test\timer_queue_uinttest_test\timer_queue_uinttest.vcxproj", "{92BDF89E-2160-4712-88F0-E39020A598EC}"
	ProjectSection(ProjectDependencies) = postProject
		{6348AEF3-B5C7-43C9-AEAD-D707F104140F} = {6348AEF3-B5C7-43C9-AEAD-D707F104140F}
	EndProjectSection
EndProject
Project("{8BC9CEB8-8B4A-11D0-8D11-00A0C91BC942}") = "proto_util", "cpp\generated\proto_util\proto_util.vcxproj", "{E1D627D3-0F8E-41DC-B07E-9C0117AF443B}"
EndProject
Global
	GlobalSection(SolutionConfigurationPlatforms) = preSolution
		Debug|x64 = Debug|x64
		Debug|x86 = Debug|x86
		Release|x64 = Release|x64
		Release|x86 = Release|x86
	EndGlobalSection
	GlobalSection(ProjectConfigurationPlatforms) = postSolution
		{FC29015B-FD9B-4AC9-832D-F660D2D7169D}.Debug|x64.ActiveCfg = Debug|x64
		{FC29015B-FD9B-4AC9-832D-F660D2D7169D}.Debug|x64.Build.0 = Debug|x64
		{FC29015B-FD9B-4AC9-832D-F660D2D7169D}.Debug|x86.ActiveCfg = Debug|Win32
		{FC29015B-FD9B-4AC9-832D-F660D2D7169D}.Debug|x86.Build.0 = Debug|Win32
		{FC29015B-FD9B-4AC9-832D-F660D2D7169D}.Release|x64.ActiveCfg = Release|x64
		{FC29015B-FD9B-4AC9-832D-F660D2D7169D}.Release|x64.Build.0 = Release|x64
		{FC29015B-FD9B-4AC9-832D-F660D2D7169D}.Release|x86.ActiveCfg = Release|Win32
		{FC29015B-FD9B-4AC9-832D-F660D2D7169D}.Release|x86.Build.0 = Release|Win32
		{BD4A463B-510A-44B5-88A0-BD81DD4E46B2}.Debug|x64.ActiveCfg = Debug|x64
		{BD4A463B-510A-44B5-88A0-BD81DD4E46B2}.Debug|x64.Build.0 = Debug|x64
		{BD4A463B-510A-44B5-88A0-BD81DD4E46B2}.Debug|x86.ActiveCfg = Debug|Win32
		{BD4A463B-510A-44B5-88A0-BD81DD4E46B2}.Debug|x86.Build.0 = Debug|Win32
		{BD4A463B-510A-44B5-88A0-BD81DD4E46B2}.Release|x64.ActiveCfg = Release|x64
		{BD4A463B-510A-44B5-88A0-BD81DD4E46B2}.Release|x64.Build.0 = Release|x64
		{BD4A463B-510A-44B5-88A0-BD81DD4E46B2}.Release|x86.ActiveCfg = Release|Win32
		{BD4A463B-510A-44B5-88A0-BD81DD4E46B2}.Release|x86.Build.0 = Release|Win32
		{7DFF59B9-6450-4359-962E-922BD5487C32}.Debug|x64.ActiveCfg = Debug|x64
		{7DFF59B9-6450-4359-962E-922BD5487C32}.Debug|x64.Build.0 = Debug|x64
		{7DFF59B9-6450-4359-962E-922BD5487C32}.Debug|x86.ActiveCfg = Debug|Win32
		{7DFF59B9-6450-4359-962E-922BD5487C32}.Debug|x86.Build.0 = Debug|Win32
		{7DFF59B9-6450-4359-962E-922BD5487C32}.Release|x64.ActiveCfg = Release|x64
		{7DFF59B9-6450-4359-962E-922BD5487C32}.Release|x64.Build.0 = Release|x64
		{7DFF59B9-6450-4359-962E-922BD5487C32}.Release|x86.ActiveCfg = Release|Win32
		{7DFF59B9-6450-4359-962E-922BD5487C32}.Release|x86.Build.0 = Release|Win32
		{DCD4F63C-36D2-4639-83AC-DDB3FFC467C0}.Debug|x64.ActiveCfg = Debug|x64
		{DCD4F63C-36D2-4639-83AC-DDB3FFC467C0}.Debug|x64.Build.0 = Debug|x64
		{DCD4F63C-36D2-4639-83AC-DDB3FFC467C0}.Debug|x86.ActiveCfg = Debug|Win32
		{DCD4F63C-36D2-4639-83AC-DDB3FFC467C0}.Debug|x86.Build.0 = Debug|Win32
		{DCD4F63C-36D2-4639-83AC-DDB3FFC467C0}.Release|x64.ActiveCfg = Release|x64
		{DCD4F63C-36D2-4639-83AC-DDB3FFC467C0}.Release|x64.Build.0 = Release|x64
		{DCD4F63C-36D2-4639-83AC-DDB3FFC467C0}.Release|x86.ActiveCfg = Release|Win32
		{DCD4F63C-36D2-4639-83AC-DDB3FFC467C0}.Release|x86.Build.0 = Release|Win32
		{7581E55B-5BF0-4443-B28E-FFAC383F4C21}.Debug|x64.ActiveCfg = Debug|x64
		{7581E55B-5BF0-4443-B28E-FFAC383F4C21}.Debug|x64.Build.0 = Debug|x64
		{7581E55B-5BF0-4443-B28E-FFAC383F4C21}.Debug|x86.ActiveCfg = Debug|Win32
		{7581E55B-5BF0-4443-B28E-FFAC383F4C21}.Debug|x86.Build.0 = Debug|Win32
		{7581E55B-5BF0-4443-B28E-FFAC383F4C21}.Release|x64.ActiveCfg = Release|x64
		{7581E55B-5BF0-4443-B28E-FFAC383F4C21}.Release|x64.Build.0 = Release|x64
		{7581E55B-5BF0-4443-B28E-FFAC383F4C21}.Release|x86.ActiveCfg = Release|Win32
		{7581E55B-5BF0-4443-B28E-FFAC383F4C21}.Release|x86.Build.0 = Release|Win32
		{7D732139-58FD-4E6F-A12A-F6B3F8B13577}.Debug|x64.ActiveCfg = Debug|x64
		{7D732139-58FD-4E6F-A12A-F6B3F8B13577}.Debug|x64.Build.0 = Debug|x64
		{7D732139-58FD-4E6F-A12A-F6B3F8B13577}.Debug|x86.ActiveCfg = Debug|Win32
		{7D732139-58FD-4E6F-A12A-F6B3F8B13577}.Debug|x86.Build.0 = Debug|Win32
		{7D732139-58FD-4E6F-A12A-F6B3F8B13577}.Release|x64.ActiveCfg = Release|x64
		{7D732139-58FD-4E6F-A12A-F6B3F8B13577}.Release|x64.Build.0 = Release|x64
		{7D732139-58FD-4E6F-A12A-F6B3F8B13577}.Release|x86.ActiveCfg = Release|Win32
		{7D732139-58FD-4E6F-A12A-F6B3F8B13577}.Release|x86.Build.0 = Release|Win32
		{03F2DF47-F5B9-41E9-933B-903D317FEEB1}.Debug|x64.ActiveCfg = Debug|x64
		{03F2DF47-F5B9-41E9-933B-903D317FEEB1}.Debug|x64.Build.0 = Debug|x64
		{03F2DF47-F5B9-41E9-933B-903D317FEEB1}.Debug|x86.ActiveCfg = Debug|Win32
		{03F2DF47-F5B9-41E9-933B-903D317FEEB1}.Debug|x86.Build.0 = Debug|Win32
		{03F2DF47-F5B9-41E9-933B-903D317FEEB1}.Release|x64.ActiveCfg = Release|x64
		{03F2DF47-F5B9-41E9-933B-903D317FEEB1}.Release|x64.Build.0 = Release|x64
		{03F2DF47-F5B9-41E9-933B-903D317FEEB1}.Release|x86.ActiveCfg = Release|Win32
		{03F2DF47-F5B9-41E9-933B-903D317FEEB1}.Release|x86.Build.0 = Release|Win32
		{13118878-9993-4729-84B4-86C0197DAD06}.Debug|x64.ActiveCfg = Debug|x64
		{13118878-9993-4729-84B4-86C0197DAD06}.Debug|x64.Build.0 = Debug|x64
		{13118878-9993-4729-84B4-86C0197DAD06}.Debug|x86.ActiveCfg = Debug|Win32
		{13118878-9993-4729-84B4-86C0197DAD06}.Debug|x86.Build.0 = Debug|Win32
		{13118878-9993-4729-84B4-86C0197DAD06}.Release|x64.ActiveCfg = Release|x64
		{13118878-9993-4729-84B4-86C0197DAD06}.Release|x64.Build.0 = Release|x64
		{13118878-9993-4729-84B4-86C0197DAD06}.Release|x86.ActiveCfg = Release|Win32
		{13118878-9993-4729-84B4-86C0197DAD06}.Release|x86.Build.0 = Release|Win32
		{30D7288B-8317-4FB0-80B5-2FCCAD2AE1FA}.Debug|x64.ActiveCfg = Debug|x64
		{30D7288B-8317-4FB0-80B5-2FCCAD2AE1FA}.Debug|x64.Build.0 = Debug|x64
		{30D7288B-8317-4FB0-80B5-2FCCAD2AE1FA}.Debug|x86.ActiveCfg = Debug|Win32
		{30D7288B-8317-4FB0-80B5-2FCCAD2AE1FA}.Debug|x86.Build.0 = Debug|Win32
		{30D7288B-8317-4FB0-80B5-2FCCAD2AE1FA}.Release|x64.ActiveCfg = Release|x64
		{30D7288B-8317-4FB0-80B5-2FCCAD2AE1FA}.Release|x64.Build.0 = Release|x64
		{30D7288B-8317-4FB0-80B5-2FCCAD2AE1FA}.Release|x86.ActiveCfg = Release|Win32
		{30D7288B-8317-4FB0-80B5-2FCCAD2AE1FA}.Release|x86.Build.0 = Release|Win32
		{6348AEF3-B5C7-43C9-AEAD-D707F104140F}.Debug|x64.ActiveCfg = Debug|x64
		{6348AEF3-B5C7-43C9-AEAD-D707F104140F}.Debug|x64.Build.0 = Debug|x64
		{6348AEF3-B5C7-43C9-AEAD-D707F104140F}.Debug|x86.ActiveCfg = Debug|Win32
		{6348AEF3-B5C7-43C9-AEAD-D707F104140F}.Debug|x86.Build.0 = Debug|Win32
		{6348AEF3-B5C7-43C9-AEAD-D707F104140F}.Release|x64.ActiveCfg = Release|x64
		{6348AEF3-B5C7-43C9-AEAD-D707F104140F}.Release|x64.Build.0 = Release|x64
		{6348AEF3-B5C7-43C9-AEAD-D707F104140F}.Release|x86.ActiveCfg = Release|Win32
		{6348AEF3-B5C7-43C9-AEAD-D707F104140F}.Release|x86.Build.0 = Release|Win32
		{551BF228-E717-4450-891B-20B1F2A097A1}.Debug|x64.ActiveCfg = Debug|x64
		{551BF228-E717-4450-891B-20B1F2A097A1}.Debug|x64.Build.0 = Debug|x64
		{551BF228-E717-4450-891B-20B1F2A097A1}.Debug|x86.ActiveCfg = Debug|Win32
		{551BF228-E717-4450-891B-20B1F2A097A1}.Debug|x86.Build.0 = Debug|Win32
		{551BF228-E717-4450-891B-20B1F2A097A1}.Release|x64.ActiveCfg = Release|x64
		{551BF228-E717-4450-891B-20B1F2A097A1}.Release|x64.Build.0 = Release|x64
		{551BF228-E717-4450-891B-20B1F2A097A1}.Release|x86.ActiveCfg = Release|Win32
		{551BF228-E717-4450-891B-20B1F2A097A1}.Release|x86.Build.0 = Release|Win32
		{7D172AE7-4B58-430F-A448-B7B6139384A2}.Debug|x64.ActiveCfg = Debug|x64
		{7D172AE7-4B58-430F-A448-B7B6139384A2}.Debug|x64.Build.0 = Debug|x64
		{7D172AE7-4B58-430F-A448-B7B6139384A2}.Debug|x86.ActiveCfg = Debug|Win32
		{7D172AE7-4B58-430F-A448-B7B6139384A2}.Debug|x86.Build.0 = Debug|Win32
		{7D172AE7-4B58-430F-A448-B7B6139384A2}.Release|x64.ActiveCfg = Release|x64
		{7D172AE7-4B58-430F-A448-B7B6139384A2}.Release|x64.Build.0 = Release|x64
		{7D172AE7-4B58-430F-A448-B7B6139384A2}.Release|x86.ActiveCfg = Release|Win32
		{7D172AE7-4B58-430F-A448-B7B6139384A2}.Release|x86.Build.0 = Release|Win32
		{341399B9-CD77-43CA-B0BD-B4504A3EC82B}.Debug|x64.ActiveCfg = Debug|x64
		{341399B9-CD77-43CA-B0BD-B4504A3EC82B}.Debug|x64.Build.0 = Debug|x64
		{341399B9-CD77-43CA-B0BD-B4504A3EC82B}.Debug|x86.ActiveCfg = Debug|Win32
		{341399B9-CD77-43CA-B0BD-B4504A3EC82B}.Debug|x86.Build.0 = Debug|Win32
		{341399B9-CD77-43CA-B0BD-B4504A3EC82B}.Release|x64.ActiveCfg = Release|x64
		{341399B9-CD77-43CA-B0BD-B4504A3EC82B}.Release|x64.Build.0 = Release|x64
		{341399B9-CD77-43CA-B0BD-B4504A3EC82B}.Release|x86.ActiveCfg = Release|Win32
		{341399B9-CD77-43CA-B0BD-B4504A3EC82B}.Release|x86.Build.0 = Release|Win32
		{34DA1D56-8463-4D6D-9DC1-58D13A66F71C}.Debug|x64.ActiveCfg = Debug|x64
		{34DA1D56-8463-4D6D-9DC1-58D13A66F71C}.Debug|x64.Build.0 = Debug|x64
		{34DA1D56-8463-4D6D-9DC1-58D13A66F71C}.Debug|x86.ActiveCfg = Debug|Win32
		{34DA1D56-8463-4D6D-9DC1-58D13A66F71C}.Debug|x86.Build.0 = Debug|Win32
		{34DA1D56-8463-4D6D-9DC1-58D13A66F71C}.Release|x64.ActiveCfg = Release|x64
		{34DA1D56-8463-4D6D-9DC1-58D13A66F71C}.Release|x64.Build.0 = Release|x64
		{34DA1D56-8463-4D6D-9DC1-58D13A66F71C}.Release|x86.ActiveCfg = Release|Win32
		{34DA1D56-8463-4D6D-9DC1-58D13A66F71C}.Release|x86.Build.0 = Release|Win32
		{8B95AB85-AA83-465D-8B10-19CCF03A3654}.Debug|x64.ActiveCfg = Debug|x64
		{8B95AB85-AA83-465D-8B10-19CCF03A3654}.Debug|x64.Build.0 = Debug|x64
		{8B95AB85-AA83-465D-8B10-19CCF03A3654}.Debug|x86.ActiveCfg = Debug|Win32
		{8B95AB85-AA83-465D-8B10-19CCF03A3654}.Debug|x86.Build.0 = Debug|Win32
		{8B95AB85-AA83-465D-8B10-19CCF03A3654}.Release|x64.ActiveCfg = Release|x64
		{8B95AB85-AA83-465D-8B10-19CCF03A3654}.Release|x64.Build.0 = Release|x64
		{8B95AB85-AA83-465D-8B10-19CCF03A3654}.Release|x86.ActiveCfg = Release|Win32
		{8B95AB85-AA83-465D-8B10-19CCF03A3654}.Release|x86.Build.0 = Release|Win32
		{FA8524DA-D5B6-4785-8B1C-F43E985E56AA}.Debug|x64.ActiveCfg = Debug|x64
		{FA8524DA-D5B6-4785-8B1C-F43E985E56AA}.Debug|x64.Build.0 = Debug|x64
		{FA8524DA-D5B6-4785-8B1C-F43E985E56AA}.Debug|x86.ActiveCfg = Debug|Win32
		{FA8524DA-D5B6-4785-8B1C-F43E985E56AA}.Debug|x86.Build.0 = Debug|Win32
		{FA8524DA-D5B6-4785-8B1C-F43E985E56AA}.Release|x64.ActiveCfg = Release|x64
		{FA8524DA-D5B6-4785-8B1C-F43E985E56AA}.Release|x64.Build.0 = Release|x64
		{FA8524DA-D5B6-4785-8B1C-F43E985E56AA}.Release|x86.ActiveCfg = Release|Win32
		{FA8524DA-D5B6-4785-8B1C-F43E985E56AA}.Release|x86.Build.0 = Release|Win32
		{963B97D8-5FE7-40C1-AC41-05441452F2D7}.Debug|x64.ActiveCfg = Debug|x64
		{963B97D8-5FE7-40C1-AC41-05441452F2D7}.Debug|x64.Build.0 = Debug|x64
		{963B97D8-5FE7-40C1-AC41-05441452F2D7}.Debug|x86.ActiveCfg = Debug|Win32
		{963B97D8-5FE7-40C1-AC41-05441452F2D7}.Debug|x86.Build.0 = Debug|Win32
		{963B97D8-5FE7-40C1-AC41-05441452F2D7}.Release|x64.ActiveCfg = Release|x64
		{963B97D8-5FE7-40C1-AC41-05441452F2D7}.Release|x64.Build.0 = Release|x64
		{963B97D8-5FE7-40C1-AC41-05441452F2D7}.Release|x86.ActiveCfg = Release|Win32
		{963B97D8-5FE7-40C1-AC41-05441452F2D7}.Release|x86.Build.0 = Release|Win32
		{B1CFC307-2AFD-4B53-BA3A-DE6226BFD494}.Debug|x64.ActiveCfg = Debug|x64
		{B1CFC307-2AFD-4B53-BA3A-DE6226BFD494}.Debug|x64.Build.0 = Debug|x64
		{B1CFC307-2AFD-4B53-BA3A-DE6226BFD494}.Debug|x86.ActiveCfg = Debug|Win32
		{B1CFC307-2AFD-4B53-BA3A-DE6226BFD494}.Debug|x86.Build.0 = Debug|Win32
		{B1CFC307-2AFD-4B53-BA3A-DE6226BFD494}.Release|x64.ActiveCfg = Release|x64
		{B1CFC307-2AFD-4B53-BA3A-DE6226BFD494}.Release|x64.Build.0 = Release|x64
		{B1CFC307-2AFD-4B53-BA3A-DE6226BFD494}.Release|x86.ActiveCfg = Release|Win32
		{B1CFC307-2AFD-4B53-BA3A-DE6226BFD494}.Release|x86.Build.0 = Release|Win32
		{31C984D0-9550-4B16-8CF3-C5030EB53E00}.Debug|x64.ActiveCfg = Debug|x64
		{31C984D0-9550-4B16-8CF3-C5030EB53E00}.Debug|x64.Build.0 = Debug|x64
		{31C984D0-9550-4B16-8CF3-C5030EB53E00}.Debug|x86.ActiveCfg = Debug|Win32
		{31C984D0-9550-4B16-8CF3-C5030EB53E00}.Debug|x86.Build.0 = Debug|Win32
		{31C984D0-9550-4B16-8CF3-C5030EB53E00}.Release|x64.ActiveCfg = Release|x64
		{31C984D0-9550-4B16-8CF3-C5030EB53E00}.Release|x64.Build.0 = Release|x64
		{31C984D0-9550-4B16-8CF3-C5030EB53E00}.Release|x86.ActiveCfg = Release|Win32
		{31C984D0-9550-4B16-8CF3-C5030EB53E00}.Release|x86.Build.0 = Release|Win32
		{25282015-32E5-471D-97A6-31ADDA31E797}.Debug|x64.ActiveCfg = Debug|x64
		{25282015-32E5-471D-97A6-31ADDA31E797}.Debug|x64.Build.0 = Debug|x64
		{25282015-32E5-471D-97A6-31ADDA31E797}.Debug|x86.ActiveCfg = Debug|Win32
		{25282015-32E5-471D-97A6-31ADDA31E797}.Debug|x86.Build.0 = Debug|Win32
		{25282015-32E5-471D-97A6-31ADDA31E797}.Release|x64.ActiveCfg = Release|x64
		{25282015-32E5-471D-97A6-31ADDA31E797}.Release|x64.Build.0 = Release|x64
		{25282015-32E5-471D-97A6-31ADDA31E797}.Release|x86.ActiveCfg = Release|Win32
		{25282015-32E5-471D-97A6-31ADDA31E797}.Release|x86.Build.0 = Release|Win32
		{8BAC5861-85E7-4AE9-B178-B84EF907146C}.Debug|x64.ActiveCfg = Debug|x64
		{8BAC5861-85E7-4AE9-B178-B84EF907146C}.Debug|x64.Build.0 = Debug|x64
		{8BAC5861-85E7-4AE9-B178-B84EF907146C}.Debug|x86.ActiveCfg = Debug|Win32
		{8BAC5861-85E7-4AE9-B178-B84EF907146C}.Debug|x86.Build.0 = Debug|Win32
		{8BAC5861-85E7-4AE9-B178-B84EF907146C}.Release|x64.ActiveCfg = Release|x64
		{8BAC5861-85E7-4AE9-B178-B84EF907146C}.Release|x64.Build.0 = Release|x64
		{8BAC5861-85E7-4AE9-B178-B84EF907146C}.Release|x86.ActiveCfg = Release|Win32
		{8BAC5861-85E7-4AE9-B178-B84EF907146C}.Release|x86.Build.0 = Release|Win32
		{96C26F40-AE31-4E5B-8318-F6D183AD8185}.Debug|x64.ActiveCfg = Debug|x64
		{96C26F40-AE31-4E5B-8318-F6D183AD8185}.Debug|x64.Build.0 = Debug|x64
		{96C26F40-AE31-4E5B-8318-F6D183AD8185}.Debug|x86.ActiveCfg = Debug|Win32
		{96C26F40-AE31-4E5B-8318-F6D183AD8185}.Debug|x86.Build.0 = Debug|Win32
		{96C26F40-AE31-4E5B-8318-F6D183AD8185}.Release|x64.ActiveCfg = Release|x64
		{96C26F40-AE31-4E5B-8318-F6D183AD8185}.Release|x64.Build.0 = Release|x64
		{96C26F40-AE31-4E5B-8318-F6D183AD8185}.Release|x86.ActiveCfg = Release|Win32
		{96C26F40-AE31-4E5B-8318-F6D183AD8185}.Release|x86.Build.0 = Release|Win32
		{A0261F03-BBFD-4406-A62A-5F9CCCC67C0E}.Debug|x64.ActiveCfg = Debug|x64
		{A0261F03-BBFD-4406-A62A-5F9CCCC67C0E}.Debug|x64.Build.0 = Debug|x64
		{A0261F03-BBFD-4406-A62A-5F9CCCC67C0E}.Debug|x86.ActiveCfg = Debug|Win32
		{A0261F03-BBFD-4406-A62A-5F9CCCC67C0E}.Debug|x86.Build.0 = Debug|Win32
		{A0261F03-BBFD-4406-A62A-5F9CCCC67C0E}.Release|x64.ActiveCfg = Release|x64
		{A0261F03-BBFD-4406-A62A-5F9CCCC67C0E}.Release|x64.Build.0 = Release|x64
		{A0261F03-BBFD-4406-A62A-5F9CCCC67C0E}.Release|x86.ActiveCfg = Release|Win32
		{A0261F03-BBFD-4406-A62A-5F9CCCC67C0E}.Release|x86.Build.0 = Release|Win32
		{EEC1C7C0-D92B-434D-A72D-6DE65DDF4B0E}.Debug|x64.ActiveCfg = Debug|x64
		{EEC1C7C0-D92B-434D-A72D-6DE65DDF4B0E}.Debug|x64.Build.0 = Debug|x64
		{EEC1C7C0-D92B-434D-A72D-6DE65DDF4B0E}.Debug|x86.ActiveCfg = Debug|Win32
		{EEC1C7C0-D92B-434D-A72D-6DE65DDF4B0E}.Debug|x86.Build.0 = Debug|Win32
		{EEC1C7C0-D92B-434D-A72D-6DE65DDF4B0E}.Release|x64.ActiveCfg = Release|x64
		{EEC1C7C0-D92B-434D-A72D-6DE65DDF4B0E}.Release|x64.Build.0 = Release|x64
		{EEC1C7C0-D92B-434D-A72D-6DE65DDF4B0E}.Release|x86.ActiveCfg = Release|Win32
		{EEC1C7C0-D92B-434D-A72D-6DE65DDF4B0E}.Release|x86.Build.0 = Release|Win32
		{AEAF7FD5-AB63-49DF-883B-E3087DCE5763}.Debug|x64.ActiveCfg = Debug|x64
		{AEAF7FD5-AB63-49DF-883B-E3087DCE5763}.Debug|x64.Build.0 = Debug|x64
		{AEAF7FD5-AB63-49DF-883B-E3087DCE5763}.Debug|x86.ActiveCfg = Debug|Win32
		{AEAF7FD5-AB63-49DF-883B-E3087DCE5763}.Debug|x86.Build.0 = Debug|Win32
		{AEAF7FD5-AB63-49DF-883B-E3087DCE5763}.Release|x64.ActiveCfg = Release|x64
		{AEAF7FD5-AB63-49DF-883B-E3087DCE5763}.Release|x64.Build.0 = Release|x64
		{AEAF7FD5-AB63-49DF-883B-E3087DCE5763}.Release|x86.ActiveCfg = Release|Win32
		{AEAF7FD5-AB63-49DF-883B-E3087DCE5763}.Release|x86.Build.0 = Release|Win32
		{C0C06D7F-741F-4476-B56F-930B3799DD3D}.Debug|x64.ActiveCfg = Debug|x64
		{C0C06D7F-741F-4476-B56F-930B3799DD3D}.Debug|x64.Build.0 = Debug|x64
		{C0C06D7F-741F-4476-B56F-930B3799DD3D}.Debug|x86.ActiveCfg = Debug|Win32
		{C0C06D7F-741F-4476-B56F-930B3799DD3D}.Debug|x86.Build.0 = Debug|Win32
		{C0C06D7F-741F-4476-B56F-930B3799DD3D}.Release|x64.ActiveCfg = Release|x64
		{C0C06D7F-741F-4476-B56F-930B3799DD3D}.Release|x64.Build.0 = Release|x64
		{C0C06D7F-741F-4476-B56F-930B3799DD3D}.Release|x86.ActiveCfg = Release|Win32
		{C0C06D7F-741F-4476-B56F-930B3799DD3D}.Release|x86.Build.0 = Release|Win32
		{965317EA-E4F3-4258-9C8C-715DEAB96C58}.Debug|x64.ActiveCfg = Debug|x64
		{965317EA-E4F3-4258-9C8C-715DEAB96C58}.Debug|x64.Build.0 = Debug|x64
		{965317EA-E4F3-4258-9C8C-715DEAB96C58}.Debug|x86.ActiveCfg = Debug|Win32
		{965317EA-E4F3-4258-9C8C-715DEAB96C58}.Debug|x86.Build.0 = Debug|Win32
		{965317EA-E4F3-4258-9C8C-715DEAB96C58}.Release|x64.ActiveCfg = Release|x64
		{965317EA-E4F3-4258-9C8C-715DEAB96C58}.Release|x64.Build.0 = Release|x64
		{965317EA-E4F3-4258-9C8C-715DEAB96C58}.Release|x86.ActiveCfg = Release|Win32
		{965317EA-E4F3-4258-9C8C-715DEAB96C58}.Release|x86.Build.0 = Release|Win32
		{8D72197C-E232-4C9E-A24A-0C31DA625D3F}.Debug|x64.ActiveCfg = Debug|x64
		{8D72197C-E232-4C9E-A24A-0C31DA625D3F}.Debug|x64.Build.0 = Debug|x64
		{8D72197C-E232-4C9E-A24A-0C31DA625D3F}.Debug|x86.ActiveCfg = Debug|Win32
		{8D72197C-E232-4C9E-A24A-0C31DA625D3F}.Debug|x86.Build.0 = Debug|Win32
		{8D72197C-E232-4C9E-A24A-0C31DA625D3F}.Release|x64.ActiveCfg = Release|x64
		{8D72197C-E232-4C9E-A24A-0C31DA625D3F}.Release|x64.Build.0 = Release|x64
		{8D72197C-E232-4C9E-A24A-0C31DA625D3F}.Release|x86.ActiveCfg = Release|Win32
		{8D72197C-E232-4C9E-A24A-0C31DA625D3F}.Release|x86.Build.0 = Release|Win32
		{A00193B3-DDC6-4C43-9721-DC8554F8ADCF}.Debug|x64.ActiveCfg = Debug|x64
		{A00193B3-DDC6-4C43-9721-DC8554F8ADCF}.Debug|x64.Build.0 = Debug|x64
		{A00193B3-DDC6-4C43-9721-DC8554F8ADCF}.Debug|x86.ActiveCfg = Debug|Win32
		{A00193B3-DDC6-4C43-9721-DC8554F8ADCF}.Debug|x86.Build.0 = Debug|Win32
		{A00193B3-DDC6-4C43-9721-DC8554F8ADCF}.Release|x64.ActiveCfg = Release|x64
		{A00193B3-DDC6-4C43-9721-DC8554F8ADCF}.Release|x64.Build.0 = Release|x64
		{A00193B3-DDC6-4C43-9721-DC8554F8ADCF}.Release|x86.ActiveCfg = Release|Win32
		{A00193B3-DDC6-4C43-9721-DC8554F8ADCF}.Release|x86.Build.0 = Release|Win32
		{7CBE473E-E7F7-46B4-8444-B6DB0AA147C6}.Debug|x64.ActiveCfg = Debug|x64
		{7CBE473E-E7F7-46B4-8444-B6DB0AA147C6}.Debug|x64.Build.0 = Debug|x64
		{7CBE473E-E7F7-46B4-8444-B6DB0AA147C6}.Debug|x86.ActiveCfg = Debug|Win32
		{7CBE473E-E7F7-46B4-8444-B6DB0AA147C6}.Debug|x86.Build.0 = Debug|Win32
		{7CBE473E-E7F7-46B4-8444-B6DB0AA147C6}.Release|x64.ActiveCfg = Release|x64
		{7CBE473E-E7F7-46B4-8444-B6DB0AA147C6}.Release|x64.Build.0 = Release|x64
		{7CBE473E-E7F7-46B4-8444-B6DB0AA147C6}.Release|x86.ActiveCfg = Release|Win32
		{7CBE473E-E7F7-46B4-8444-B6DB0AA147C6}.Release|x86.Build.0 = Release|Win32
		{C24F0BAB-770D-4D64-97DB-F627E685E216}.Debug|x64.ActiveCfg = Debug|x64
		{C24F0BAB-770D-4D64-97DB-F627E685E216}.Debug|x64.Build.0 = Debug|x64
		{C24F0BAB-770D-4D64-97DB-F627E685E216}.Debug|x86.ActiveCfg = Debug|Win32
		{C24F0BAB-770D-4D64-97DB-F627E685E216}.Debug|x86.Build.0 = Debug|Win32
		{C24F0BAB-770D-4D64-97DB-F627E685E216}.Release|x64.ActiveCfg = Release|x64
		{C24F0BAB-770D-4D64-97DB-F627E685E216}.Release|x64.Build.0 = Release|x64
		{C24F0BAB-770D-4D64-97DB-F627E685E216}.Release|x86.ActiveCfg = Release|Win32
		{C24F0BAB-770D-4D64-97DB-F627E685E216}.Release|x86.Build.0 = Release|Win32
		{33AAE8BA-41BB-4F7E-834E-9E7DCEBFE350}.Debug|x64.ActiveCfg = Debug|x64
		{33AAE8BA-41BB-4F7E-834E-9E7DCEBFE350}.Debug|x64.Build.0 = Debug|x64
		{33AAE8BA-41BB-4F7E-834E-9E7DCEBFE350}.Debug|x86.ActiveCfg = Debug|Win32
		{33AAE8BA-41BB-4F7E-834E-9E7DCEBFE350}.Debug|x86.Build.0 = Debug|Win32
		{33AAE8BA-41BB-4F7E-834E-9E7DCEBFE350}.Release|x64.ActiveCfg = Release|x64
		{33AAE8BA-41BB-4F7E-834E-9E7DCEBFE350}.Release|x64.Build.0 = Release|x64
		{33AAE8BA-41BB-4F7E-834E-9E7DCEBFE350}.Release|x86.ActiveCfg = Release|Win32
		{33AAE8BA-41BB-4F7E-834E-9E7DCEBFE350}.Release|x86.Build.0 = Release|Win32
		{17F4E9D4-2846-47ED-904F-48E055D8F19F}.Debug|x64.ActiveCfg = Debug|x64
		{17F4E9D4-2846-47ED-904F-48E055D8F19F}.Debug|x64.Build.0 = Debug|x64
		{17F4E9D4-2846-47ED-904F-48E055D8F19F}.Debug|x86.ActiveCfg = Debug|Win32
		{17F4E9D4-2846-47ED-904F-48E055D8F19F}.Debug|x86.Build.0 = Debug|Win32
		{17F4E9D4-2846-47ED-904F-48E055D8F19F}.Release|x64.ActiveCfg = Release|x64
		{17F4E9D4-2846-47ED-904F-48E055D8F19F}.Release|x64.Build.0 = Release|x64
		{17F4E9D4-2846-47ED-904F-48E055D8F19F}.Release|x86.ActiveCfg = Release|Win32
		{17F4E9D4-2846-47ED-904F-48E055D8F19F}.Release|x86.Build.0 = Release|Win32
		{220B73A2-D0BA-47FC-BC79-D7F283CA502D}.Debug|x64.ActiveCfg = Debug|x64
		{220B73A2-D0BA-47FC-BC79-D7F283CA502D}.Debug|x64.Build.0 = Debug|x64
		{220B73A2-D0BA-47FC-BC79-D7F283CA502D}.Debug|x86.ActiveCfg = Debug|Win32
		{220B73A2-D0BA-47FC-BC79-D7F283CA502D}.Debug|x86.Build.0 = Debug|Win32
		{220B73A2-D0BA-47FC-BC79-D7F283CA502D}.Release|x64.ActiveCfg = Release|x64
		{220B73A2-D0BA-47FC-BC79-D7F283CA502D}.Release|x64.Build.0 = Release|x64
		{220B73A2-D0BA-47FC-BC79-D7F283CA502D}.Release|x86.ActiveCfg = Release|Win32
		{220B73A2-D0BA-47FC-BC79-D7F283CA502D}.Release|x86.Build.0 = Release|Win32
		{3D625828-AA84-4840-B5D2-8CC7C8B179C7}.Debug|x64.ActiveCfg = Debug|x64
		{3D625828-AA84-4840-B5D2-8CC7C8B179C7}.Debug|x64.Build.0 = Debug|x64
		{3D625828-AA84-4840-B5D2-8CC7C8B179C7}.Debug|x86.ActiveCfg = Debug|Win32
		{3D625828-AA84-4840-B5D2-8CC7C8B179C7}.Debug|x86.Build.0 = Debug|Win32
		{3D625828-AA84-4840-B5D2-8CC7C8B179C7}.Release|x64.ActiveCfg = Release|x64
		{3D625828-AA84-4840-B5D2-8CC7C8B179C7}.Release|x64.Build.0 = Release|x64
		{3D625828-AA84-4840-B5D2-8CC7C8B179C7}.Release|x86.ActiveCfg = Release|Win32
		{3D625828-AA84-4840-B5D2-8CC7C8B179C7}.Release|x86.Build.0 = Release|Win32
		{C4F55277-1E23-4614-B88D-FDBF09CB86FD}.Debug|x64.ActiveCfg = Debug|x64
		{C4F55277-1E23-4614-B88D-FDBF09CB86FD}.Debug|x64.Build.0 = Debug|x64
		{C4F55277-1E23-4614-B88D-FDBF09CB86FD}.Debug|x86.ActiveCfg = Debug|Win32
		{C4F55277-1E23-4614-B88D-FDBF09CB86FD}.Debug|x86.Build.0 = Debug|Win32
		{C4F55277-1E23-4614-B88D-FDBF09CB86FD}.Release|x64.ActiveCfg = Release|x64
		{C4F55277-1E23-4614-B88D-FDBF09CB86FD}.Release|x64.Build.0 = Release|x64
		{C4F55277-1E23-4614-B88D-FDBF09CB86FD}.Release|x86.ActiveCfg = Release|Win32
		{C4F55277-1E23-4614-B88D-FDBF09CB86FD}.Release|x86.Build.0 = Release|Win32
		{92BDF89E-2160-4712-88F0-E39020A598EC}.Debug|x64.ActiveCfg = Debug|x64
		{92BDF89E-2160-4712-88F0-E39020A598EC}.Debug|x64.Build.0 = Debug|x64
		{92BDF89E-2160-4712-88F0-E39020A598EC}.Debug|x86.ActiveCfg = Debug|Win32
		{92BDF89E-2160-4712-88F0-E39020A598EC}.Debug|x86.Build.0 = Debug|Win32
		{92BDF89E-2160-4712-88F0-E39020A598EC}.Release|x64.ActiveCfg = Release|x64
		{92BDF89E-2160-4712-88F0-E39020A598EC}.Release|x64.Build.0 = Release|x64
		{92BDF89E-2160-4712-88F0-E39020A598EC}.Release|x86.ActiveCfg = Release|Win32
		{92BDF89E-2160-4712-88F0-E39020A598EC}.Release|x86.Build.0 = Release|Win32
		{E1D627D3-0F8E-41DC-B07E-9C0117AF443B}.Debug|x64.ActiveCfg = Debug|x64
		{E1D627D3-0F8E-41DC-B07E-9C0117AF443B}.Debug|x64.Build.0 = Debug|x64
		{E1D627D3-0F8E-41DC-B07E-9C0117AF443B}.Debug|x86.ActiveCfg = Debug|Win32
		{E1D627D3-0F8E-41DC-B07E-9C0117AF443B}.Debug|x86.Build.0 = Debug|Win32
		{E1D627D3-0F8E-41DC-B07E-9C0117AF443B}.Release|x64.ActiveCfg = Release|x64
		{E1D627D3-0F8E-41DC-B07E-9C0117AF443B}.Release|x64.Build.0 = Release|x64
		{E1D627D3-0F8E-41DC-B07E-9C0117AF443B}.Release|x86.ActiveCfg = Release|Win32
		{E1D627D3-0F8E-41DC-B07E-9C0117AF443B}.Release|x86.Build.0 = Release|Win32
	EndGlobalSection
	GlobalSection(SolutionProperties) = preSolution
		HideSolutionNode = FALSE
	EndGlobalSection
	GlobalSection(NestedProjects) = preSolution
		{FC29015B-FD9B-4AC9-832D-F660D2D7169D} = {6C3103B8-E79F-4CFA-ABE2-7376213BF6A0}
		{02EA681E-C7D8-13C7-8484-4AC65E1B71E8} = {C757BD0D-88DA-4A07-A389-AE7E3BC5360E}
		{A0078B5C-7469-4E39-9099-0E42C62C6D2C} = {C757BD0D-88DA-4A07-A389-AE7E3BC5360E}
		{485DBD5C-8DDE-4D76-8B43-5C01A131FBEB} = {A0078B5C-7469-4E39-9099-0E42C62C6D2C}
		{7AD08E7B-AB3C-46C3-A68E-05D1BCA30C86} = {A0078B5C-7469-4E39-9099-0E42C62C6D2C}
		{BD4A463B-510A-44B5-88A0-BD81DD4E46B2} = {6C3103B8-E79F-4CFA-ABE2-7376213BF6A0}
		{7DFF59B9-6450-4359-962E-922BD5487C32} = {485DBD5C-8DDE-4D76-8B43-5C01A131FBEB}
		{DCD4F63C-36D2-4639-83AC-DDB3FFC467C0} = {485DBD5C-8DDE-4D76-8B43-5C01A131FBEB}
		{7581E55B-5BF0-4443-B28E-FFAC383F4C21} = {485DBD5C-8DDE-4D76-8B43-5C01A131FBEB}
		{07890428-9607-49D9-B2E1-7ADAD185FE64} = {C757BD0D-88DA-4A07-A389-AE7E3BC5360E}
		{7D732139-58FD-4E6F-A12A-F6B3F8B13577} = {07890428-9607-49D9-B2E1-7ADAD185FE64}
		{03F2DF47-F5B9-41E9-933B-903D317FEEB1} = {485DBD5C-8DDE-4D76-8B43-5C01A131FBEB}
		{13118878-9993-4729-84B4-86C0197DAD06} = {02EA681E-C7D8-13C7-8484-4AC65E1B71E8}
		{30D7288B-8317-4FB0-80B5-2FCCAD2AE1FA} = {02EA681E-C7D8-13C7-8484-4AC65E1B71E8}
		{6348AEF3-B5C7-43C9-AEAD-D707F104140F} = {02EA681E-C7D8-13C7-8484-4AC65E1B71E8}
		{551BF228-E717-4450-891B-20B1F2A097A1} = {7AD08E7B-AB3C-46C3-A68E-05D1BCA30C86}
		{7D172AE7-4B58-430F-A448-B7B6139384A2} = {7AD08E7B-AB3C-46C3-A68E-05D1BCA30C86}
		{341399B9-CD77-43CA-B0BD-B4504A3EC82B} = {7AD08E7B-AB3C-46C3-A68E-05D1BCA30C86}
		{34DA1D56-8463-4D6D-9DC1-58D13A66F71C} = {485DBD5C-8DDE-4D76-8B43-5C01A131FBEB}
		{8B95AB85-AA83-465D-8B10-19CCF03A3654} = {485DBD5C-8DDE-4D76-8B43-5C01A131FBEB}
		{FA8524DA-D5B6-4785-8B1C-F43E985E56AA} = {485DBD5C-8DDE-4D76-8B43-5C01A131FBEB}
		{963B97D8-5FE7-40C1-AC41-05441452F2D7} = {07890428-9607-49D9-B2E1-7ADAD185FE64}
		{B1CFC307-2AFD-4B53-BA3A-DE6226BFD494} = {07890428-9607-49D9-B2E1-7ADAD185FE64}
		{BD08644C-5088-49D6-A48E-8D8B916D073B} = {C757BD0D-88DA-4A07-A389-AE7E3BC5360E}
		{31C984D0-9550-4B16-8CF3-C5030EB53E00} = {BD08644C-5088-49D6-A48E-8D8B916D073B}
		{25282015-32E5-471D-97A6-31ADDA31E797} = {BD08644C-5088-49D6-A48E-8D8B916D073B}
		{8BAC5861-85E7-4AE9-B178-B84EF907146C} = {BD08644C-5088-49D6-A48E-8D8B916D073B}
		{96C26F40-AE31-4E5B-8318-F6D183AD8185} = {BD08644C-5088-49D6-A48E-8D8B916D073B}
		{A0261F03-BBFD-4406-A62A-5F9CCCC67C0E} = {BD08644C-5088-49D6-A48E-8D8B916D073B}
		{EEC1C7C0-D92B-434D-A72D-6DE65DDF4B0E} = {BD08644C-5088-49D6-A48E-8D8B916D073B}
		{AEAF7FD5-AB63-49DF-883B-E3087DCE5763} = {BD08644C-5088-49D6-A48E-8D8B916D073B}
		{C0C06D7F-741F-4476-B56F-930B3799DD3D} = {BD08644C-5088-49D6-A48E-8D8B916D073B}
		{965317EA-E4F3-4258-9C8C-715DEAB96C58} = {BD08644C-5088-49D6-A48E-8D8B916D073B}
		{8D72197C-E232-4C9E-A24A-0C31DA625D3F} = {BD08644C-5088-49D6-A48E-8D8B916D073B}
		{A00193B3-DDC6-4C43-9721-DC8554F8ADCF} = {BD08644C-5088-49D6-A48E-8D8B916D073B}
		{7CBE473E-E7F7-46B4-8444-B6DB0AA147C6} = {BD08644C-5088-49D6-A48E-8D8B916D073B}
		{C24F0BAB-770D-4D64-97DB-F627E685E216} = {BD08644C-5088-49D6-A48E-8D8B916D073B}
		{33AAE8BA-41BB-4F7E-834E-9E7DCEBFE350} = {BD08644C-5088-49D6-A48E-8D8B916D073B}
		{17F4E9D4-2846-47ED-904F-48E055D8F19F} = {BD08644C-5088-49D6-A48E-8D8B916D073B}
		{220B73A2-D0BA-47FC-BC79-D7F283CA502D} = {BD08644C-5088-49D6-A48E-8D8B916D073B}
		{3D625828-AA84-4840-B5D2-8CC7C8B179C7} = {BD08644C-5088-49D6-A48E-8D8B916D073B}
		{C4F55277-1E23-4614-B88D-FDBF09CB86FD} = {BD08644C-5088-49D6-A48E-8D8B916D073B}
		{92BDF89E-2160-4712-88F0-E39020A598EC} = {BD08644C-5088-49D6-A48E-8D8B916D073B}
		{E1D627D3-0F8E-41DC-B07E-9C0117AF443B} = {07890428-9607-49D9-B2E1-7ADAD185FE64}
	EndGlobalSection
	GlobalSection(ExtensibilityGlobals) = postSolution
		SolutionGuid = {39DD7ACD-8F24-4314-9D3C-74F6B00572A2}
	EndGlobalSection
EndGlobal
