<?xml version="1.0" encoding="utf-8"?>
<Project ToolsVersion="4.0" xmlns="http://schemas.microsoft.com/developer/msbuild/2003">
  <ItemGroup>
    <Filter Include="Source Files">
      <UniqueIdentifier>{4FC737F1-C7A5-4376-A066-2A32D752A2FF}</UniqueIdentifier>
      <Extensions>cpp;c;cc;cxx;def;odl;idl;hpj;bat;asm;asmx</Extensions>
    </Filter>
    <Filter Include="Header Files">
      <UniqueIdentifier>{93995380-89BD-4b04-88EB-625FBE52EBFB}</UniqueIdentifier>
      <Extensions>h;hh;hpp;hxx;hm;inl;inc;xsd</Extensions>
    </Filter>
    <Filter Include="Resource Files">
      <UniqueIdentifier>{67DA6AB6-F800-4c08-8B7A-83BB121AAD01}</UniqueIdentifier>
      <Extensions>rc;ico;cur;bmp;dlg;rc2;rct;bin;rgs;gif;jpg;jpeg;jpe;resx;tiff;tif;png;wav</Extensions>
    </Filter>
  </ItemGroup>
  <ItemGroup>
    <ClCompile Include="main.cpp">
      <Filter>Source Files</Filter>
    </ClCompile>
    <ClCompile Include="src\event_handler\event_handler.cpp">
      <Filter>Source Files</Filter>
    </ClCompile>
    <ClCompile Include="src\event_handler\mission_event_handler.cpp">
      <Filter>Source Files</Filter>
    </ClCompile>
    <ClCompile Include="src\event_handler\scene_event_handler.cpp">
      <Filter>Source Files</Filter>
    </ClCompile>
    <ClCompile Include="src\event_handler\server_event_handler.cpp">
      <Filter>Source Files</Filter>
    </ClCompile>
    <ClCompile Include="src\grpc\handler\deploy_grpc_reply_handler.cpp">
      <Filter>Source Files</Filter>
    </ClCompile>
    <ClCompile Include="src\grpc\request\deploy_grpc_requst.cpp">
      <Filter>Source Files</Filter>
    </ClCompile>
    <ClCompile Include="src\grpc\async_client_call.cpp">
      <Filter>Source Files</Filter>
    </ClCompile>
    <ClCompile Include="src\handler\common_client_player_handler.cpp">
      <Filter>Source Files</Filter>
    </ClCompile>
    <ClCompile Include="src\handler\game_scene_handler.cpp">
      <Filter>Source Files</Filter>
    </ClCompile>
    <ClCompile Include="src\handler\game_scene_server_player_handler.cpp">
      <Filter>Source Files</Filter>
    </ClCompile>
    <ClCompile Include="src\handler\game_server_player_handler.cpp">
      <Filter>Source Files</Filter>
    </ClCompile>
    <ClCompile Include="src\handler\game_service_handler.cpp">
      <Filter>Source Files</Filter>
    </ClCompile>
    <ClCompile Include="src\handler\player_service.cpp">
      <Filter>Source Files</Filter>
    </ClCompile>
    <ClCompile Include="src\handler\register_handler.cpp">
      <Filter>Source Files</Filter>
    </ClCompile>
    <ClCompile Include="src\handler\scene_client_player_handler.cpp">
      <Filter>Source Files</Filter>
    </ClCompile>
    <ClCompile Include="src\handler\team_client_player_handler.cpp">
      <Filter>Source Files</Filter>
    </ClCompile>
    <ClCompile Include="src\network\message_system.cpp">
      <Filter>Source Files</Filter>
    </ClCompile>
    <ClCompile Include="src\replied_handler\centre_common_server_player_replied_handler.cpp">
      <Filter>Source Files</Filter>
    </ClCompile>
    <ClCompile Include="src\replied_handler\centre_scene_replied_handler.cpp">
      <Filter>Source Files</Filter>
    </ClCompile>
    <ClCompile Include="src\replied_handler\centre_scene_server_player_replied_handler.cpp">
      <Filter>Source Files</Filter>
    </ClCompile>
    <ClCompile Include="src\replied_handler\centre_service_replied_handler.cpp">
      <Filter>Source Files</Filter>
    </ClCompile>
    <ClCompile Include="src\replied_handler\common_client_player_replied_handler.cpp">
      <Filter>Source Files</Filter>
    </ClCompile>
    <ClCompile Include="src\replied_handler\player_service_replied.cpp">
      <Filter>Source Files</Filter>
    </ClCompile>
    <ClCompile Include="src\replied_handler\register_replied_handler.cpp">
      <Filter>Source Files</Filter>
    </ClCompile>
    <ClCompile Include="src\replied_handler\scene_client_player_replied_handler.cpp">
      <Filter>Source Files</Filter>
    </ClCompile>
    <ClCompile Include="src\replied_handler\team_client_player_replied_handler.cpp">
      <Filter>Source Files</Filter>
    </ClCompile>
    <ClCompile Include="src\system\config\config_system.cpp">
      <Filter>Source Files</Filter>
    </ClCompile>
    <ClCompile Include="src\system\game_node_scene.cpp">
      <Filter>Source Files</Filter>
    </ClCompile>
    <ClCompile Include="src\system\player\player_scene.cpp">
      <Filter>Source Files</Filter>
    </ClCompile>
    <ClCompile Include="src\system\player\player_session.cpp">
      <Filter>Source Files</Filter>
    </ClCompile>
    <ClCompile Include="src\system\player\player_tip.cpp">
      <Filter>Source Files</Filter>
    </ClCompile>
    <ClCompile Include="src\system\recast.cpp">
      <Filter>Source Files</Filter>
    </ClCompile>
    <ClCompile Include="src\system\redis.cpp">
      <Filter>Source Files</Filter>
    </ClCompile>
    <ClCompile Include="src\thread_local\storage_game.cpp">
      <Filter>Source Files</Filter>
    </ClCompile>
    <ClCompile Include="src\game_node.cpp">
      <Filter>Source Files</Filter>
    </ClCompile>
    <ClCompile Include="src\system\player\player_node.cpp">
      <Filter>Source Files</Filter>
    </ClCompile>
    <ClCompile Include="src\system\scene\aoi.cpp">
      <Filter>Source Files</Filter>
    </ClCompile>
  </ItemGroup>
  <ItemGroup>
    <ClInclude Include="src\comp\game_node_scene.h">
      <Filter>Header Files</Filter>
    </ClInclude>
    <ClInclude Include="src\event_handler\event_handler.h">
      <Filter>Header Files</Filter>
    </ClInclude>
    <ClInclude Include="src\event_handler\mission_event_handler.h">
      <Filter>Header Files</Filter>
    </ClInclude>
    <ClInclude Include="src\event_handler\scene_event_handler.h">
      <Filter>Header Files</Filter>
    </ClInclude>
    <ClInclude Include="src\event_handler\server_event_handler.h">
      <Filter>Header Files</Filter>
    </ClInclude>
    <ClInclude Include="src\grpc\handler\deploy_grpc_reply_handler.h">
      <Filter>Header Files</Filter>
    </ClInclude>
    <ClInclude Include="src\grpc\request\deploy_grpc_requst.h">
      <Filter>Header Files</Filter>
    </ClInclude>
    <ClInclude Include="src\grpc\async_client_call.h">
      <Filter>Header Files</Filter>
    </ClInclude>
    <ClInclude Include="src\handler\common_client_player_handler.h">
      <Filter>Header Files</Filter>
    </ClInclude>
    <ClInclude Include="src\handler\game_scene_handler.h">
      <Filter>Header Files</Filter>
    </ClInclude>
    <ClInclude Include="src\handler\game_scene_server_player_handler.h">
      <Filter>Header Files</Filter>
    </ClInclude>
    <ClInclude Include="src\handler\game_server_player_handler.h">
      <Filter>Header Files</Filter>
    </ClInclude>
    <ClInclude Include="src\handler\game_service_handler.h">
      <Filter>Header Files</Filter>
    </ClInclude>
    <ClInclude Include="src\handler\player_service.h">
      <Filter>Header Files</Filter>
    </ClInclude>
    <ClInclude Include="src\handler\register_handler.h">
      <Filter>Header Files</Filter>
    </ClInclude>
    <ClInclude Include="src\handler\scene_client_player_handler.h">
      <Filter>Header Files</Filter>
    </ClInclude>
    <ClInclude Include="src\handler\team_client_player_handler.h">
      <Filter>Header Files</Filter>
    </ClInclude>
    <ClInclude Include="src\network\message_system.h">
      <Filter>Header Files</Filter>
    </ClInclude>
    <ClInclude Include="src\replied_handler\centre_common_server_player_replied_handler.h">
      <Filter>Header Files</Filter>
    </ClInclude>
    <ClInclude Include="src\replied_handler\centre_scene_replied_handler.h">
      <Filter>Header Files</Filter>
    </ClInclude>
    <ClInclude Include="src\replied_handler\centre_scene_server_player_replied_handler.h">
      <Filter>Header Files</Filter>
    </ClInclude>
    <ClInclude Include="src\replied_handler\centre_service_replied_handler.h">
      <Filter>Header Files</Filter>
    </ClInclude>
    <ClInclude Include="src\replied_handler\common_client_player_replied_handler.h">
      <Filter>Header Files</Filter>
    </ClInclude>
    <ClInclude Include="src\replied_handler\player_service_replied.h">
      <Filter>Header Files</Filter>
    </ClInclude>
    <ClInclude Include="src\replied_handler\scene_client_player_replied_handler.h">
      <Filter>Header Files</Filter>
    </ClInclude>
    <ClInclude Include="src\replied_handler\team_client_player_replied_handler.h">
      <Filter>Header Files</Filter>
    </ClInclude>
    <ClInclude Include="src\system\config\config_system.h">
      <Filter>Header Files</Filter>
    </ClInclude>
    <ClInclude Include="src\system\game_node_scene.h">
      <Filter>Header Files</Filter>
    </ClInclude>
    <ClInclude Include="src\system\player\player_scene.h">
      <Filter>Header Files</Filter>
    </ClInclude>
    <ClInclude Include="src\system\player\player_session.h">
      <Filter>Header Files</Filter>
    </ClInclude>
    <ClInclude Include="src\system\player\player_tip.h">
      <Filter>Header Files</Filter>
    </ClInclude>
    <ClInclude Include="src\system\recast.h">
      <Filter>Header Files</Filter>
    </ClInclude>
    <ClInclude Include="src\system\redis.h">
      <Filter>Header Files</Filter>
    </ClInclude>
    <ClInclude Include="src\thread_local\storage_game.h">
      <Filter>Header Files</Filter>
    </ClInclude>
    <ClInclude Include="src\type_alias\player_loading.h">
      <Filter>Header Files</Filter>
    </ClInclude>
    <ClInclude Include="src\type_alias\player_redis.h">
      <Filter>Header Files</Filter>
    </ClInclude>
    <ClInclude Include="src\game_node.h">
      <Filter>Header Files</Filter>
    </ClInclude>
    <ClInclude Include="src\system\player\player_node.h">
      <Filter>Header Files</Filter>
    </ClInclude>
    <ClInclude Include="src\system\scene\aoi.h">
      <Filter>Header Files</Filter>
    </ClInclude>
    <ClInclude Include="src\system\scene\hexagons_grid.h">
      <Filter>Header Files</Filter>
    </ClInclude>
    <ClInclude Include="src\comp\scene\grid.h">
      <Filter>Header Files</Filter>
    </ClInclude>
    <ClInclude Include="src\comp\scene\nav.h">
      <Filter>Header Files</Filter>
    </ClInclude>
  </ItemGroup>
</Project>