<?xml version="1.0" encoding="utf-8"?>
<Project ToolsVersion="4.0" xmlns="http://schemas.microsoft.com/developer/msbuild/2003">
  <ItemGroup>
    <ClInclude Include="src\config_expression\config_expression.h" />
    <ClInclude Include="src\exprtk\exprtk.hpp" />
    <ClInclude Include="src\game_config\deploy_json.h" />
    <ClInclude Include="src\grpc\deploy\deploy_client.h" />
    <ClInclude Include="src\jsoncpp\json.h" />
    <ClInclude Include="src\muduowindow\TimerId.h" />
    <ClInclude Include="src\network\game_rpc.pb.h" />
    <ClInclude Include="src\network\gate_session.h" />
    <ClInclude Include="src\network\process_info.h" />
    <ClInclude Include="src\network\rpc_channel.h" />
    <ClInclude Include="src\network\rpc_client.h" />
    <ClInclude Include="src\network\rpc_connection_event.h" />
    <ClInclude Include="src\network\rpc_msg_route.h" />
    <ClInclude Include="src\network\rpc_server.h" />
    <ClInclude Include="src\network\rpc_session.h" />
    <ClInclude Include="src\network\codec\codec.h" />
    <ClInclude Include="src\network\codec\dispatcher.h" />
    <ClInclude Include="src\network\codec\dispatcher_lite.h" />
    <ClInclude Include="src\redis_client\redis_client.h" />
    <ClInclude Include="src\thread_local\storage.h" />
    <ClInclude Include="src\thread_local\storage_common_logic.h" />
    <ClInclude Include="src\thread_local\storage_lua.h" />
    <ClInclude Include="src\type_define\type_define.h" />
    <ClInclude Include="src\util\consistent_hash_node.h" />
    <ClInclude Include="src\util\defer.h" />
    <ClInclude Include="src\util\expected.h" />
    <ClInclude Include="src\util\file2string.h" />
    <ClInclude Include="src\util\game_registry.h" />
    <ClInclude Include="src\util\pb.h" />
    <ClInclude Include="src\util\random.h" />
    <ClInclude Include="src\util\snow_flake.h" />
    <ClInclude Include="src\util\type_traits.h" />
    <ClInclude Include="src\util\utility.h" />
    <ClInclude Include="src\global_data\async_log_file.h" />
    <ClInclude Include="src\macros\game_log.h" />
    <ClInclude Include="src\network\message_statistics.h" />
    <ClInclude Include="src\test\test.h" />
  </ItemGroup>
  <ItemGroup>
    <ClCompile Include="src\game_config\deploy_json.cpp" />
    <ClCompile Include="src\grpc\deploy\deploy_client.cpp" />
    <ClCompile Include="src\jsoncpp\jsoncpp.cpp" />
    <ClCompile Include="src\network\game_rpc.pb.cc" />
    <ClCompile Include="src\network\gate_session.cpp" />
    <ClCompile Include="src\network\process_info.cpp" />
    <ClCompile Include="src\network\rpc_channel.cc" />
    <ClCompile Include="src\network\rpc_msg_route.cpp" />
    <ClCompile Include="src\network\rpc_server.cc" />
    <ClCompile Include="src\network\rpc_session.cpp" />
    <ClCompile Include="src\network\codec\codec.cc" />
    <ClCompile Include="src\redis_client\redis_client.cpp" />
    <ClCompile Include="src\thread_local\storage.cpp" />
    <ClCompile Include="src\thread_local\storage_common_logic.cpp" />
    <ClCompile Include="src\thread_local\storage_lua.cpp" />
    <ClCompile Include="src\util\consistent_hash_node.cpp" />
    <ClCompile Include="src\util\defer.cpp" />
    <ClCompile Include="src\util\file2string.cpp" />
    <ClCompile Include="src\util\game_registry.cpp" />
    <ClCompile Include="src\util\pb.cpp" />
    <ClCompile Include="src\util\utility.cpp" />
    <ClCompile Include="src\global_data\async_log_file.cpp" />
    <ClCompile Include="src\network\message_statistics.cpp" />
    <ClCompile Include="src\test\test.cpp" />
  </ItemGroup>
  <ItemGroup>
    <None Include="src\network\autogen.bat" />
    <None Include="src\network\autogen.sh" />
    <None Include="src\network\game_rpc.proto" />
    <None Include="src\network\protoc.exe" />
  </ItemGroup>
</Project>