<?xml version="1.0" encoding="utf-8"?>
<Project ToolsVersion="4.0" xmlns="http://schemas.microsoft.com/developer/msbuild/2003">
  <ItemGroup>
    <ClCompile Include="..\..\common\src\game_logic\bag\bag.cpp">
      <Filter>source</Filter>
    </ClCompile>
    <ClCompile Include="bag_test.cpp">
      <Filter>source</Filter>
    </ClCompile>
    <ClCompile Include="..\..\common\src\game_logic\bag\item.cpp">
      <Filter>source</Filter>
    </ClCompile>
    <ClCompile Include="..\..\common\src\pb\pbc\component_proto\item_base.pb.cc">
      <Filter>source</Filter>
    </ClCompile>
    <ClCompile Include="..\..\common\src\pb\pbc\item_config.pb.cc">
      <Filter>source</Filter>
    </ClCompile>
    <ClCompile Include="..\..\common\src\game_config\item_config.cpp">
      <Filter>source</Filter>
    </ClCompile>
    <ClCompile Include="..\..\common\src\util\file2string.cpp">
      <Filter>source</Filter>
    </ClCompile>
  </ItemGroup>
  <ItemGroup>
    <Filter Include="Include">
      <UniqueIdentifier>{43a4fce5-b484-4063-addf-8d468066a973}</UniqueIdentifier>
    </Filter>
    <Filter Include="source">
      <UniqueIdentifier>{5f3fffc6-c25e-4376-b911-251d3222cb4c}</UniqueIdentifier>
    </Filter>
  </ItemGroup>
  <ItemGroup>
    <ClInclude Include="..\..\common\src\game_logic\bag\bag.h">
      <Filter>Include</Filter>
    </ClInclude>
    <ClInclude Include="..\..\common\src\game_logic\bag\item.h">
      <Filter>Include</Filter>
    </ClInclude>
    <ClInclude Include="..\..\common\src\pb\pbc\component_proto\item_base.pb.h">
      <Filter>Include</Filter>
    </ClInclude>
    <ClInclude Include="..\..\common\src\pb\pbc\item_config.pb.h">
      <Filter>Include</Filter>
    </ClInclude>
    <ClInclude Include="..\..\common\src\game_config\item_config.h">
      <Filter>Include</Filter>
    </ClInclude>
    <ClInclude Include="..\..\common\src\util\file2string.h">
      <Filter>Include</Filter>
    </ClInclude>
  </ItemGroup>
</Project>