<?xml version="1.0" encoding="utf-8"?>
<Project ToolsVersion="4.0" xmlns="http://schemas.microsoft.com/developer/msbuild/2003">
  <ItemGroup>
    <Filter Include="源文件">
      <UniqueIdentifier>{4FC737F1-C7A5-4376-A066-2A32D752A2FF}</UniqueIdentifier>
      <Extensions>cpp;c;cc;cxx;c++;cppm;ixx;def;odl;idl;hpj;bat;asm;asmx</Extensions>
    </Filter>
    <Filter Include="头文件">
      <UniqueIdentifier>{93995380-89BD-4b04-88EB-625FBE52EBFB}</UniqueIdentifier>
      <Extensions>h;hh;hpp;hxx;h++;hm;inl;inc;ipp;xsd</Extensions>
    </Filter>
    <Filter Include="资源文件">
      <UniqueIdentifier>{67DA6AB6-F800-4c08-8B7A-83BB121AAD01}</UniqueIdentifier>
      <Extensions>rc;ico;cur;bmp;dlg;rc2;rct;bin;rgs;gif;jpg;jpeg;jpe;resx;tiff;tif;png;wav;mfcribbon-ms</Extensions>
    </Filter>
  </ItemGroup>
  <ItemGroup>
    <ClCompile Include="src\client_player_proto\common_client_player.pb.cc">
      <Filter>源文件</Filter>
    </ClCompile>
    <ClCompile Include="src\client_player_proto\scene_client_player.pb.cc">
      <Filter>源文件</Filter>
    </ClCompile>
    <ClCompile Include="src\client_player_proto\team_client_player.pb.cc">
      <Filter>源文件</Filter>
    </ClCompile>
    <ClCompile Include="src\common_proto\account_database.pb.cc">
      <Filter>源文件</Filter>
    </ClCompile>
    <ClCompile Include="src\common_proto\c2gate.pb.cc">
      <Filter>源文件</Filter>
    </ClCompile>
    <ClCompile Include="src\common_proto\centre_service.pb.cc">
      <Filter>源文件</Filter>
    </ClCompile>
    <ClCompile Include="src\common_proto\common.pb.cc">
      <Filter>源文件</Filter>
    </ClCompile>
    <ClCompile Include="src\common_proto\common_message.pb.cc">
      <Filter>源文件</Filter>
    </ClCompile>
    <ClCompile Include="src\common_proto\comp.pb.cc">
      <Filter>源文件</Filter>
    </ClCompile>
    <ClCompile Include="src\common_proto\db_base.pb.cc">
      <Filter>源文件</Filter>
    </ClCompile>
    <ClCompile Include="src\common_proto\db_service.grpc.pb.cc">
      <Filter>源文件</Filter>
    </ClCompile>
    <ClCompile Include="src\common_proto\db_service.pb.cc">
      <Filter>源文件</Filter>
    </ClCompile>
    <ClCompile Include="src\common_proto\deploy_config.pb.cc">
      <Filter>源文件</Filter>
    </ClCompile>
    <ClCompile Include="src\common_proto\deploy_service.grpc.pb.cc">
      <Filter>源文件</Filter>
    </ClCompile>
    <ClCompile Include="src\common_proto\deploy_service.pb.cc">
      <Filter>源文件</Filter>
    </ClCompile>
    <ClCompile Include="src\common_proto\empty.pb.cc">
      <Filter>源文件</Filter>
    </ClCompile>
    <ClCompile Include="src\common_proto\game_service.pb.cc">
      <Filter>源文件</Filter>
    </ClCompile>
    <ClCompile Include="src\common_proto\gate_service.pb.cc">
      <Filter>源文件</Filter>
    </ClCompile>
    <ClCompile Include="src\common_proto\login_service.grpc.pb.cc">
      <Filter>源文件</Filter>
    </ClCompile>
    <ClCompile Include="src\common_proto\login_service.pb.cc">
      <Filter>源文件</Filter>
    </ClCompile>
    <ClCompile Include="src\common_proto\mysql_database_table.pb.cc">
      <Filter>源文件</Filter>
    </ClCompile>
    <ClCompile Include="src\common_proto\node_common.pb.cc">
      <Filter>源文件</Filter>
    </ClCompile>
    <ClCompile Include="src\common_proto\session.pb.cc">
      <Filter>源文件</Filter>
    </ClCompile>
    <ClCompile Include="src\common_proto\tip.pb.cc">
      <Filter>源文件</Filter>
    </ClCompile>
    <ClCompile Include="src\component_proto\gs_node_comp.pb.cc">
      <Filter>源文件</Filter>
    </ClCompile>
    <ClCompile Include="src\component_proto\item_base_comp.pb.cc">
      <Filter>源文件</Filter>
    </ClCompile>
    <ClCompile Include="src\component_proto\item_comp.pb.cc">
      <Filter>源文件</Filter>
    </ClCompile>
    <ClCompile Include="src\component_proto\mission_comp.pb.cc">
      <Filter>源文件</Filter>
    </ClCompile>
    <ClCompile Include="src\component_proto\player_async_comp.pb.cc">
      <Filter>源文件</Filter>
    </ClCompile>
    <ClCompile Include="src\component_proto\player_comp.pb.cc">
      <Filter>源文件</Filter>
    </ClCompile>
    <ClCompile Include="src\component_proto\player_login_comp.pb.cc">
      <Filter>源文件</Filter>
    </ClCompile>
    <ClCompile Include="src\component_proto\player_network_comp.pb.cc">
      <Filter>源文件</Filter>
    </ClCompile>
    <ClCompile Include="src\component_proto\player_scene_comp.pb.cc">
      <Filter>源文件</Filter>
    </ClCompile>
    <ClCompile Include="src\component_proto\scene_comp.pb.cc">
      <Filter>源文件</Filter>
    </ClCompile>
    <ClCompile Include="src\component_proto\team_comp.pb.cc">
      <Filter>源文件</Filter>
    </ClCompile>
    <ClCompile Include="src\constants_proto\node.pb.cc">
      <Filter>源文件</Filter>
    </ClCompile>
    <ClCompile Include="src\constants_proto\scene.pb.cc">
      <Filter>源文件</Filter>
    </ClCompile>
    <ClCompile Include="src\event_proto\mission_event.pb.cc">
      <Filter>源文件</Filter>
    </ClCompile>
    <ClCompile Include="src\event_proto\scene_event.pb.cc">
      <Filter>源文件</Filter>
    </ClCompile>
    <ClCompile Include="src\event_proto\server_event.pb.cc">
      <Filter>源文件</Filter>
    </ClCompile>
    <ClCompile Include="src\game_config\condition_config.pb.cc">
      <Filter>源文件</Filter>
    </ClCompile>
    <ClCompile Include="src\game_config\global_variable_config.pb.cc">
      <Filter>源文件</Filter>
    </ClCompile>
    <ClCompile Include="src\game_config\item_config.pb.cc">
      <Filter>源文件</Filter>
    </ClCompile>
    <ClCompile Include="src\game_config\mainscene_config.pb.cc">
      <Filter>源文件</Filter>
    </ClCompile>
    <ClCompile Include="src\game_config\mission_config.pb.cc">
      <Filter>源文件</Filter>
    </ClCompile>
    <ClCompile Include="src\game_config\monster_base_config.pb.cc">
      <Filter>源文件</Filter>
    </ClCompile>
    <ClCompile Include="src\game_config\scene_config.pb.cc">
      <Filter>源文件</Filter>
    </ClCompile>
    <ClCompile Include="src\logic_proto\centre_scene.pb.cc">
      <Filter>源文件</Filter>
    </ClCompile>
    <ClCompile Include="src\logic_proto\centre_team.pb.cc">
      <Filter>源文件</Filter>
    </ClCompile>
    <ClCompile Include="src\logic_proto\controller_team.pb.cc">
      <Filter>源文件</Filter>
    </ClCompile>
    <ClCompile Include="src\logic_proto\game_scene.pb.cc">
      <Filter>源文件</Filter>
    </ClCompile>
    <ClCompile Include="src\logic_proto\game_team.pb.cc">
      <Filter>源文件</Filter>
    </ClCompile>
    <ClCompile Include="src\lua\account_database_sol2.cpp">
      <Filter>源文件</Filter>
    </ClCompile>
    <ClCompile Include="src\lua\empty_sol2.cpp">
      <Filter>源文件</Filter>
    </ClCompile>
    <ClCompile Include="src\server_player_proto\centre_common_server_player.pb.cc">
      <Filter>源文件</Filter>
    </ClCompile>
    <ClCompile Include="src\server_player_proto\centre_scene_server_player.pb.cc">
      <Filter>源文件</Filter>
    </ClCompile>
    <ClCompile Include="src\server_player_proto\game_scene_server_player.pb.cc">
      <Filter>源文件</Filter>
    </ClCompile>
    <ClCompile Include="src\server_player_proto\game_server_player.pb.cc">
      <Filter>源文件</Filter>
    </ClCompile>
    <ClCompile Include="src\service\centre_common_server_player_service.cpp">
      <Filter>源文件</Filter>
    </ClCompile>
    <ClCompile Include="src\service\centre_scene_server_player_service.cpp">
      <Filter>源文件</Filter>
    </ClCompile>
    <ClCompile Include="src\service\centre_scene_service.cpp">
      <Filter>源文件</Filter>
    </ClCompile>
    <ClCompile Include="src\service\centre_service_service.cpp">
      <Filter>源文件</Filter>
    </ClCompile>
    <ClCompile Include="src\service\common_client_player_service.cpp">
      <Filter>源文件</Filter>
    </ClCompile>
    <ClCompile Include="src\service\db_service_service.cpp">
      <Filter>源文件</Filter>
    </ClCompile>
    <ClCompile Include="src\service\deploy_service_service.cpp">
      <Filter>源文件</Filter>
    </ClCompile>
    <ClCompile Include="src\service\game_scene_server_player_service.cpp">
      <Filter>源文件</Filter>
    </ClCompile>
    <ClCompile Include="src\service\game_scene_service.cpp">
      <Filter>源文件</Filter>
    </ClCompile>
    <ClCompile Include="src\service\game_server_player_service.cpp">
      <Filter>源文件</Filter>
    </ClCompile>
    <ClCompile Include="src\service\game_service_service.cpp">
      <Filter>源文件</Filter>
    </ClCompile>
    <ClCompile Include="src\service\gate_service_service.cpp">
      <Filter>源文件</Filter>
    </ClCompile>
    <ClCompile Include="src\service\login_service_service.cpp">
      <Filter>源文件</Filter>
    </ClCompile>
    <ClCompile Include="src\service\scene_client_player_service.cpp">
      <Filter>源文件</Filter>
    </ClCompile>
    <ClCompile Include="src\service\service.cpp">
      <Filter>源文件</Filter>
    </ClCompile>
    <ClCompile Include="src\service\team_client_player_service.cpp">
      <Filter>源文件</Filter>
    </ClCompile>
    <ClCompile Include="src\tip_code_proto\common_tip_code.pb.cc">
      <Filter>源文件</Filter>
    </ClCompile>
    <ClCompile Include="src\tip_code_proto\login_tip_code.pb.cc">
      <Filter>源文件</Filter>
    </ClCompile>
    <ClCompile Include="src\common_proto\statistics.pb.cc">
      <Filter>源文件</Filter>
    </ClCompile>
    <ClCompile Include="src\constants_proto\function_switch.pb.cc">
      <Filter>源文件</Filter>
    </ClCompile>
    <ClCompile Include="src\constants_proto\test_switch.pb.cc">
      <Filter>源文件</Filter>
    </ClCompile>
    <ClCompile Include="src\component_proto\actor_comp.pb.cc">
      <Filter>源文件</Filter>
    </ClCompile>
    <ClCompile Include="src\component_proto\frame_comp.pb.cc">
      <Filter>源文件</Filter>
    </ClCompile>
    <ClCompile Include="src\component_proto\npc_comp.pb.cc">
      <Filter>源文件</Filter>
    </ClCompile>
  </ItemGroup>
  <ItemGroup>
    <ClInclude Include="src\client_player_proto\common_client_player.pb.h">
      <Filter>头文件</Filter>
    </ClInclude>
    <ClInclude Include="src\client_player_proto\scene_client_player.pb.h">
      <Filter>头文件</Filter>
    </ClInclude>
    <ClInclude Include="src\client_player_proto\team_client_player.pb.h">
      <Filter>头文件</Filter>
    </ClInclude>
    <ClInclude Include="src\common_proto\account_database.pb.h">
      <Filter>头文件</Filter>
    </ClInclude>
    <ClInclude Include="src\common_proto\c2gate.pb.h">
      <Filter>头文件</Filter>
    </ClInclude>
    <ClInclude Include="src\common_proto\centre_service.pb.h">
      <Filter>头文件</Filter>
    </ClInclude>
    <ClInclude Include="src\common_proto\common.pb.h">
      <Filter>头文件</Filter>
    </ClInclude>
    <ClInclude Include="src\common_proto\common_message.pb.h">
      <Filter>头文件</Filter>
    </ClInclude>
    <ClInclude Include="src\common_proto\comp.pb.h">
      <Filter>头文件</Filter>
    </ClInclude>
    <ClInclude Include="src\common_proto\db_base.pb.h">
      <Filter>头文件</Filter>
    </ClInclude>
    <ClInclude Include="src\common_proto\db_service.grpc.pb.h">
      <Filter>头文件</Filter>
    </ClInclude>
    <ClInclude Include="src\common_proto\db_service.pb.h">
      <Filter>头文件</Filter>
    </ClInclude>
    <ClInclude Include="src\common_proto\deploy_config.pb.h">
      <Filter>头文件</Filter>
    </ClInclude>
    <ClInclude Include="src\common_proto\deploy_service.grpc.pb.h">
      <Filter>头文件</Filter>
    </ClInclude>
    <ClInclude Include="src\common_proto\deploy_service.pb.h">
      <Filter>头文件</Filter>
    </ClInclude>
    <ClInclude Include="src\common_proto\empty.pb.h">
      <Filter>头文件</Filter>
    </ClInclude>
    <ClInclude Include="src\common_proto\game_service.pb.h">
      <Filter>头文件</Filter>
    </ClInclude>
    <ClInclude Include="src\common_proto\gate_service.pb.h">
      <Filter>头文件</Filter>
    </ClInclude>
    <ClInclude Include="src\common_proto\login_service.grpc.pb.h">
      <Filter>头文件</Filter>
    </ClInclude>
    <ClInclude Include="src\common_proto\login_service.pb.h">
      <Filter>头文件</Filter>
    </ClInclude>
    <ClInclude Include="src\common_proto\mysql_database_table.pb.h">
      <Filter>头文件</Filter>
    </ClInclude>
    <ClInclude Include="src\common_proto\node_common.pb.h">
      <Filter>头文件</Filter>
    </ClInclude>
    <ClInclude Include="src\common_proto\session.pb.h">
      <Filter>头文件</Filter>
    </ClInclude>
    <ClInclude Include="src\common_proto\tip.pb.h">
      <Filter>头文件</Filter>
    </ClInclude>
    <ClInclude Include="src\component_proto\gs_node_comp.pb.h">
      <Filter>头文件</Filter>
    </ClInclude>
    <ClInclude Include="src\component_proto\item_base_comp.pb.h">
      <Filter>头文件</Filter>
    </ClInclude>
    <ClInclude Include="src\component_proto\item_comp.pb.h">
      <Filter>头文件</Filter>
    </ClInclude>
    <ClInclude Include="src\component_proto\mission_comp.pb.h">
      <Filter>头文件</Filter>
    </ClInclude>
    <ClInclude Include="src\component_proto\player_async_comp.pb.h">
      <Filter>头文件</Filter>
    </ClInclude>
    <ClInclude Include="src\component_proto\player_comp.pb.h">
      <Filter>头文件</Filter>
    </ClInclude>
    <ClInclude Include="src\component_proto\player_login_comp.pb.h">
      <Filter>头文件</Filter>
    </ClInclude>
    <ClInclude Include="src\component_proto\player_network_comp.pb.h">
      <Filter>头文件</Filter>
    </ClInclude>
    <ClInclude Include="src\component_proto\player_scene_comp.pb.h">
      <Filter>头文件</Filter>
    </ClInclude>
    <ClInclude Include="src\component_proto\scene_comp.pb.h">
      <Filter>头文件</Filter>
    </ClInclude>
    <ClInclude Include="src\component_proto\team_comp.pb.h">
      <Filter>头文件</Filter>
    </ClInclude>
    <ClInclude Include="src\constants_proto\node.pb.h">
      <Filter>头文件</Filter>
    </ClInclude>
    <ClInclude Include="src\constants_proto\scene.pb.h">
      <Filter>头文件</Filter>
    </ClInclude>
    <ClInclude Include="src\event_proto\mission_event.pb.h">
      <Filter>头文件</Filter>
    </ClInclude>
    <ClInclude Include="src\event_proto\scene_event.pb.h">
      <Filter>头文件</Filter>
    </ClInclude>
    <ClInclude Include="src\event_proto\server_event.pb.h">
      <Filter>头文件</Filter>
    </ClInclude>
    <ClInclude Include="src\game_config\condition_config.pb.h">
      <Filter>头文件</Filter>
    </ClInclude>
    <ClInclude Include="src\game_config\global_variable_config.pb.h">
      <Filter>头文件</Filter>
    </ClInclude>
    <ClInclude Include="src\game_config\item_config.pb.h">
      <Filter>头文件</Filter>
    </ClInclude>
    <ClInclude Include="src\game_config\mainscene_config.pb.h">
      <Filter>头文件</Filter>
    </ClInclude>
    <ClInclude Include="src\game_config\mission_config.pb.h">
      <Filter>头文件</Filter>
    </ClInclude>
    <ClInclude Include="src\game_config\monster_base_config.pb.h">
      <Filter>头文件</Filter>
    </ClInclude>
    <ClInclude Include="src\game_config\scene_config.pb.h">
      <Filter>头文件</Filter>
    </ClInclude>
    <ClInclude Include="src\logic_proto\centre_scene.pb.h">
      <Filter>头文件</Filter>
    </ClInclude>
    <ClInclude Include="src\logic_proto\centre_team.pb.h">
      <Filter>头文件</Filter>
    </ClInclude>
    <ClInclude Include="src\logic_proto\controller_team.pb.h">
      <Filter>头文件</Filter>
    </ClInclude>
    <ClInclude Include="src\logic_proto\game_scene.pb.h">
      <Filter>头文件</Filter>
    </ClInclude>
    <ClInclude Include="src\logic_proto\game_team.pb.h">
      <Filter>头文件</Filter>
    </ClInclude>
    <ClInclude Include="src\server_player_proto\centre_common_server_player.pb.h">
      <Filter>头文件</Filter>
    </ClInclude>
    <ClInclude Include="src\server_player_proto\centre_scene_server_player.pb.h">
      <Filter>头文件</Filter>
    </ClInclude>
    <ClInclude Include="src\server_player_proto\game_scene_server_player.pb.h">
      <Filter>头文件</Filter>
    </ClInclude>
    <ClInclude Include="src\server_player_proto\game_server_player.pb.h">
      <Filter>头文件</Filter>
    </ClInclude>
    <ClInclude Include="src\service\centre_common_server_player_service.h">
      <Filter>头文件</Filter>
    </ClInclude>
    <ClInclude Include="src\service\centre_scene_server_player_service.h">
      <Filter>头文件</Filter>
    </ClInclude>
    <ClInclude Include="src\service\centre_scene_service.h">
      <Filter>头文件</Filter>
    </ClInclude>
    <ClInclude Include="src\service\centre_service_service.h">
      <Filter>头文件</Filter>
    </ClInclude>
    <ClInclude Include="src\service\common_client_player_service.h">
      <Filter>头文件</Filter>
    </ClInclude>
    <ClInclude Include="src\service\db_service_service.h">
      <Filter>头文件</Filter>
    </ClInclude>
    <ClInclude Include="src\service\deploy_service_service.h">
      <Filter>头文件</Filter>
    </ClInclude>
    <ClInclude Include="src\service\game_scene_server_player_service.h">
      <Filter>头文件</Filter>
    </ClInclude>
    <ClInclude Include="src\service\game_scene_service.h">
      <Filter>头文件</Filter>
    </ClInclude>
    <ClInclude Include="src\service\game_server_player_service.h">
      <Filter>头文件</Filter>
    </ClInclude>
    <ClInclude Include="src\service\game_service_service.h">
      <Filter>头文件</Filter>
    </ClInclude>
    <ClInclude Include="src\service\gate_service_service.h">
      <Filter>头文件</Filter>
    </ClInclude>
    <ClInclude Include="src\service\login_service_service.h">
      <Filter>头文件</Filter>
    </ClInclude>
    <ClInclude Include="src\service\scene_client_player_service.h">
      <Filter>头文件</Filter>
    </ClInclude>
    <ClInclude Include="src\service\service.h">
      <Filter>头文件</Filter>
    </ClInclude>
    <ClInclude Include="src\service\team_client_player_service.h">
      <Filter>头文件</Filter>
    </ClInclude>
    <ClInclude Include="src\tip_code_proto\common_tip_code.pb.h">
      <Filter>头文件</Filter>
    </ClInclude>
    <ClInclude Include="src\tip_code_proto\login_tip_code.pb.h">
      <Filter>头文件</Filter>
    </ClInclude>
    <ClInclude Include="src\common_proto\statistics.pb.h">
      <Filter>头文件</Filter>
    </ClInclude>
    <ClInclude Include="src\constants_proto\function_switch.pb.h">
      <Filter>头文件</Filter>
    </ClInclude>
    <ClInclude Include="src\constants_proto\test_switch.pb.h">
      <Filter>头文件</Filter>
    </ClInclude>
    <ClInclude Include="src\component_proto\actor_comp.pb.h">
      <Filter>头文件</Filter>
    </ClInclude>
    <ClInclude Include="src\component_proto\frame_comp.pb.h">
      <Filter>头文件</Filter>
    </ClInclude>
    <ClInclude Include="src\component_proto\npc_comp.pb.h">
      <Filter>头文件</Filter>
    </ClInclude>
  </ItemGroup>
</Project>