<?xml version="1.0" encoding="utf-8"?>
<Project ToolsVersion="4.0" xmlns="http://schemas.microsoft.com/developer/msbuild/2003">
  <ItemGroup>
    <Filter Include="源文件">
      <UniqueIdentifier>{4FC737F1-C7A5-4376-A066-2A32D752A2FF}</UniqueIdentifier>
      <Extensions>cpp;c;cc;cxx;c++;cppm;ixx;def;odl;idl;hpj;bat;asm;asmx</Extensions>
    </Filter>
    <Filter Include="头文件">
      <UniqueIdentifier>{93995380-89BD-4b04-88EB-625FBE52EBFB}</UniqueIdentifier>
      <Extensions>h;hh;hpp;hxx;h++;hm;inl;inc;ipp;xsd</Extensions>
    </Filter>
    <Filter Include="资源文件">
      <UniqueIdentifier>{67DA6AB6-F800-4c08-8B7A-83BB121AAD01}</UniqueIdentifier>
      <Extensions>rc;ico;cur;bmp;dlg;rc2;rct;bin;rgs;gif;jpg;jpeg;jpe;resx;tiff;tif;png;wav;mfcribbon-ms</Extensions>
    </Filter>
  </ItemGroup>
  <ItemGroup>
    <ClCompile Include="src\proto\common\common.pb.cc">
      <Filter>源文件</Filter>
    </ClCompile>
    <ClCompile Include="src\proto\common\empty.pb.cc">
      <Filter>源文件</Filter>
    </ClCompile>
    <ClCompile Include="src\proto\common\session.pb.cc">
      <Filter>源文件</Filter>
    </ClCompile>
    <ClCompile Include="src\proto\common\statistics.pb.cc">
      <Filter>源文件</Filter>
    </ClCompile>
    <ClCompile Include="src\proto\common\tip.pb.cc">
      <Filter>源文件</Filter>
    </ClCompile>
    <ClCompile Include="src\proto\common\user_accounts.pb.cc">
      <Filter>源文件</Filter>
    </ClCompile>
    <ClCompile Include="src\proto\logic\client_player\player_common.pb.cc">
      <Filter>源文件</Filter>
    </ClCompile>
    <ClCompile Include="src\proto\logic\component\actor_attribute_state_comp.pb.cc">
      <Filter>源文件</Filter>
    </ClCompile>
    <ClCompile Include="src\proto\logic\component\actor_combat_state_comp.pb.cc">
      <Filter>源文件</Filter>
    </ClCompile>
    <ClCompile Include="src\proto\logic\component\actor_comp.pb.cc">
      <Filter>源文件</Filter>
    </ClCompile>
    <ClCompile Include="src\proto\logic\component\buff_comp.pb.cc">
      <Filter>源文件</Filter>
    </ClCompile>
    <ClCompile Include="src\proto\logic\component\frame_comp.pb.cc">
      <Filter>源文件</Filter>
    </ClCompile>
    <ClCompile Include="src\proto\logic\component\game_node_comp.pb.cc">
      <Filter>源文件</Filter>
    </ClCompile>
    <ClCompile Include="src\proto\logic\component\item_base_comp.pb.cc">
      <Filter>源文件</Filter>
    </ClCompile>
    <ClCompile Include="src\proto\logic\component\item_comp.pb.cc">
      <Filter>源文件</Filter>
    </ClCompile>
    <ClCompile Include="src\proto\logic\component\mission_comp.pb.cc">
      <Filter>源文件</Filter>
    </ClCompile>
    <ClCompile Include="src\proto\logic\component\npc_comp.pb.cc">
      <Filter>源文件</Filter>
    </ClCompile>
    <ClCompile Include="src\proto\logic\component\player_async_comp.pb.cc">
      <Filter>源文件</Filter>
    </ClCompile>
    <ClCompile Include="src\proto\logic\component\player_comp.pb.cc">
      <Filter>源文件</Filter>
    </ClCompile>
    <ClCompile Include="src\proto\logic\component\player_login_comp.pb.cc">
      <Filter>源文件</Filter>
    </ClCompile>
    <ClCompile Include="src\proto\logic\component\player_network_comp.pb.cc">
      <Filter>源文件</Filter>
    </ClCompile>
    <ClCompile Include="src\proto\logic\component\player_scene_comp.pb.cc">
      <Filter>源文件</Filter>
    </ClCompile>
    <ClCompile Include="src\proto\logic\component\player_skill_comp.pb.cc">
      <Filter>源文件</Filter>
    </ClCompile>
    <ClCompile Include="src\proto\logic\component\scene_comp.pb.cc">
      <Filter>源文件</Filter>
    </ClCompile>
    <ClCompile Include="src\proto\logic\component\skill_comp.pb.cc">
      <Filter>源文件</Filter>
    </ClCompile>
    <ClCompile Include="src\proto\logic\component\team_comp.pb.cc">
      <Filter>源文件</Filter>
    </ClCompile>
    <ClCompile Include="src\proto\logic\component\time_comp.pb.cc">
      <Filter>源文件</Filter>
    </ClCompile>
    <ClCompile Include="src\proto\logic\constants\function_switch.pb.cc">
      <Filter>源文件</Filter>
    </ClCompile>
    <ClCompile Include="src\proto\logic\constants\scene.pb.cc">
      <Filter>源文件</Filter>
    </ClCompile>
    <ClCompile Include="src\proto\logic\constants\test_switch.pb.cc">
      <Filter>源文件</Filter>
    </ClCompile>
    <ClCompile Include="src\proto\logic\event\actor_combat_state_event.pb.cc">
      <Filter>源文件</Filter>
    </ClCompile>
    <ClCompile Include="src\proto\logic\event\actor_event.pb.cc">
      <Filter>源文件</Filter>
    </ClCompile>
    <ClCompile Include="src\proto\logic\event\buff_event.pb.cc">
      <Filter>源文件</Filter>
    </ClCompile>
    <ClCompile Include="src\proto\logic\event\combat_event.pb.cc">
      <Filter>源文件</Filter>
    </ClCompile>
    <ClCompile Include="src\proto\logic\event\mission_event.pb.cc">
      <Filter>源文件</Filter>
    </ClCompile>
    <ClCompile Include="src\proto\logic\event\npc_event.pb.cc">
      <Filter>源文件</Filter>
    </ClCompile>
    <ClCompile Include="src\proto\logic\event\player_event.pb.cc">
      <Filter>源文件</Filter>
    </ClCompile>
    <ClCompile Include="src\proto\logic\event\scene_event.pb.cc">
      <Filter>源文件</Filter>
    </ClCompile>
    <ClCompile Include="src\proto\logic\event\server_event.pb.cc">
      <Filter>源文件</Filter>
    </ClCompile>
    <ClCompile Include="src\proto\logic\event\skill_event.pb.cc">
      <Filter>源文件</Filter>
    </ClCompile>
    <ClCompile Include="src\proto\common\config.pb.cc">
      <Filter>源文件</Filter>
    </ClCompile>
    <ClCompile Include="src\proto\etcd\etcd.grpc.pb.cc">
      <Filter>源文件</Filter>
    </ClCompile>
    <ClCompile Include="src\proto\etcd\etcd.pb.cc">
      <Filter>源文件</Filter>
    </ClCompile>
    <ClCompile Include="src\proto\etcd\kv.pb.cc">
      <Filter>源文件</Filter>
    </ClCompile>
    <ClCompile Include="src\proto\etcd\version.pb.cc">
      <Filter>源文件</Filter>
    </ClCompile>
    <ClCompile Include="src\grpc\generator\proto\etcd\etcd_grpc.cpp">
      <Filter>源文件</Filter>
    </ClCompile>
    <ClCompile Include="src\proto\logic\constants\etcd_grpc.pb.cc">
      <Filter>源文件</Filter>
    </ClCompile>
    <ClCompile Include="src\proto\logic\event\node_event.pb.cc">
      <Filter>源文件</Filter>
    </ClCompile>
    <ClCompile Include="src\proto\login\login_service.grpc.pb.cc">
      <Filter>源文件</Filter>
    </ClCompile>
    <ClCompile Include="src\proto\login\login_service.pb.cc">
      <Filter>源文件</Filter>
    </ClCompile>
    <ClCompile Include="src\grpc\generator\proto\login\login_service_grpc.cpp">
      <Filter>源文件</Filter>
    </ClCompile>
    <ClCompile Include="src\proto\db\db_base.pb.cc">
      <Filter>源文件</Filter>
    </ClCompile>
    <ClCompile Include="src\proto\centre\centre_scene.pb.cc">
      <Filter>源文件</Filter>
    </ClCompile>
    <ClCompile Include="src\proto\centre\centre_service.pb.cc">
      <Filter>源文件</Filter>
    </ClCompile>
    <ClCompile Include="src\proto\centre\centre_player.pb.cc">
      <Filter>源文件</Filter>
    </ClCompile>
    <ClCompile Include="src\proto\centre\centre_player_scene.pb.cc">
      <Filter>源文件</Filter>
    </ClCompile>
    <ClCompile Include="src\proto\gate\gate_service.pb.cc">
      <Filter>源文件</Filter>
    </ClCompile>
    <ClCompile Include="src\proto\common\message.pb.cc">
      <Filter>源文件</Filter>
    </ClCompile>
    <ClCompile Include="src\proto\db\db_service.grpc.pb.cc">
      <Filter>源文件</Filter>
    </ClCompile>
    <ClCompile Include="src\proto\db\db_service.pb.cc">
      <Filter>源文件</Filter>
    </ClCompile>
    <ClCompile Include="src\proto\db\mysql_database_table.pb.cc">
      <Filter>源文件</Filter>
    </ClCompile>
    <ClCompile Include="src\proto\logic\component\comp.pb.cc">
      <Filter>源文件</Filter>
    </ClCompile>
    <ClCompile Include="src\proto\common\node.pb.cc">
      <Filter>源文件</Filter>
    </ClCompile>
    <ClCompile Include="src\proto\scene\game_player.pb.cc">
      <Filter>源文件</Filter>
    </ClCompile>
    <ClCompile Include="src\proto\scene\game_player_scene.pb.cc">
      <Filter>源文件</Filter>
    </ClCompile>
    <ClCompile Include="src\proto\scene\game_scene.pb.cc">
      <Filter>源文件</Filter>
    </ClCompile>
    <ClCompile Include="src\proto\scene\game_service.pb.cc">
      <Filter>源文件</Filter>
    </ClCompile>
    <ClCompile Include="src\proto\scene\player_scene.pb.cc">
      <Filter>源文件</Filter>
    </ClCompile>
    <ClCompile Include="src\proto\scene\player_skill.pb.cc">
      <Filter>源文件</Filter>
    </ClCompile>
    <ClCompile Include="src\proto\scene\player_state_attribute_sync.pb.cc">
      <Filter>源文件</Filter>
    </ClCompile>
    <ClCompile Include="src\proto\scene\game_client_player.pb.cc">
      <Filter>源文件</Filter>
    </ClCompile>
    <ClCompile Include="src\grpc\generator\grpc_init.cpp">
      <Filter>源文件</Filter>
    </ClCompile>
    <ClCompile Include="src\service_info\service_info.cpp">
      <Filter>源文件</Filter>
    </ClCompile>
    <ClCompile Include="src\grpc\generator\proto\player_locator\player_locator_grpc.cpp">
      <Filter>源文件</Filter>
    </ClCompile>
    <ClCompile Include="src\proto\player_locator\player_locator.grpc.pb.cc">
      <Filter>源文件</Filter>
    </ClCompile>
    <ClCompile Include="src\proto\player_locator\player_locator.pb.cc">
      <Filter>源文件</Filter>
    </ClCompile>
    <ClCompile Include="src\proto\logic\event\player_migration_event.pb.cc">
      <Filter>源文件</Filter>
    </ClCompile>
  </ItemGroup>
  <ItemGroup>
    <ClInclude Include="src\proto\common\common.pb.h">
      <Filter>头文件</Filter>
    </ClInclude>
    <ClInclude Include="src\proto\common\empty.pb.h">
      <Filter>头文件</Filter>
    </ClInclude>
    <ClInclude Include="src\proto\common\session.pb.h">
      <Filter>头文件</Filter>
    </ClInclude>
    <ClInclude Include="src\proto\common\statistics.pb.h">
      <Filter>头文件</Filter>
    </ClInclude>
    <ClInclude Include="src\proto\common\tip.pb.h">
      <Filter>头文件</Filter>
    </ClInclude>
    <ClInclude Include="src\proto\common\user_accounts.pb.h">
      <Filter>头文件</Filter>
    </ClInclude>
    <ClInclude Include="src\proto\logic\client_player\player_common.pb.h">
      <Filter>头文件</Filter>
    </ClInclude>
    <ClInclude Include="src\proto\logic\component\actor_attribute_state_comp.pb.h">
      <Filter>头文件</Filter>
    </ClInclude>
    <ClInclude Include="src\proto\logic\component\actor_combat_state_comp.pb.h">
      <Filter>头文件</Filter>
    </ClInclude>
    <ClInclude Include="src\proto\logic\component\actor_comp.pb.h">
      <Filter>头文件</Filter>
    </ClInclude>
    <ClInclude Include="src\proto\logic\component\buff_comp.pb.h">
      <Filter>头文件</Filter>
    </ClInclude>
    <ClInclude Include="src\proto\logic\component\frame_comp.pb.h">
      <Filter>头文件</Filter>
    </ClInclude>
    <ClInclude Include="src\proto\logic\component\game_node_comp.pb.h">
      <Filter>头文件</Filter>
    </ClInclude>
    <ClInclude Include="src\proto\logic\component\item_base_comp.pb.h">
      <Filter>头文件</Filter>
    </ClInclude>
    <ClInclude Include="src\proto\logic\component\item_comp.pb.h">
      <Filter>头文件</Filter>
    </ClInclude>
    <ClInclude Include="src\proto\logic\component\mission_comp.pb.h">
      <Filter>头文件</Filter>
    </ClInclude>
    <ClInclude Include="src\proto\logic\component\npc_comp.pb.h">
      <Filter>头文件</Filter>
    </ClInclude>
    <ClInclude Include="src\proto\logic\component\player_async_comp.pb.h">
      <Filter>头文件</Filter>
    </ClInclude>
    <ClInclude Include="src\proto\logic\component\player_comp.pb.h">
      <Filter>头文件</Filter>
    </ClInclude>
    <ClInclude Include="src\proto\logic\component\player_login_comp.pb.h">
      <Filter>头文件</Filter>
    </ClInclude>
    <ClInclude Include="src\proto\logic\component\player_network_comp.pb.h">
      <Filter>头文件</Filter>
    </ClInclude>
    <ClInclude Include="src\proto\logic\component\player_scene_comp.pb.h">
      <Filter>头文件</Filter>
    </ClInclude>
    <ClInclude Include="src\proto\logic\component\player_skill_comp.pb.h">
      <Filter>头文件</Filter>
    </ClInclude>
    <ClInclude Include="src\proto\logic\component\scene_comp.pb.h">
      <Filter>头文件</Filter>
    </ClInclude>
    <ClInclude Include="src\proto\logic\component\skill_comp.pb.h">
      <Filter>头文件</Filter>
    </ClInclude>
    <ClInclude Include="src\proto\logic\component\team_comp.pb.h">
      <Filter>头文件</Filter>
    </ClInclude>
    <ClInclude Include="src\proto\logic\component\time_comp.pb.h">
      <Filter>头文件</Filter>
    </ClInclude>
    <ClInclude Include="src\proto\logic\constants\function_switch.pb.h">
      <Filter>头文件</Filter>
    </ClInclude>
    <ClInclude Include="src\proto\logic\constants\scene.pb.h">
      <Filter>头文件</Filter>
    </ClInclude>
    <ClInclude Include="src\proto\logic\constants\test_switch.pb.h">
      <Filter>头文件</Filter>
    </ClInclude>
    <ClInclude Include="src\proto\logic\event\actor_combat_state_event.pb.h">
      <Filter>头文件</Filter>
    </ClInclude>
    <ClInclude Include="src\proto\logic\event\actor_event.pb.h">
      <Filter>头文件</Filter>
    </ClInclude>
    <ClInclude Include="src\proto\logic\event\buff_event.pb.h">
      <Filter>头文件</Filter>
    </ClInclude>
    <ClInclude Include="src\proto\logic\event\combat_event.pb.h">
      <Filter>头文件</Filter>
    </ClInclude>
    <ClInclude Include="src\proto\logic\event\mission_event.pb.h">
      <Filter>头文件</Filter>
    </ClInclude>
    <ClInclude Include="src\proto\logic\event\npc_event.pb.h">
      <Filter>头文件</Filter>
    </ClInclude>
    <ClInclude Include="src\proto\logic\event\player_event.pb.h">
      <Filter>头文件</Filter>
    </ClInclude>
    <ClInclude Include="src\proto\logic\event\scene_event.pb.h">
      <Filter>头文件</Filter>
    </ClInclude>
    <ClInclude Include="src\proto\logic\event\server_event.pb.h">
      <Filter>头文件</Filter>
    </ClInclude>
    <ClInclude Include="src\proto\logic\event\skill_event.pb.h">
      <Filter>头文件</Filter>
    </ClInclude>
    <ClInclude Include="src\proto\common\config.pb.h">
      <Filter>头文件</Filter>
    </ClInclude>
    <ClInclude Include="src\proto\etcd\etcd.grpc.pb.h">
      <Filter>头文件</Filter>
    </ClInclude>
    <ClInclude Include="src\proto\etcd\etcd.pb.h">
      <Filter>头文件</Filter>
    </ClInclude>
    <ClInclude Include="src\proto\etcd\kv.pb.h">
      <Filter>头文件</Filter>
    </ClInclude>
    <ClInclude Include="src\proto\etcd\version.pb.h">
      <Filter>头文件</Filter>
    </ClInclude>
    <ClInclude Include="src\grpc\generator\proto\etcd\etcd_grpc.h">
      <Filter>头文件</Filter>
    </ClInclude>
    <ClInclude Include="src\proto\logic\constants\etcd_grpc.pb.h">
      <Filter>头文件</Filter>
    </ClInclude>
    <ClInclude Include="src\proto\logic\event\node_event.pb.h">
      <Filter>头文件</Filter>
    </ClInclude>
    <ClInclude Include="src\proto\login\login_service.grpc.pb.h">
      <Filter>头文件</Filter>
    </ClInclude>
    <ClInclude Include="src\proto\login\login_service.pb.h">
      <Filter>头文件</Filter>
    </ClInclude>
    <ClInclude Include="src\grpc\generator\proto\login\login_service_grpc.h">
      <Filter>头文件</Filter>
    </ClInclude>
    <ClInclude Include="src\proto\db\db_base.pb.h">
      <Filter>头文件</Filter>
    </ClInclude>
    <ClInclude Include="src\proto\centre\centre_scene.pb.h">
      <Filter>头文件</Filter>
    </ClInclude>
    <ClInclude Include="src\proto\centre\centre_service.pb.h">
      <Filter>头文件</Filter>
    </ClInclude>
    <ClInclude Include="src\proto\centre\centre_player.pb.h">
      <Filter>头文件</Filter>
    </ClInclude>
    <ClInclude Include="src\proto\centre\centre_player_scene.pb.h">
      <Filter>头文件</Filter>
    </ClInclude>
    <ClInclude Include="src\proto\gate\gate_service.pb.h">
      <Filter>头文件</Filter>
    </ClInclude>
    <ClInclude Include="src\proto\common\message.pb.h">
      <Filter>头文件</Filter>
    </ClInclude>
    <ClInclude Include="src\proto\db\db_service.grpc.pb.h">
      <Filter>头文件</Filter>
    </ClInclude>
    <ClInclude Include="src\proto\db\db_service.pb.h">
      <Filter>头文件</Filter>
    </ClInclude>
    <ClInclude Include="src\proto\db\mysql_database_table.pb.h">
      <Filter>头文件</Filter>
    </ClInclude>
    <ClInclude Include="src\proto\logic\component\comp.pb.h">
      <Filter>头文件</Filter>
    </ClInclude>
    <ClInclude Include="src\proto\common\node.pb.h">
      <Filter>头文件</Filter>
    </ClInclude>
    <ClInclude Include="src\proto\scene\game_client_player.pb.h">
      <Filter>头文件</Filter>
    </ClInclude>
    <ClInclude Include="src\proto\scene\game_player.pb.h">
      <Filter>头文件</Filter>
    </ClInclude>
    <ClInclude Include="src\proto\scene\game_player_scene.pb.h">
      <Filter>头文件</Filter>
    </ClInclude>
    <ClInclude Include="src\proto\scene\game_scene.pb.h">
      <Filter>头文件</Filter>
    </ClInclude>
    <ClInclude Include="src\proto\scene\game_service.pb.h">
      <Filter>头文件</Filter>
    </ClInclude>
    <ClInclude Include="src\proto\scene\player_scene.pb.h">
      <Filter>头文件</Filter>
    </ClInclude>
    <ClInclude Include="src\proto\scene\player_skill.pb.h">
      <Filter>头文件</Filter>
    </ClInclude>
    <ClInclude Include="src\proto\scene\player_state_attribute_sync.pb.h">
      <Filter>头文件</Filter>
    </ClInclude>
    <ClInclude Include="src\grpc\generator\grpc_init.h">
      <Filter>头文件</Filter>
    </ClInclude>
    <ClInclude Include="src\service_info\centre_player_scene_service_info.h">
      <Filter>头文件</Filter>
    </ClInclude>
    <ClInclude Include="src\service_info\centre_player_service_info.h">
      <Filter>头文件</Filter>
    </ClInclude>
    <ClInclude Include="src\service_info\centre_scene_service_info.h">
      <Filter>头文件</Filter>
    </ClInclude>
    <ClInclude Include="src\service_info\centre_service_service_info.h">
      <Filter>头文件</Filter>
    </ClInclude>
    <ClInclude Include="src\service_info\db_service_service_info.h">
      <Filter>头文件</Filter>
    </ClInclude>
    <ClInclude Include="src\service_info\etcd_service_info.h">
      <Filter>头文件</Filter>
    </ClInclude>
    <ClInclude Include="src\service_info\game_client_player_service_info.h">
      <Filter>头文件</Filter>
    </ClInclude>
    <ClInclude Include="src\service_info\game_player_scene_service_info.h">
      <Filter>头文件</Filter>
    </ClInclude>
    <ClInclude Include="src\service_info\game_player_service_info.h">
      <Filter>头文件</Filter>
    </ClInclude>
    <ClInclude Include="src\service_info\game_scene_service_info.h">
      <Filter>头文件</Filter>
    </ClInclude>
    <ClInclude Include="src\service_info\game_service_service_info.h">
      <Filter>头文件</Filter>
    </ClInclude>
    <ClInclude Include="src\service_info\gate_service_service_info.h">
      <Filter>头文件</Filter>
    </ClInclude>
    <ClInclude Include="src\service_info\login_service_service_info.h">
      <Filter>头文件</Filter>
    </ClInclude>
    <ClInclude Include="src\service_info\player_scene_service_info.h">
      <Filter>头文件</Filter>
    </ClInclude>
    <ClInclude Include="src\service_info\player_skill_service_info.h">
      <Filter>头文件</Filter>
    </ClInclude>
    <ClInclude Include="src\service_info\player_state_attribute_sync_service_info.h">
      <Filter>头文件</Filter>
    </ClInclude>
    <ClInclude Include="src\service_info\service_info.h">
      <Filter>头文件</Filter>
    </ClInclude>
    <ClInclude Include="src\grpc\grpc_tag.h">
      <Filter>头文件</Filter>
    </ClInclude>
    <ClInclude Include="src\grpc\generator\proto\player_locator\player_locator_grpc.h">
      <Filter>头文件</Filter>
    </ClInclude>
    <ClInclude Include="src\proto\player_locator\player_locator.grpc.pb.h">
      <Filter>头文件</Filter>
    </ClInclude>
    <ClInclude Include="src\proto\player_locator\player_locator.pb.h">
      <Filter>头文件</Filter>
    </ClInclude>
    <ClInclude Include="src\proto\logic\event\player_migration_event.pb.h">
      <Filter>头文件</Filter>
    </ClInclude>
  </ItemGroup>
</Project>