<?xml version="1.0" encoding="utf-8"?>
<Project ToolsVersion="4.0" xmlns="http://schemas.microsoft.com/developer/msbuild/2003">
  <ItemGroup>
    <Filter Include="源文件">
      <UniqueIdentifier>{4FC737F1-C7A5-4376-A066-2A32D752A2FF}</UniqueIdentifier>
      <Extensions>cpp;c;cc;cxx;c++;cppm;ixx;def;odl;idl;hpj;bat;asm;asmx</Extensions>
    </Filter>
    <Filter Include="头文件">
      <UniqueIdentifier>{93995380-89BD-4b04-88EB-625FBE52EBFB}</UniqueIdentifier>
      <Extensions>h;hh;hpp;hxx;h++;hm;inl;inc;ipp;xsd</Extensions>
    </Filter>
    <Filter Include="资源文件">
      <UniqueIdentifier>{67DA6AB6-F800-4c08-8B7A-83BB121AAD01}</UniqueIdentifier>
      <Extensions>rc;ico;cur;bmp;dlg;rc2;rct;bin;rgs;gif;jpg;jpeg;jpe;resx;tiff;tif;png;wav;mfcribbon-ms</Extensions>
    </Filter>
  </ItemGroup>
  <ItemGroup>
    <ClCompile Include="src\proto\logic\component\ability_comp.pb.cc">
      <Filter>源文件</Filter>
    </ClCompile>
    <ClCompile Include="src\proto\logic\component\actor_comp.pb.cc">
      <Filter>源文件</Filter>
    </ClCompile>
    <ClCompile Include="src\proto\logic\component\buff_comp.pb.cc">
      <Filter>源文件</Filter>
    </ClCompile>
    <ClCompile Include="src\proto\logic\component\frame_comp.pb.cc">
      <Filter>源文件</Filter>
    </ClCompile>
    <ClCompile Include="src\proto\logic\component\gs_node_comp.pb.cc">
      <Filter>源文件</Filter>
    </ClCompile>
    <ClCompile Include="src\proto\logic\component\item_base_comp.pb.cc">
      <Filter>源文件</Filter>
    </ClCompile>
    <ClCompile Include="src\proto\logic\component\item_comp.pb.cc">
      <Filter>源文件</Filter>
    </ClCompile>
    <ClCompile Include="src\proto\logic\component\mission_comp.pb.cc">
      <Filter>源文件</Filter>
    </ClCompile>
    <ClCompile Include="src\proto\logic\component\npc_comp.pb.cc">
      <Filter>源文件</Filter>
    </ClCompile>
    <ClCompile Include="src\proto\logic\component\player_async_comp.pb.cc">
      <Filter>源文件</Filter>
    </ClCompile>
    <ClCompile Include="src\proto\logic\component\player_comp.pb.cc">
      <Filter>源文件</Filter>
    </ClCompile>
    <ClCompile Include="src\proto\logic\component\player_login_comp.pb.cc">
      <Filter>源文件</Filter>
    </ClCompile>
    <ClCompile Include="src\proto\logic\component\player_network_comp.pb.cc">
      <Filter>源文件</Filter>
    </ClCompile>
    <ClCompile Include="src\proto\logic\component\player_scene_comp.pb.cc">
      <Filter>源文件</Filter>
    </ClCompile>
    <ClCompile Include="src\proto\logic\component\scene_comp.pb.cc">
      <Filter>源文件</Filter>
    </ClCompile>
    <ClCompile Include="src\proto\logic\component\team_comp.pb.cc">
      <Filter>源文件</Filter>
    </ClCompile>
    <ClCompile Include="src\proto\logic\constants\function_switch.pb.cc">
      <Filter>源文件</Filter>
    </ClCompile>
    <ClCompile Include="src\proto\logic\constants\node.pb.cc">
      <Filter>源文件</Filter>
    </ClCompile>
    <ClCompile Include="src\proto\logic\constants\scene.pb.cc">
      <Filter>源文件</Filter>
    </ClCompile>
    <ClCompile Include="src\proto\logic\constants\test_switch.pb.cc">
      <Filter>源文件</Filter>
    </ClCompile>
    <ClCompile Include="src\proto\logic\event\mission_event.pb.cc">
      <Filter>源文件</Filter>
    </ClCompile>
    <ClCompile Include="src\proto\logic\event\scene_event.pb.cc">
      <Filter>源文件</Filter>
    </ClCompile>
    <ClCompile Include="src\proto\logic\event\server_event.pb.cc">
      <Filter>源文件</Filter>
    </ClCompile>
    <ClCompile Include="src\proto\logic\server\centre_scene.pb.cc">
      <Filter>源文件</Filter>
    </ClCompile>
    <ClCompile Include="src\proto\logic\server\game_scene.pb.cc">
      <Filter>源文件</Filter>
    </ClCompile>
    <ClCompile Include="src\proto\logic\server\game_team.pb.cc">
      <Filter>源文件</Filter>
    </ClCompile>
    <ClCompile Include="src\proto\common\c2gate.pb.cc">
      <Filter>源文件</Filter>
    </ClCompile>
    <ClCompile Include="src\proto\common\centre_service.pb.cc">
      <Filter>源文件</Filter>
    </ClCompile>
    <ClCompile Include="src\proto\common\common.pb.cc">
      <Filter>源文件</Filter>
    </ClCompile>
    <ClCompile Include="src\proto\common\common_message.pb.cc">
      <Filter>源文件</Filter>
    </ClCompile>
    <ClCompile Include="src\proto\common\comp.pb.cc">
      <Filter>源文件</Filter>
    </ClCompile>
    <ClCompile Include="src\proto\common\db_base.pb.cc">
      <Filter>源文件</Filter>
    </ClCompile>
    <ClCompile Include="src\proto\common\db_service.grpc.pb.cc">
      <Filter>源文件</Filter>
    </ClCompile>
    <ClCompile Include="src\proto\common\db_service.pb.cc">
      <Filter>源文件</Filter>
    </ClCompile>
    <ClCompile Include="src\proto\common\deploy_config.pb.cc">
      <Filter>源文件</Filter>
    </ClCompile>
    <ClCompile Include="src\proto\common\deploy_service.grpc.pb.cc">
      <Filter>源文件</Filter>
    </ClCompile>
    <ClCompile Include="src\proto\common\deploy_service.pb.cc">
      <Filter>源文件</Filter>
    </ClCompile>
    <ClCompile Include="src\proto\common\empty.pb.cc">
      <Filter>源文件</Filter>
    </ClCompile>
    <ClCompile Include="src\proto\common\game_service.pb.cc">
      <Filter>源文件</Filter>
    </ClCompile>
    <ClCompile Include="src\proto\common\gate_service.pb.cc">
      <Filter>源文件</Filter>
    </ClCompile>
    <ClCompile Include="src\proto\common\login_service.grpc.pb.cc">
      <Filter>源文件</Filter>
    </ClCompile>
    <ClCompile Include="src\proto\common\login_service.pb.cc">
      <Filter>源文件</Filter>
    </ClCompile>
    <ClCompile Include="src\proto\common\mysql_database_table.pb.cc">
      <Filter>源文件</Filter>
    </ClCompile>
    <ClCompile Include="src\proto\common\session.pb.cc">
      <Filter>源文件</Filter>
    </ClCompile>
    <ClCompile Include="src\proto\common\statistics.pb.cc">
      <Filter>源文件</Filter>
    </ClCompile>
    <ClCompile Include="src\proto\common\tip.pb.cc">
      <Filter>源文件</Filter>
    </ClCompile>
    <ClCompile Include="src\proto\common\user_accounts.pb.cc">
      <Filter>源文件</Filter>
    </ClCompile>
    <ClCompile Include="src\proto\logic\component\time_meter_comp.pb.cc">
      <Filter>源文件</Filter>
    </ClCompile>
    <ClCompile Include="src\proto\service_info\service_info.cpp">
      <Filter>源文件</Filter>
    </ClCompile>
    <ClCompile Include="src\proto\logic\client_player\player_ability.pb.cc">
      <Filter>源文件</Filter>
    </ClCompile>
    <ClCompile Include="src\proto\logic\client_player\player_common.pb.cc">
      <Filter>源文件</Filter>
    </ClCompile>
    <ClCompile Include="src\proto\logic\client_player\player_scene.pb.cc">
      <Filter>源文件</Filter>
    </ClCompile>
    <ClCompile Include="src\proto\logic\server_player\centre_server_player.pb.cc">
      <Filter>源文件</Filter>
    </ClCompile>
    <ClCompile Include="src\proto\logic\server_player\centre_server_player_scene.pb.cc">
      <Filter>源文件</Filter>
    </ClCompile>
    <ClCompile Include="src\proto\logic\server_player\game_server_player.pb.cc">
      <Filter>源文件</Filter>
    </ClCompile>
    <ClCompile Include="src\proto\logic\server_player\game_server_player_scene.pb.cc">
      <Filter>源文件</Filter>
    </ClCompile>
  </ItemGroup>
  <ItemGroup>
    <ClInclude Include="src\proto\logic\component\ability_comp.pb.h">
      <Filter>头文件</Filter>
    </ClInclude>
    <ClInclude Include="src\proto\logic\component\actor_comp.pb.h">
      <Filter>头文件</Filter>
    </ClInclude>
    <ClInclude Include="src\proto\logic\component\buff_comp.pb.h">
      <Filter>头文件</Filter>
    </ClInclude>
    <ClInclude Include="src\proto\logic\component\frame_comp.pb.h">
      <Filter>头文件</Filter>
    </ClInclude>
    <ClInclude Include="src\proto\logic\component\gs_node_comp.pb.h">
      <Filter>头文件</Filter>
    </ClInclude>
    <ClInclude Include="src\proto\logic\component\item_base_comp.pb.h">
      <Filter>头文件</Filter>
    </ClInclude>
    <ClInclude Include="src\proto\logic\component\item_comp.pb.h">
      <Filter>头文件</Filter>
    </ClInclude>
    <ClInclude Include="src\proto\logic\component\mission_comp.pb.h">
      <Filter>头文件</Filter>
    </ClInclude>
    <ClInclude Include="src\proto\logic\component\npc_comp.pb.h">
      <Filter>头文件</Filter>
    </ClInclude>
    <ClInclude Include="src\proto\logic\component\player_async_comp.pb.h">
      <Filter>头文件</Filter>
    </ClInclude>
    <ClInclude Include="src\proto\logic\component\player_comp.pb.h">
      <Filter>头文件</Filter>
    </ClInclude>
    <ClInclude Include="src\proto\logic\component\player_login_comp.pb.h">
      <Filter>头文件</Filter>
    </ClInclude>
    <ClInclude Include="src\proto\logic\component\player_network_comp.pb.h">
      <Filter>头文件</Filter>
    </ClInclude>
    <ClInclude Include="src\proto\logic\component\player_scene_comp.pb.h">
      <Filter>头文件</Filter>
    </ClInclude>
    <ClInclude Include="src\proto\logic\component\scene_comp.pb.h">
      <Filter>头文件</Filter>
    </ClInclude>
    <ClInclude Include="src\proto\logic\component\team_comp.pb.h">
      <Filter>头文件</Filter>
    </ClInclude>
    <ClInclude Include="src\proto\logic\constants\function_switch.pb.h">
      <Filter>头文件</Filter>
    </ClInclude>
    <ClInclude Include="src\proto\logic\constants\node.pb.h">
      <Filter>头文件</Filter>
    </ClInclude>
    <ClInclude Include="src\proto\logic\constants\scene.pb.h">
      <Filter>头文件</Filter>
    </ClInclude>
    <ClInclude Include="src\proto\logic\constants\test_switch.pb.h">
      <Filter>头文件</Filter>
    </ClInclude>
    <ClInclude Include="src\proto\logic\event\mission_event.pb.h">
      <Filter>头文件</Filter>
    </ClInclude>
    <ClInclude Include="src\proto\logic\event\scene_event.pb.h">
      <Filter>头文件</Filter>
    </ClInclude>
    <ClInclude Include="src\proto\logic\event\server_event.pb.h">
      <Filter>头文件</Filter>
    </ClInclude>
    <ClInclude Include="src\proto\logic\server\centre_scene.pb.h">
      <Filter>头文件</Filter>
    </ClInclude>
    <ClInclude Include="src\proto\logic\server\game_scene.pb.h">
      <Filter>头文件</Filter>
    </ClInclude>
    <ClInclude Include="src\proto\logic\server\game_team.pb.h">
      <Filter>头文件</Filter>
    </ClInclude>
    <ClInclude Include="src\proto\common\c2gate.pb.h">
      <Filter>头文件</Filter>
    </ClInclude>
    <ClInclude Include="src\proto\common\centre_service.pb.h">
      <Filter>头文件</Filter>
    </ClInclude>
    <ClInclude Include="src\proto\common\common.pb.h">
      <Filter>头文件</Filter>
    </ClInclude>
    <ClInclude Include="src\proto\common\common_message.pb.h">
      <Filter>头文件</Filter>
    </ClInclude>
    <ClInclude Include="src\proto\common\comp.pb.h">
      <Filter>头文件</Filter>
    </ClInclude>
    <ClInclude Include="src\proto\common\db_base.pb.h">
      <Filter>头文件</Filter>
    </ClInclude>
    <ClInclude Include="src\proto\common\db_service.grpc.pb.h">
      <Filter>头文件</Filter>
    </ClInclude>
    <ClInclude Include="src\proto\common\db_service.pb.h">
      <Filter>头文件</Filter>
    </ClInclude>
    <ClInclude Include="src\proto\common\deploy_config.pb.h">
      <Filter>头文件</Filter>
    </ClInclude>
    <ClInclude Include="src\proto\common\deploy_service.grpc.pb.h">
      <Filter>头文件</Filter>
    </ClInclude>
    <ClInclude Include="src\proto\common\deploy_service.pb.h">
      <Filter>头文件</Filter>
    </ClInclude>
    <ClInclude Include="src\proto\common\empty.pb.h">
      <Filter>头文件</Filter>
    </ClInclude>
    <ClInclude Include="src\proto\common\game_service.pb.h">
      <Filter>头文件</Filter>
    </ClInclude>
    <ClInclude Include="src\proto\common\gate_service.pb.h">
      <Filter>头文件</Filter>
    </ClInclude>
    <ClInclude Include="src\proto\common\login_service.grpc.pb.h">
      <Filter>头文件</Filter>
    </ClInclude>
    <ClInclude Include="src\proto\common\login_service.pb.h">
      <Filter>头文件</Filter>
    </ClInclude>
    <ClInclude Include="src\proto\common\mysql_database_table.pb.h">
      <Filter>头文件</Filter>
    </ClInclude>
    <ClInclude Include="src\proto\common\session.pb.h">
      <Filter>头文件</Filter>
    </ClInclude>
    <ClInclude Include="src\proto\common\statistics.pb.h">
      <Filter>头文件</Filter>
    </ClInclude>
    <ClInclude Include="src\proto\common\tip.pb.h">
      <Filter>头文件</Filter>
    </ClInclude>
    <ClInclude Include="src\proto\common\user_accounts.pb.h">
      <Filter>头文件</Filter>
    </ClInclude>
    <ClInclude Include="src\proto\logic\component\time_meter_comp.pb.h">
      <Filter>头文件</Filter>
    </ClInclude>
    <ClInclude Include="src\proto\service_info\centre_common_server_player_service_info.h">
      <Filter>头文件</Filter>
    </ClInclude>
    <ClInclude Include="src\proto\service_info\centre_scene_server_player_service_info.h">
      <Filter>头文件</Filter>
    </ClInclude>
    <ClInclude Include="src\proto\service_info\centre_scene_service_info.h">
      <Filter>头文件</Filter>
    </ClInclude>
    <ClInclude Include="src\proto\service_info\centre_service_service_info.h">
      <Filter>头文件</Filter>
    </ClInclude>
    <ClInclude Include="src\proto\service_info\common_player_service_info.h">
      <Filter>头文件</Filter>
    </ClInclude>
    <ClInclude Include="src\proto\service_info\db_service_service_info.h">
      <Filter>头文件</Filter>
    </ClInclude>
    <ClInclude Include="src\proto\service_info\deploy_service_service_info.h">
      <Filter>头文件</Filter>
    </ClInclude>
    <ClInclude Include="src\proto\service_info\game_scene_server_player_service_info.h">
      <Filter>头文件</Filter>
    </ClInclude>
    <ClInclude Include="src\proto\service_info\game_scene_service_info.h">
      <Filter>头文件</Filter>
    </ClInclude>
    <ClInclude Include="src\proto\service_info\game_server_player_service_info.h">
      <Filter>头文件</Filter>
    </ClInclude>
    <ClInclude Include="src\proto\service_info\game_service_service_info.h">
      <Filter>头文件</Filter>
    </ClInclude>
    <ClInclude Include="src\proto\service_info\gate_service_service_info.h">
      <Filter>头文件</Filter>
    </ClInclude>
    <ClInclude Include="src\proto\service_info\login_service_service_info.h">
      <Filter>头文件</Filter>
    </ClInclude>
    <ClInclude Include="src\proto\service_info\player_ability_service_info.h">
      <Filter>头文件</Filter>
    </ClInclude>
    <ClInclude Include="src\proto\service_info\scene_player_service_info.h">
      <Filter>头文件</Filter>
    </ClInclude>
    <ClInclude Include="src\proto\service_info\service_info.h">
      <Filter>头文件</Filter>
    </ClInclude>
    <ClInclude Include="src\proto\logic\client_player\player_ability.pb.h">
      <Filter>头文件</Filter>
    </ClInclude>
    <ClInclude Include="src\proto\logic\client_player\player_common.pb.h">
      <Filter>头文件</Filter>
    </ClInclude>
    <ClInclude Include="src\proto\logic\client_player\player_scene.pb.h">
      <Filter>头文件</Filter>
    </ClInclude>
    <ClInclude Include="src\proto\logic\server_player\centre_server_player.pb.h">
      <Filter>头文件</Filter>
    </ClInclude>
    <ClInclude Include="src\proto\logic\server_player\centre_server_player_scene.pb.h">
      <Filter>头文件</Filter>
    </ClInclude>
    <ClInclude Include="src\proto\logic\server_player\game_server_player.pb.h">
      <Filter>头文件</Filter>
    </ClInclude>
    <ClInclude Include="src\proto\logic\server_player\game_server_player_scene.pb.h">
      <Filter>头文件</Filter>
    </ClInclude>
  </ItemGroup>
</Project>