<?xml version="1.0" encoding="utf-8"?>
<Project ToolsVersion="4.0" xmlns="http://schemas.microsoft.com/developer/msbuild/2003">
  <ItemGroup>
    <Filter Include="源文件">
      <UniqueIdentifier>{4FC737F1-C7A5-4376-A066-2A32D752A2FF}</UniqueIdentifier>
      <Extensions>cpp;c;cc;cxx;c++;cppm;ixx;def;odl;idl;hpj;bat;asm;asmx</Extensions>
    </Filter>
    <Filter Include="头文件">
      <UniqueIdentifier>{93995380-89BD-4b04-88EB-625FBE52EBFB}</UniqueIdentifier>
      <Extensions>h;hh;hpp;hxx;h++;hm;inl;inc;ipp;xsd</Extensions>
    </Filter>
    <Filter Include="资源文件">
      <UniqueIdentifier>{67DA6AB6-F800-4c08-8B7A-83BB121AAD01}</UniqueIdentifier>
      <Extensions>rc;ico;cur;bmp;dlg;rc2;rct;bin;rgs;gif;jpg;jpeg;jpe;resx;tiff;tif;png;wav;mfcribbon-ms</Extensions>
    </Filter>
  </ItemGroup>
  <ItemGroup>
    <ClCompile Include="src\codec\codec.cc">
      <Filter>源文件</Filter>
    </ClCompile>
    <ClCompile Include="src\return_code\notice_struct.cpp">
      <Filter>源文件</Filter>
    </ClCompile>
    <ClCompile Include="src\mysql_client\mysql_client.cpp">
      <Filter>源文件</Filter>
    </ClCompile>
    <ClCompile Include="src\pb2db\pb2dbsql.cpp">
      <Filter>源文件</Filter>
    </ClCompile>
    <ClCompile Include="src\redis_client\async_redis_client.cpp">
      <Filter>源文件</Filter>
    </ClCompile>
    <ClCompile Include="src\redis_client\redis_client.cpp">
      <Filter>源文件</Filter>
    </ClCompile>
    <ClCompile Include="src\event\event.cc">
      <Filter>源文件</Filter>
    </ClCompile>
    <ClCompile Include="src\game_rpc\game_rpc_channel.cc">
      <Filter>源文件</Filter>
    </ClCompile>
    <ClCompile Include="src\game_rpc\game_rpc_server.cc">
      <Filter>源文件</Filter>
    </ClCompile>
    <ClCompile Include="src\login_state\login_state.cpp">
      <Filter>源文件</Filter>
    </ClCompile>
    <ClCompile Include="src\login_state\login_state_machine.cpp">
      <Filter>源文件</Filter>
    </ClCompile>
    <ClCompile Include="src\game_ecs\game_registry.cpp">
      <Filter>源文件</Filter>
    </ClCompile>
    <ClCompile Include="src\mysql_database\mysql_database.cpp">
      <Filter>源文件</Filter>
    </ClCompile>
    <ClCompile Include="src\jsoncpp\jsoncpp.cpp">
      <Filter>源文件</Filter>
    </ClCompile>
    <ClCompile Include="src\game_logic\teams\team.cpp">
      <Filter>源文件</Filter>
    </ClCompile>
    <ClCompile Include="src\game_logic\teams\teams.cpp">
      <Filter>源文件</Filter>
    </ClCompile>
    <ClCompile Include="src\game_config\game_config.cpp">
      <Filter>源文件</Filter>
    </ClCompile>
  </ItemGroup>
  <ItemGroup>
    <ClInclude Include="src\codec\codec.h">
      <Filter>头文件</Filter>
    </ClInclude>
    <ClInclude Include="src\codec\dispatcher.h">
      <Filter>头文件</Filter>
    </ClInclude>
    <ClInclude Include="src\codec\dispatcher_lite.h">
      <Filter>头文件</Filter>
    </ClInclude>
    <ClInclude Include="src\config_expression\config_expression.h">
      <Filter>头文件</Filter>
    </ClInclude>
    <ClInclude Include="src\exprtk\exprtk.hpp">
      <Filter>头文件</Filter>
    </ClInclude>
    <ClInclude Include="src\common_type\common_type.h">
      <Filter>头文件</Filter>
    </ClInclude>
    <ClInclude Include="src\return_code\return_code.h">
      <Filter>头文件</Filter>
    </ClInclude>
    <ClInclude Include="src\return_code\notice_struct.h">
      <Filter>头文件</Filter>
    </ClInclude>
    <ClInclude Include="src\snow_flake\snow_flake.h">
      <Filter>头文件</Filter>
    </ClInclude>
    <ClInclude Include="src\mysql_client\mysql_client.h">
      <Filter>头文件</Filter>
    </ClInclude>
    <ClInclude Include="src\mysql_client\mysql_result.h">
      <Filter>头文件</Filter>
    </ClInclude>
    <ClInclude Include="src\pb2db\pb2dbsql.h">
      <Filter>头文件</Filter>
    </ClInclude>
    <ClInclude Include="src\redis_client\async_redis_client.h">
      <Filter>头文件</Filter>
    </ClInclude>
    <ClInclude Include="src\redis_client\redis_client.h">
      <Filter>头文件</Filter>
    </ClInclude>
    <ClInclude Include="src\closure_auto_done\closure_aouto_done.h">
      <Filter>头文件</Filter>
    </ClInclude>
    <ClInclude Include="src\event\event.h">
      <Filter>头文件</Filter>
    </ClInclude>
    <ClInclude Include="src\game_rpc\game_rpc_channel.h">
      <Filter>头文件</Filter>
    </ClInclude>
    <ClInclude Include="src\game_rpc\game_rpc_server.h">
      <Filter>头文件</Filter>
    </ClInclude>
    <ClInclude Include="src\server_registry\server_registry.h">
      <Filter>头文件</Filter>
    </ClInclude>
    <ClInclude Include="src\server_rpc_client\closure_auto_done.h">
      <Filter>头文件</Filter>
    </ClInclude>
    <ClInclude Include="src\server_rpc_client\rpc_client_closure.h">
      <Filter>头文件</Filter>
    </ClInclude>
    <ClInclude Include="src\server_rpc_client\rpc_closure.h">
      <Filter>头文件</Filter>
    </ClInclude>
    <ClInclude Include="src\server_rpc_client\rpc_string_closure.h">
      <Filter>头文件</Filter>
    </ClInclude>
    <ClInclude Include="src\server_rpc_client\stub_rpc_client.h">
      <Filter>头文件</Filter>
    </ClInclude>
    <ClInclude Include="src\rpc_closure_param\closure_auto_done.h">
      <Filter>头文件</Filter>
    </ClInclude>
    <ClInclude Include="src\rpc_closure_param\rpc_client_closure.h">
      <Filter>头文件</Filter>
    </ClInclude>
    <ClInclude Include="src\rpc_closure_param\rpc_closure.h">
      <Filter>头文件</Filter>
    </ClInclude>
    <ClInclude Include="src\rpc_closure_param\rpc_string_closure.h">
      <Filter>头文件</Filter>
    </ClInclude>
    <ClInclude Include="src\rpc_closure_param\rpc_stub_client.h">
      <Filter>头文件</Filter>
    </ClInclude>
    <ClInclude Include="src\login_state\login_event.h">
      <Filter>头文件</Filter>
    </ClInclude>
    <ClInclude Include="src\login_state\login_state.h">
      <Filter>头文件</Filter>
    </ClInclude>
    <ClInclude Include="src\login_state\login_state_concrete.h">
      <Filter>头文件</Filter>
    </ClInclude>
    <ClInclude Include="src\login_state\login_state_machine.h">
      <Filter>头文件</Filter>
    </ClInclude>
    <ClInclude Include="src\login_player\login_event.h">
      <Filter>头文件</Filter>
    </ClInclude>
    <ClInclude Include="src\login_player\login_state.h">
      <Filter>头文件</Filter>
    </ClInclude>
    <ClInclude Include="src\login_player\login_state_concrete.h">
      <Filter>头文件</Filter>
    </ClInclude>
    <ClInclude Include="src\login_player\login_state_machine.h">
      <Filter>头文件</Filter>
    </ClInclude>
    <ClInclude Include="src\rpc_closure_param\rpc_stub.h">
      <Filter>头文件</Filter>
    </ClInclude>
    <ClInclude Include="src\rpc_closure_param\rpc_connection_event.h">
      <Filter>头文件</Filter>
    </ClInclude>
    <ClInclude Include="src\game_ecs\game_registry.h">
      <Filter>头文件</Filter>
    </ClInclude>
    <ClInclude Include="src\file2string\file2string.h">
      <Filter>头文件</Filter>
    </ClInclude>
    <ClInclude Include="src\mysql_database\mysql_database.h">
      <Filter>头文件</Filter>
    </ClInclude>
    <ClInclude Include="src\jsoncpp\json.h">
      <Filter>头文件</Filter>
    </ClInclude>
    <ClInclude Include="src\game_logic\teams\team.h">
      <Filter>头文件</Filter>
    </ClInclude>
    <ClInclude Include="src\game_logic\teams\team_event.h">
      <Filter>头文件</Filter>
    </ClInclude>
    <ClInclude Include="src\game_logic\teams\teams.h">
      <Filter>头文件</Filter>
    </ClInclude>
    <ClInclude Include="src\return_code\return_notice_code.h">
      <Filter>头文件</Filter>
    </ClInclude>
    <ClInclude Include="src\game_config\game_config.h">
      <Filter>头文件</Filter>
    </ClInclude>
    <ClInclude Include="src\deploy\rpcclient\deploy_rpcclient.h">
      <Filter>头文件</Filter>
    </ClInclude>
  </ItemGroup>
</Project>