<?xml version="1.0" encoding="utf-8"?>
<Project ToolsVersion="4.0" xmlns="http://schemas.microsoft.com/developer/msbuild/2003">
  <ItemGroup>
    <Filter Include="源文件">
      <UniqueIdentifier>{4FC737F1-C7A5-4376-A066-2A32D752A2FF}</UniqueIdentifier>
      <Extensions>cpp;c;cc;cxx;c++;cppm;ixx;def;odl;idl;hpj;bat;asm;asmx</Extensions>
    </Filter>
    <Filter Include="头文件">
      <UniqueIdentifier>{93995380-89BD-4b04-88EB-625FBE52EBFB}</UniqueIdentifier>
      <Extensions>h;hh;hpp;hxx;h++;hm;inl;inc;ipp;xsd</Extensions>
    </Filter>
    <Filter Include="资源文件">
      <UniqueIdentifier>{67DA6AB6-F800-4c08-8B7A-83BB121AAD01}</UniqueIdentifier>
      <Extensions>rc;ico;cur;bmp;dlg;rc2;rct;bin;rgs;gif;jpg;jpeg;jpe;resx;tiff;tif;png;wav;mfcribbon-ms</Extensions>
    </Filter>
  </ItemGroup>
  <ItemGroup>
    <ClCompile Include="src\server_common\codec\codec.cc">
      <Filter>源文件</Filter>
    </ClCompile>
    <ClCompile Include="src\mysql_client\mysql_client.cpp">
      <Filter>源文件</Filter>
    </ClCompile>
    <ClCompile Include="src\pb2db\pb2dbsql.cpp">
      <Filter>源文件</Filter>
    </ClCompile>
    <ClCompile Include="src\redis_client\async_redis_client.cpp">
      <Filter>源文件</Filter>
    </ClCompile>
    <ClCompile Include="src\redis_client\redis_client.cpp">
      <Filter>源文件</Filter>
    </ClCompile>
    <ClCompile Include="src\event\event.cc">
      <Filter>源文件</Filter>
    </ClCompile>
    <ClCompile Include="src\game_logic\game_registry.cpp">
      <Filter>源文件</Filter>
    </ClCompile>
    <ClCompile Include="src\mysql_database\mysql_database.cpp">
      <Filter>源文件</Filter>
    </ClCompile>
    <ClCompile Include="src\jsoncpp\jsoncpp.cpp">
      <Filter>源文件</Filter>
    </ClCompile>
    <ClCompile Include="src\game_logic\teams\team.cpp">
      <Filter>源文件</Filter>
    </ClCompile>
    <ClCompile Include="src\game_logic\teams\teams.cpp">
      <Filter>源文件</Filter>
    </ClCompile>
    <ClCompile Include="src\game_config\deploy_json.cpp">
      <Filter>源文件</Filter>
    </ClCompile>
    <ClCompile Include="src\server_common\rpc_channel.cc">
      <Filter>源文件</Filter>
    </ClCompile>
    <ClCompile Include="src\server_common\rpc_server.cc">
      <Filter>源文件</Filter>
    </ClCompile>
    <ClCompile Include="src\server_common\game_rpc.pb.cc">
      <Filter>源文件</Filter>
    </ClCompile>
    <ClCompile Include="src\game_logic\timer_task\timer_task.cpp">
      <Filter>源文件</Filter>
    </ClCompile>
    <ClCompile Include="src\game_config\condition_config.cpp">
      <Filter>源文件</Filter>
    </ClCompile>
    <ClCompile Include="src\game_config\mainscene_config.cpp">
      <Filter>源文件</Filter>
    </ClCompile>
    <ClCompile Include="src\game_config\mission_config.cpp">
      <Filter>源文件</Filter>
    </ClCompile>
    <ClCompile Include="src\game_config\scene_config.cpp">
      <Filter>源文件</Filter>
    </ClCompile>
    <ClCompile Include="src\game_config\all_config.cpp">
      <Filter>源文件</Filter>
    </ClCompile>
    <ClCompile Include="src\game_config\global_variable_config.cpp">
      <Filter>源文件</Filter>
    </ClCompile>
    <ClCompile Include="src\game_config\region_config.cpp">
      <Filter>源文件</Filter>
    </ClCompile>
    <ClCompile Include="src\game_logic\entity_class\entity_class.cpp">
      <Filter>源文件</Filter>
    </ClCompile>
    <ClCompile Include="src\file2string\file2string.cpp">
      <Filter>源文件</Filter>
    </ClCompile>
    <ClCompile Include="src\game_logic\login_state\login_state.cpp">
      <Filter>源文件</Filter>
    </ClCompile>
    <ClCompile Include="src\game_logic\login_state\login_state_machine.cpp">
      <Filter>源文件</Filter>
    </ClCompile>
    <ClCompile Include="src\pb\pb2sol2\gw2ms_sol2.cpp">
      <Filter>源文件</Filter>
    </ClCompile>
    <ClCompile Include="src\pb\pb2sol2\pb2sol2.cpp">
      <Filter>源文件</Filter>
    </ClCompile>
    <ClCompile Include="src\pb\pb2sol2\c2gw_sol2.cpp">
      <Filter>源文件</Filter>
    </ClCompile>
    <ClCompile Include="src\pb\pbc\account_database.pb.cc">
      <Filter>源文件</Filter>
    </ClCompile>
    <ClCompile Include="src\pb\pbc\c2gs.pb.cc">
      <Filter>源文件</Filter>
    </ClCompile>
    <ClCompile Include="src\pb\pbc\c2gw.pb.cc">
      <Filter>源文件</Filter>
    </ClCompile>
    <ClCompile Include="src\pb\pbc\client_logic_common.pb.cc">
      <Filter>源文件</Filter>
    </ClCompile>
    <ClCompile Include="src\pb\pbc\common.pb.cc">
      <Filter>源文件</Filter>
    </ClCompile>
    <ClCompile Include="src\pb\pbc\comp.pb.cc">
      <Filter>源文件</Filter>
    </ClCompile>
    <ClCompile Include="src\pb\pbc\condition_config.pb.cc">
      <Filter>源文件</Filter>
    </ClCompile>
    <ClCompile Include="src\pb\pbc\db_base.pb.cc">
      <Filter>源文件</Filter>
    </ClCompile>
    <ClCompile Include="src\pb\pbc\deploy_database_table.pb.cc">
      <Filter>源文件</Filter>
    </ClCompile>
    <ClCompile Include="src\pb\pbc\global_variable_config.pb.cc">
      <Filter>源文件</Filter>
    </ClCompile>
    <ClCompile Include="src\pb\pbc\gs2db.pb.cc">
      <Filter>源文件</Filter>
    </ClCompile>
    <ClCompile Include="src\pb\pbc\gs2gw.pb.cc">
      <Filter>源文件</Filter>
    </ClCompile>
    <ClCompile Include="src\pb\pbc\gs2ms.pb.cc">
      <Filter>源文件</Filter>
    </ClCompile>
    <ClCompile Include="src\pb\pbc\gs2rg.pb.cc">
      <Filter>源文件</Filter>
    </ClCompile>
    <ClCompile Include="src\pb\pbc\gw2gs.pb.cc">
      <Filter>源文件</Filter>
    </ClCompile>
    <ClCompile Include="src\pb\pbc\gw2l.pb.cc">
      <Filter>源文件</Filter>
    </ClCompile>
    <ClCompile Include="src\pb\pbc\gw2ms.pb.cc">
      <Filter>源文件</Filter>
    </ClCompile>
    <ClCompile Include="src\pb\pbc\l2db.pb.cc">
      <Filter>源文件</Filter>
    </ClCompile>
    <ClCompile Include="src\pb\pbc\l2ms.pb.cc">
      <Filter>源文件</Filter>
    </ClCompile>
    <ClCompile Include="src\pb\pbc\mainscene_config.pb.cc">
      <Filter>源文件</Filter>
    </ClCompile>
    <ClCompile Include="src\pb\pbc\mission_config.pb.cc">
      <Filter>源文件</Filter>
    </ClCompile>
    <ClCompile Include="src\pb\pbc\ms2db.pb.cc">
      <Filter>源文件</Filter>
    </ClCompile>
    <ClCompile Include="src\pb\pbc\ms2gs.pb.cc">
      <Filter>源文件</Filter>
    </ClCompile>
    <ClCompile Include="src\pb\pbc\ms2gw.pb.cc">
      <Filter>源文件</Filter>
    </ClCompile>
    <ClCompile Include="src\pb\pbc\msgmap.cpp">
      <Filter>源文件</Filter>
    </ClCompile>
    <ClCompile Include="src\pb\pbc\mysql_database_table.pb.cc">
      <Filter>源文件</Filter>
    </ClCompile>
    <ClCompile Include="src\pb\pbc\mysql_database_test.pb.cc">
      <Filter>源文件</Filter>
    </ClCompile>
    <ClCompile Include="src\pb\pbc\node2deploy.pb.cc">
      <Filter>源文件</Filter>
    </ClCompile>
    <ClCompile Include="src\pb\pbc\pb3.pb.cc">
      <Filter>源文件</Filter>
    </ClCompile>
    <ClCompile Include="src\pb\pbc\rg2gs.pb.cc">
      <Filter>源文件</Filter>
    </ClCompile>
    <ClCompile Include="src\pb\pbc\scene_config.pb.cc">
      <Filter>源文件</Filter>
    </ClCompile>
  </ItemGroup>
  <ItemGroup>
    <ClInclude Include="src\server_common\codec\codec.h">
      <Filter>头文件</Filter>
    </ClInclude>
    <ClInclude Include="src\server_common\codec\dispatcher.h">
      <Filter>头文件</Filter>
    </ClInclude>
    <ClInclude Include="src\server_common\codec\dispatcher_lite.h">
      <Filter>头文件</Filter>
    </ClInclude>
    <ClInclude Include="src\game_logic\config_expression\config_expression.h">
      <Filter>头文件</Filter>
    </ClInclude>
    <ClInclude Include="src\game_logic\exprtk\exprtk.hpp">
      <Filter>头文件</Filter>
    </ClInclude>
    <ClInclude Include="src\common_type\common_type.h">
      <Filter>头文件</Filter>
    </ClInclude>
    <ClInclude Include="src\return_code\error_code.h">
      <Filter>头文件</Filter>
    </ClInclude>
    <ClInclude Include="src\snow_flake\snow_flake.h">
      <Filter>头文件</Filter>
    </ClInclude>
    <ClInclude Include="src\mysql_client\mysql_client.h">
      <Filter>头文件</Filter>
    </ClInclude>
    <ClInclude Include="src\mysql_client\mysql_result.h">
      <Filter>头文件</Filter>
    </ClInclude>
    <ClInclude Include="src\pb2db\pb2dbsql.h">
      <Filter>头文件</Filter>
    </ClInclude>
    <ClInclude Include="src\redis_client\async_redis_client.h">
      <Filter>头文件</Filter>
    </ClInclude>
    <ClInclude Include="src\redis_client\redis_client.h">
      <Filter>头文件</Filter>
    </ClInclude>
    <ClInclude Include="src\event\event.h">
      <Filter>头文件</Filter>
    </ClInclude>
    <ClInclude Include="src\server_registry\server_registry.h">
      <Filter>头文件</Filter>
    </ClInclude>
    <ClInclude Include="src\server_common\rpc_closure_param\closure_auto_done.h">
      <Filter>头文件</Filter>
    </ClInclude>
    <ClInclude Include="src\server_common\rpc_closure_param\rpc_client_closure.h">
      <Filter>头文件</Filter>
    </ClInclude>
    <ClInclude Include="src\server_common\rpc_closure_param\rpc_closure.h">
      <Filter>头文件</Filter>
    </ClInclude>
    <ClInclude Include="src\server_common\rpc_closure_param\rpc_string_closure.h">
      <Filter>头文件</Filter>
    </ClInclude>
    <ClInclude Include="src\server_common\rpc_closure_param\rpc_stub_client.h">
      <Filter>头文件</Filter>
    </ClInclude>
    <ClInclude Include="src\server_common\rpc_closure_param\rpc_stub.h">
      <Filter>头文件</Filter>
    </ClInclude>
    <ClInclude Include="src\server_common\rpc_closure_param\rpc_connection_event.h">
      <Filter>头文件</Filter>
    </ClInclude>
    <ClInclude Include="src\file2string\file2string.h">
      <Filter>头文件</Filter>
    </ClInclude>
    <ClInclude Include="src\mysql_database\mysql_database.h">
      <Filter>头文件</Filter>
    </ClInclude>
    <ClInclude Include="src\jsoncpp\json.h">
      <Filter>头文件</Filter>
    </ClInclude>
    <ClInclude Include="src\game_logic\teams\team.h">
      <Filter>头文件</Filter>
    </ClInclude>
    <ClInclude Include="src\game_logic\teams\team_event.h">
      <Filter>头文件</Filter>
    </ClInclude>
    <ClInclude Include="src\game_logic\teams\teams.h">
      <Filter>头文件</Filter>
    </ClInclude>
    <ClInclude Include="src\return_code\return_code.h">
      <Filter>头文件</Filter>
    </ClInclude>
    <ClInclude Include="src\game_config\deploy_json.h">
      <Filter>头文件</Filter>
    </ClInclude>
    <ClInclude Include="src\server_common\deploy_rpcclient.h">
      <Filter>头文件</Filter>
    </ClInclude>
    <ClInclude Include="src\server_common\rpc_client.h">
      <Filter>头文件</Filter>
    </ClInclude>
    <ClInclude Include="src\server_common\closure_auto_done.h">
      <Filter>头文件</Filter>
    </ClInclude>
    <ClInclude Include="src\server_common\rpc_channel.h">
      <Filter>头文件</Filter>
    </ClInclude>
    <ClInclude Include="src\server_common\rpc_client_closure.h">
      <Filter>头文件</Filter>
    </ClInclude>
    <ClInclude Include="src\server_common\rpc_closure.h">
      <Filter>头文件</Filter>
    </ClInclude>
    <ClInclude Include="src\server_common\rpc_connection_event.h">
      <Filter>头文件</Filter>
    </ClInclude>
    <ClInclude Include="src\server_common\rpc_server.h">
      <Filter>头文件</Filter>
    </ClInclude>
    <ClInclude Include="src\server_common\rpc_string_closure.h">
      <Filter>头文件</Filter>
    </ClInclude>
    <ClInclude Include="src\server_common\rpc_stub.h">
      <Filter>头文件</Filter>
    </ClInclude>
    <ClInclude Include="src\server_common\deploy_variable.h">
      <Filter>头文件</Filter>
    </ClInclude>
    <ClInclude Include="src\server_common\server_component.h">
      <Filter>头文件</Filter>
    </ClInclude>
    <ClInclude Include="src\game_logic\game_component\player_common_component.h">
      <Filter>头文件</Filter>
    </ClInclude>
    <ClInclude Include="src\server_common\game_rpc.pb.h">
      <Filter>头文件</Filter>
    </ClInclude>
    <ClInclude Include="src\game_logic\timer_task\timer_task.h">
      <Filter>头文件</Filter>
    </ClInclude>
    <ClInclude Include="src\game_logic\comp\player.hpp">
      <Filter>头文件</Filter>
    </ClInclude>
    <ClInclude Include="src\game_logic\comp\server_list.hpp">
      <Filter>头文件</Filter>
    </ClInclude>
    <ClInclude Include="src\closure_auto_done\closure_aouto_done.h">
      <Filter>头文件</Filter>
    </ClInclude>
    <ClInclude Include="src\game_ecs\game_registry.h">
      <Filter>头文件</Filter>
    </ClInclude>
    <ClInclude Include="src\game_config\condition_config.h">
      <Filter>头文件</Filter>
    </ClInclude>
    <ClInclude Include="src\game_config\mainscene_config.h">
      <Filter>头文件</Filter>
    </ClInclude>
    <ClInclude Include="src\game_config\mission_config.h">
      <Filter>头文件</Filter>
    </ClInclude>
    <ClInclude Include="src\game_config\scene_config.h">
      <Filter>头文件</Filter>
    </ClInclude>
    <ClInclude Include="src\game_config\all_config.h">
      <Filter>头文件</Filter>
    </ClInclude>
    <ClInclude Include="src\game_config\global_variable_config.h">
      <Filter>头文件</Filter>
    </ClInclude>
    <ClInclude Include="src\game_config\global_variable_config_id.h">
      <Filter>头文件</Filter>
    </ClInclude>
    <ClInclude Include="src\game_config\region_config.h">
      <Filter>头文件</Filter>
    </ClInclude>
    <ClInclude Include="src\game_logic\entity_class\entity_class.h">
      <Filter>头文件</Filter>
    </ClInclude>
    <ClInclude Include="src\game_logic\comp\account_comp.hpp">
      <Filter>头文件</Filter>
    </ClInclude>
    <ClInclude Include="src\game_logic\comp\player_comp.hpp">
      <Filter>头文件</Filter>
    </ClInclude>
    <ClInclude Include="src\game_logic\comp\gs_scene_comp.hpp">
      <Filter>头文件</Filter>
    </ClInclude>
    <ClInclude Include="src\game_logic\comp\mission_comp.hpp">
      <Filter>头文件</Filter>
    </ClInclude>
    <ClInclude Include="src\game_logic\tiime_unit\time_variable.h">
      <Filter>头文件</Filter>
    </ClInclude>
    <ClInclude Include="src\server_common\server_sequence.h">
      <Filter>头文件</Filter>
    </ClInclude>
    <ClInclude Include="src\game_logic\login_state\login_state.h">
      <Filter>头文件</Filter>
    </ClInclude>
    <ClInclude Include="src\game_logic\login_state\login_state_concrete.h">
      <Filter>头文件</Filter>
    </ClInclude>
    <ClInclude Include="src\game_logic\login_state\login_state_machine.h">
      <Filter>头文件</Filter>
    </ClInclude>
    <ClInclude Include="src\pb\pb2sol2\pb2sol2.h">
      <Filter>头文件</Filter>
    </ClInclude>
    <ClInclude Include="src\pb\pbc\account_database.pb.h">
      <Filter>头文件</Filter>
    </ClInclude>
    <ClInclude Include="src\pb\pbc\c2gs.pb.h">
      <Filter>头文件</Filter>
    </ClInclude>
    <ClInclude Include="src\pb\pbc\c2gw.pb.h">
      <Filter>头文件</Filter>
    </ClInclude>
    <ClInclude Include="src\pb\pbc\client_logic_common.pb.h">
      <Filter>头文件</Filter>
    </ClInclude>
    <ClInclude Include="src\pb\pbc\common.pb.h">
      <Filter>头文件</Filter>
    </ClInclude>
    <ClInclude Include="src\pb\pbc\comp.pb.h">
      <Filter>头文件</Filter>
    </ClInclude>
    <ClInclude Include="src\pb\pbc\condition_config.pb.h">
      <Filter>头文件</Filter>
    </ClInclude>
    <ClInclude Include="src\pb\pbc\db_base.pb.h">
      <Filter>头文件</Filter>
    </ClInclude>
    <ClInclude Include="src\pb\pbc\deploy_database_table.pb.h">
      <Filter>头文件</Filter>
    </ClInclude>
    <ClInclude Include="src\pb\pbc\global_variable_config.pb.h">
      <Filter>头文件</Filter>
    </ClInclude>
    <ClInclude Include="src\pb\pbc\gs2db.pb.h">
      <Filter>头文件</Filter>
    </ClInclude>
    <ClInclude Include="src\pb\pbc\gs2gw.pb.h">
      <Filter>头文件</Filter>
    </ClInclude>
    <ClInclude Include="src\pb\pbc\gs2ms.pb.h">
      <Filter>头文件</Filter>
    </ClInclude>
    <ClInclude Include="src\pb\pbc\gs2rg.pb.h">
      <Filter>头文件</Filter>
    </ClInclude>
    <ClInclude Include="src\pb\pbc\gw2gs.pb.h">
      <Filter>头文件</Filter>
    </ClInclude>
    <ClInclude Include="src\pb\pbc\gw2l.pb.h">
      <Filter>头文件</Filter>
    </ClInclude>
    <ClInclude Include="src\pb\pbc\gw2ms.pb.h">
      <Filter>头文件</Filter>
    </ClInclude>
    <ClInclude Include="src\pb\pbc\l2db.pb.h">
      <Filter>头文件</Filter>
    </ClInclude>
    <ClInclude Include="src\pb\pbc\l2ms.pb.h">
      <Filter>头文件</Filter>
    </ClInclude>
    <ClInclude Include="src\pb\pbc\mainscene_config.pb.h">
      <Filter>头文件</Filter>
    </ClInclude>
    <ClInclude Include="src\pb\pbc\mission_config.pb.h">
      <Filter>头文件</Filter>
    </ClInclude>
    <ClInclude Include="src\pb\pbc\ms2db.pb.h">
      <Filter>头文件</Filter>
    </ClInclude>
    <ClInclude Include="src\pb\pbc\ms2gs.pb.h">
      <Filter>头文件</Filter>
    </ClInclude>
    <ClInclude Include="src\pb\pbc\ms2gw.pb.h">
      <Filter>头文件</Filter>
    </ClInclude>
    <ClInclude Include="src\pb\pbc\mysql_database_table.pb.h">
      <Filter>头文件</Filter>
    </ClInclude>
    <ClInclude Include="src\pb\pbc\mysql_database_test.pb.h">
      <Filter>头文件</Filter>
    </ClInclude>
    <ClInclude Include="src\pb\pbc\node2deploy.pb.h">
      <Filter>头文件</Filter>
    </ClInclude>
    <ClInclude Include="src\pb\pbc\pb3.pb.h">
      <Filter>头文件</Filter>
    </ClInclude>
    <ClInclude Include="src\pb\pbc\rg2gs.pb.h">
      <Filter>头文件</Filter>
    </ClInclude>
    <ClInclude Include="src\pb\pbc\scene_config.pb.h">
      <Filter>头文件</Filter>
    </ClInclude>
    <ClInclude Include="src\pb\pbc\msgmap.h">
      <Filter>头文件</Filter>
    </ClInclude>
    <ClInclude Include="src\server_common\node_info.h">
      <Filter>头文件</Filter>
    </ClInclude>
  </ItemGroup>
</Project>