<?xml version="1.0" encoding="utf-8"?>
<Project ToolsVersion="4.0" xmlns="http://schemas.microsoft.com/developer/msbuild/2003">
  <ItemGroup>
    <ClInclude Include="src\network\game_rpc.pb.h" />
    <ClInclude Include="src\network\process_info.h" />
    <ClInclude Include="src\network\game_channel.h" />
    <ClInclude Include="src\network\rpc_client.h" />
    <ClInclude Include="src\network\rpc_connection_event.h" />
    <ClInclude Include="src\network\network_constants.h" />
    <ClInclude Include="src\network\rpc_server.h" />
    <ClInclude Include="src\network\rpc_session.h" />
    <ClInclude Include="src\network\codec\codec.h" />
    <ClInclude Include="src\network\codec\dispatcher.h" />
    <ClInclude Include="src\network\codec\dispatcher_lite.h" />
    <ClInclude Include="src\redis_client\redis_client.h" />
    <ClInclude Include="src\network\message_statistics.h" />
    <ClInclude Include="src\network\codec\message_response_dispatcher.h" />
    <ClInclude Include="src\kafka\kafka_producer.h" />
    <ClInclude Include="src\kafka\kafka_consumer.h" />
  </ItemGroup>
  <ItemGroup>
    <ClCompile Include="src\network\game_rpc.pb.cc" />
    <ClCompile Include="src\network\process_info.cpp" />
    <ClCompile Include="src\network\game_channel.cc" />
    <ClCompile Include="src\network\rpc_server.cc" />
    <ClCompile Include="src\network\rpc_session.cpp" />
    <ClCompile Include="src\network\codec\codec.cc" />
    <ClCompile Include="src\redis_client\redis_client.cpp" />
    <ClCompile Include="src\network\message_statistics.cpp" />
    <ClCompile Include="src\kafka\kafka_producer.cpp" />
    <ClCompile Include="src\kafka\kafka_consumer.cpp" />
  </ItemGroup>
  <ItemGroup>
    <None Include="src\network\autogen.bat" />
    <None Include="src\network\autogen.sh" />
    <None Include="src\network\game_rpc.proto" />
    <None Include="src\network\protoc.exe" />
  </ItemGroup>
</Project>